// !$*UTF8*$!
{
	archiveVersion = 1;
	classes = {
	};
	objectVersion = 56;
	objects = {

/* Begin PBXBuildFile section */
		3907A4D42A704A03007C6412 /* TotalAmountTableViewCell.swift in Sources */ = {isa = PBXBuildFile; fileRef = 3907A4D32A704A03007C6412 /* TotalAmountTableViewCell.swift */; };
		3907A4D62A704B1A007C6412 /* OperationCreationTotalAmountViewObject.swift in Sources */ = {isa = PBXBuildFile; fileRef = 3907A4D52A704B1A007C6412 /* OperationCreationTotalAmountViewObject.swift */; };
		3907A4DA2A7069C5007C6412 /* CategoryListSelectionHandler.swift in Sources */ = {isa = PBXBuildFile; fileRef = 3907A4D92A7069C5007C6412 /* CategoryListSelectionHandler.swift */; };
		3907A4DC2A71A613007C6412 /* Category.swift in Sources */ = {isa = PBXBuildFile; fileRef = 3907A4DB2A71A613007C6412 /* Category.swift */; };
		3907A4E02A71B22A007C6412 /* CategoryPOToRealmCategoryMapper.swift in Sources */ = {isa = PBXBuildFile; fileRef = 3907A4DF2A71B22A007C6412 /* CategoryPOToRealmCategoryMapper.swift */; };
		3907A4E42A71B5BD007C6412 /* OperationsPOToOperationViewObjectsMapper.swift in Sources */ = {isa = PBXBuildFile; fileRef = 3907A4E32A71B5BD007C6412 /* OperationsPOToOperationViewObjectsMapper.swift */; };
		3907A4E62A71B6FB007C6412 /* OperationViewObject.swift in Sources */ = {isa = PBXBuildFile; fileRef = 3907A4E52A71B6FB007C6412 /* OperationViewObject.swift */; };
		3907A4E82A71B8D0007C6412 /* OperationsTableViewCell.swift in Sources */ = {isa = PBXBuildFile; fileRef = 3907A4E72A71B8D0007C6412 /* OperationsTableViewCell.swift */; };
		3907A4EA2A75950C007C6412 /* OperationCreationFinishHandler.swift in Sources */ = {isa = PBXBuildFile; fileRef = 3907A4E92A75950C007C6412 /* OperationCreationFinishHandler.swift */; };
		391FA0A32A2135950096EB59 /* AppDelegate.swift in Sources */ = {isa = PBXBuildFile; fileRef = 391FA0A22A2135950096EB59 /* AppDelegate.swift */; };
		391FA0A52A2135950096EB59 /* SceneDelegate.swift in Sources */ = {isa = PBXBuildFile; fileRef = 391FA0A42A2135950096EB59 /* SceneDelegate.swift */; };
		391FA0AC2A2135970096EB59 /* Assets.xcassets in Resources */ = {isa = PBXBuildFile; fileRef = 391FA0AB2A2135970096EB59 /* Assets.xcassets */; };
		391FA0AF2A2135970096EB59 /* LaunchScreen.storyboard in Resources */ = {isa = PBXBuildFile; fileRef = 391FA0AD2A2135970096EB59 /* LaunchScreen.storyboard */; };
		391FA0BA2A2135970096EB59 /* CashFlowTests.swift in Sources */ = {isa = PBXBuildFile; fileRef = 391FA0B92A2135970096EB59 /* CashFlowTests.swift */; };
		391FA0C42A2135970096EB59 /* CashFlowUITests.swift in Sources */ = {isa = PBXBuildFile; fileRef = 391FA0C32A2135970096EB59 /* CashFlowUITests.swift */; };
		391FA0C62A2135970096EB59 /* CashFlowUITestsLaunchTests.swift in Sources */ = {isa = PBXBuildFile; fileRef = 391FA0C52A2135970096EB59 /* CashFlowUITestsLaunchTests.swift */; };
		391FA0D92A2148560096EB59 /* OperationsConfigurator.swift in Sources */ = {isa = PBXBuildFile; fileRef = 391FA0D82A2148560096EB59 /* OperationsConfigurator.swift */; };
		391FA0DB2A2148610096EB59 /* OperationsInitialier.swift in Sources */ = {isa = PBXBuildFile; fileRef = 391FA0DA2A2148610096EB59 /* OperationsInitialier.swift */; };
		391FA0DD2A2148700096EB59 /* OperationsInteractor.swift in Sources */ = {isa = PBXBuildFile; fileRef = 391FA0DC2A2148700096EB59 /* OperationsInteractor.swift */; };
		391FA0DF2A2148790096EB59 /* OperationsPresenter.swift in Sources */ = {isa = PBXBuildFile; fileRef = 391FA0DE2A2148790096EB59 /* OperationsPresenter.swift */; };
		391FA0E12A2148A20096EB59 /* OperationsViewController.swift in Sources */ = {isa = PBXBuildFile; fileRef = 391FA0E02A2148A20096EB59 /* OperationsViewController.swift */; };
		391FA0E52A2149510096EB59 /* OperationsIOProtocols.swift in Sources */ = {isa = PBXBuildFile; fileRef = 391FA0E42A2149510096EB59 /* OperationsIOProtocols.swift */; };
		391FA0E72A2149720096EB59 /* OperationsInteractorIOProtocols.swift in Sources */ = {isa = PBXBuildFile; fileRef = 391FA0E62A2149720096EB59 /* OperationsInteractorIOProtocols.swift */; };
		392FECB62B2F637F00976128 /* Realm in Frameworks */ = {isa = PBXBuildFile; productRef = 392FECB52B2F637F00976128 /* Realm */; };
		392FECB82B2F637F00976128 /* RealmSwift in Frameworks */ = {isa = PBXBuildFile; productRef = 392FECB72B2F637F00976128 /* RealmSwift */; };
		3940343B2A5734CB00D45D24 /* ExpensesToExpensesPOMapper.swift in Sources */ = {isa = PBXBuildFile; fileRef = 3940343A2A5734CB00D45D24 /* ExpensesToExpensesPOMapper.swift */; };
		394034402A5F280800D45D24 /* HeaderTableViewCell.swift in Sources */ = {isa = PBXBuildFile; fileRef = 3940343F2A5F280800D45D24 /* HeaderTableViewCell.swift */; };
		394034442A65B61600D45D24 /* SaveButtonTableViewCell.swift in Sources */ = {isa = PBXBuildFile; fileRef = 394034432A65B61600D45D24 /* SaveButtonTableViewCell.swift */; };
		394034462A65B78B00D45D24 /* CategoryTableViewCell.swift in Sources */ = {isa = PBXBuildFile; fileRef = 394034452A65B78B00D45D24 /* CategoryTableViewCell.swift */; };
		3940344A2A685C3200D45D24 /* OperationCreationHeaderViewObject.swift in Sources */ = {isa = PBXBuildFile; fileRef = 394034492A685C3200D45D24 /* OperationCreationHeaderViewObject.swift */; };
		3940344C2A685C7400D45D24 /* OperationCreationCategoryViewObject.swift in Sources */ = {isa = PBXBuildFile; fileRef = 3940344B2A685C7400D45D24 /* OperationCreationCategoryViewObject.swift */; };
		3940344E2A685C8C00D45D24 /* OperationCreationSaveButtonViewObject.swift in Sources */ = {isa = PBXBuildFile; fileRef = 3940344D2A685C8C00D45D24 /* OperationCreationSaveButtonViewObject.swift */; };
		394034502A685D1300D45D24 /* CashFlowTableViewCellViewObject.swift in Sources */ = {isa = PBXBuildFile; fileRef = 3940344F2A685D1300D45D24 /* CashFlowTableViewCellViewObject.swift */; };
		3940345D2A6C347E00D45D24 /* TabBar.storyboard in Resources */ = {isa = PBXBuildFile; fileRef = 3940345C2A6C347E00D45D24 /* TabBar.storyboard */; };
		394034602A6C34DA00D45D24 /* Settings.storyboard in Resources */ = {isa = PBXBuildFile; fileRef = 3940345F2A6C34DA00D45D24 /* Settings.storyboard */; };
		3949D7702B371E2B005B4904 /* CategoryListHeaderView.xib in Resources */ = {isa = PBXBuildFile; fileRef = 3949D76F2B371E2B005B4904 /* CategoryListHeaderView.xib */; };
		3949D7722B371E69005B4904 /* CategoryListHeaderView.swift in Sources */ = {isa = PBXBuildFile; fileRef = 3949D7712B371E69005B4904 /* CategoryListHeaderView.swift */; };
		3949D7742B372BEF005B4904 /* CategoryListHeaderSelectionHandler.swift in Sources */ = {isa = PBXBuildFile; fileRef = 3949D7732B372BEF005B4904 /* CategoryListHeaderSelectionHandler.swift */; };
		3949D77A2B39B060005B4904 /* SettingsPresenter.swift in Sources */ = {isa = PBXBuildFile; fileRef = 3949D7792B39B060005B4904 /* SettingsPresenter.swift */; };
		3949D7802B39B104005B4904 /* SettingsInteractor.swift in Sources */ = {isa = PBXBuildFile; fileRef = 3949D77F2B39B104005B4904 /* SettingsInteractor.swift */; };
		3949D7822B39B120005B4904 /* SettingsInteractorIOProtocols.swift in Sources */ = {isa = PBXBuildFile; fileRef = 3949D7812B39B120005B4904 /* SettingsInteractorIOProtocols.swift */; };
		3949D7842B39B13F005B4904 /* SettingsIOProtocols.swift in Sources */ = {isa = PBXBuildFile; fileRef = 3949D7832B39B13F005B4904 /* SettingsIOProtocols.swift */; };
		3949D7862B39B151005B4904 /* SettingsInitializer.swift in Sources */ = {isa = PBXBuildFile; fileRef = 3949D7852B39B151005B4904 /* SettingsInitializer.swift */; };
		3949D7882B39B15A005B4904 /* SettingsConfigurator.swift in Sources */ = {isa = PBXBuildFile; fileRef = 3949D7872B39B15A005B4904 /* SettingsConfigurator.swift */; };
		3949D78A2B39B51C005B4904 /* SettingsTableViewCell.swift in Sources */ = {isa = PBXBuildFile; fileRef = 3949D7892B39B51C005B4904 /* SettingsTableViewCell.swift */; };
		3949D78D2B39B99F005B4904 /* SettingsCategoryViewObject.swift in Sources */ = {isa = PBXBuildFile; fileRef = 3949D78C2B39B99F005B4904 /* SettingsCategoryViewObject.swift */; };
		3949D7902B39F40C005B4904 /* CategoryCreationViewController.swift in Sources */ = {isa = PBXBuildFile; fileRef = 3949D78F2B39F40C005B4904 /* CategoryCreationViewController.swift */; };
		3949D7922B39F415005B4904 /* CategoryCreation.storyboard in Resources */ = {isa = PBXBuildFile; fileRef = 3949D7912B39F415005B4904 /* CategoryCreation.storyboard */; };
		3949D7982B3C3C53005B4904 /* CategoryCreationIOProtocols.swift in Sources */ = {isa = PBXBuildFile; fileRef = 3949D7972B3C3C53005B4904 /* CategoryCreationIOProtocols.swift */; };
		3949D79A2B3C3C6D005B4904 /* CategoryCreationPresenter.swift in Sources */ = {isa = PBXBuildFile; fileRef = 3949D7992B3C3C6D005B4904 /* CategoryCreationPresenter.swift */; };
		3949D79C2B3C3D2E005B4904 /* CategoryCreationInteractorIOProtocols.swift in Sources */ = {isa = PBXBuildFile; fileRef = 3949D79B2B3C3D2E005B4904 /* CategoryCreationInteractorIOProtocols.swift */; };
		3949D79E2B3C3D4A005B4904 /* CategoryCreationInteractor.swift in Sources */ = {isa = PBXBuildFile; fileRef = 3949D79D2B3C3D4A005B4904 /* CategoryCreationInteractor.swift */; };
		3949D7A02B3C3D94005B4904 /* CategoryCreationInitializer.swift in Sources */ = {isa = PBXBuildFile; fileRef = 3949D79F2B3C3D94005B4904 /* CategoryCreationInitializer.swift */; };
		3949D7A22B3C3DE3005B4904 /* CategoryCreationConfigurator.swift in Sources */ = {isa = PBXBuildFile; fileRef = 3949D7A12B3C3DE3005B4904 /* CategoryCreationConfigurator.swift */; };
		3949D7A42B3C3F82005B4904 /* CategoryCreationParentCategoryViewObject.swift in Sources */ = {isa = PBXBuildFile; fileRef = 3949D7A32B3C3F82005B4904 /* CategoryCreationParentCategoryViewObject.swift */; };
		3949D7A72B3C4080005B4904 /* CategoryCreationSetTitleNameViewObject.swift in Sources */ = {isa = PBXBuildFile; fileRef = 3949D7A62B3C4080005B4904 /* CategoryCreationSetTitleNameViewObject.swift */; };
		3949D7A92B3C4202005B4904 /* CategoryCreationParentCategoryTableViewCell.swift in Sources */ = {isa = PBXBuildFile; fileRef = 3949D7A82B3C4202005B4904 /* CategoryCreationParentCategoryTableViewCell.swift */; };
		3949D7AB2B3C4227005B4904 /* CategoryCreationSetTitleNameTableViewCell.swift in Sources */ = {isa = PBXBuildFile; fileRef = 3949D7AA2B3C4227005B4904 /* CategoryCreationSetTitleNameTableViewCell.swift */; };
		3949D7AF2B3C5F57005B4904 /* CategoryParentListViewController.swift in Sources */ = {isa = PBXBuildFile; fileRef = 3949D7AE2B3C5F57005B4904 /* CategoryParentListViewController.swift */; };
		3949D7B12B3C5F63005B4904 /* CategoryParentList.storyboard in Resources */ = {isa = PBXBuildFile; fileRef = 3949D7B02B3C5F63005B4904 /* CategoryParentList.storyboard */; };
		3949D7B32B3C5FCB005B4904 /* CategoryParentListTableViewCell.swift in Sources */ = {isa = PBXBuildFile; fileRef = 3949D7B22B3C5FCB005B4904 /* CategoryParentListTableViewCell.swift */; };
		3949D7BB2B3C606B005B4904 /* CategoryParentListPresenter.swift in Sources */ = {isa = PBXBuildFile; fileRef = 3949D7BA2B3C606B005B4904 /* CategoryParentListPresenter.swift */; };
		3949D7BD2B3C609A005B4904 /* CategoryParentListIOProtocols.swift in Sources */ = {isa = PBXBuildFile; fileRef = 3949D7BC2B3C609A005B4904 /* CategoryParentListIOProtocols.swift */; };
		3949D7BF2B3C60F0005B4904 /* CategoryParentListInteractor.swift in Sources */ = {isa = PBXBuildFile; fileRef = 3949D7BE2B3C60F0005B4904 /* CategoryParentListInteractor.swift */; };
		3949D7C12B3C60F9005B4904 /* CategoryParentListInteractorIOProtocols.swift in Sources */ = {isa = PBXBuildFile; fileRef = 3949D7C02B3C60F9005B4904 /* CategoryParentListInteractorIOProtocols.swift */; };
		3949D7C32B3C6187005B4904 /* CategoryParentListInitializer.swift in Sources */ = {isa = PBXBuildFile; fileRef = 3949D7C22B3C6187005B4904 /* CategoryParentListInitializer.swift */; };
		3949D7C52B3C61C0005B4904 /* CategoryParentListConfigurator.swift in Sources */ = {isa = PBXBuildFile; fileRef = 3949D7C42B3C61C0005B4904 /* CategoryParentListConfigurator.swift */; };
		3949D7C72B3C692D005B4904 /* CategoryRealmDAO.swift in Sources */ = {isa = PBXBuildFile; fileRef = 3949D7C62B3C692D005B4904 /* CategoryRealmDAO.swift */; };
		3949D7C92B3C6945005B4904 /* CategoryDAO.swift in Sources */ = {isa = PBXBuildFile; fileRef = 3949D7C82B3C6945005B4904 /* CategoryDAO.swift */; };
		3949D7CB2B3C6B69005B4904 /* CategoryToCategoryParentViewObjectMapper.swift in Sources */ = {isa = PBXBuildFile; fileRef = 3949D7CA2B3C6B69005B4904 /* CategoryToCategoryParentViewObjectMapper.swift */; };
		3949D7CD2B3C6E17005B4904 /* CategoryParentListViewObject.swift in Sources */ = {isa = PBXBuildFile; fileRef = 3949D7CC2B3C6E17005B4904 /* CategoryParentListViewObject.swift */; };
		3949D7CF2B3DB8CA005B4904 /* CategoryToCategoryListViewObjectMapper.swift in Sources */ = {isa = PBXBuildFile; fileRef = 3949D7CE2B3DB8CA005B4904 /* CategoryToCategoryListViewObjectMapper.swift */; };
		3949D7D22B3DF91A005B4904 /* CategoryCreationFinishHandler.swift in Sources */ = {isa = PBXBuildFile; fileRef = 3949D7D12B3DF91A005B4904 /* CategoryCreationFinishHandler.swift */; };
		3949D7D42B3DFFF5005B4904 /* CategoryParentListSelectionHandler.swift in Sources */ = {isa = PBXBuildFile; fileRef = 3949D7D32B3DFFF5005B4904 /* CategoryParentListSelectionHandler.swift */; };
		3949D7D62B3E0AA6005B4904 /* CategoryToCategoryPOMapper.swift in Sources */ = {isa = PBXBuildFile; fileRef = 3949D7D52B3E0AA6005B4904 /* CategoryToCategoryPOMapper.swift */; };
		3949D7D92B3E0BDD005B4904 /* CategoryPOToCategoryViewObjectMapper.swift in Sources */ = {isa = PBXBuildFile; fileRef = 3949D7D82B3E0BDD005B4904 /* CategoryPOToCategoryViewObjectMapper.swift */; };
		3949D7DB2B4027E6005B4904 /* CategoryCreationTemplateViewObject.swift in Sources */ = {isa = PBXBuildFile; fileRef = 3949D7DA2B4027E6005B4904 /* CategoryCreationTemplateViewObject.swift */; };
		3949D7DD2B4029C1005B4904 /* CategoryCreationToCategoryCreationTemplateViewObjectMapper.swift in Sources */ = {isa = PBXBuildFile; fileRef = 3949D7DC2B4029C1005B4904 /* CategoryCreationToCategoryCreationTemplateViewObjectMapper.swift */; };
		3957CDCE2AF567A500834215 /* AnalyticsViewController.swift in Sources */ = {isa = PBXBuildFile; fileRef = 3957CDCD2AF567A500834215 /* AnalyticsViewController.swift */; };
		3957CDD02AF567AB00834215 /* Analytics.storyboard in Resources */ = {isa = PBXBuildFile; fileRef = 3957CDCF2AF567AB00834215 /* Analytics.storyboard */; };
		395A7AAE2A3E0E6D000A9BE2 /* OperationCreationViewController.swift in Sources */ = {isa = PBXBuildFile; fileRef = 395A7AAD2A3E0E6D000A9BE2 /* OperationCreationViewController.swift */; };
		395A7AB02A3E0E9D000A9BE2 /* OperationCreationPresenter.swift in Sources */ = {isa = PBXBuildFile; fileRef = 395A7AAF2A3E0E9D000A9BE2 /* OperationCreationPresenter.swift */; };
		395A7AB22A3E11C7000A9BE2 /* OperationCreationIOProtocols.swift in Sources */ = {isa = PBXBuildFile; fileRef = 395A7AB12A3E11C7000A9BE2 /* OperationCreationIOProtocols.swift */; };
		395A7AB42A3E11D4000A9BE2 /* OperationCreationInteractor.swift in Sources */ = {isa = PBXBuildFile; fileRef = 395A7AB32A3E11D3000A9BE2 /* OperationCreationInteractor.swift */; };
		395A7AB62A3E11E3000A9BE2 /* OperationCreationInteractorIOProtocols.swift in Sources */ = {isa = PBXBuildFile; fileRef = 395A7AB52A3E11E3000A9BE2 /* OperationCreationInteractorIOProtocols.swift */; };
		395A7AB82A3E11F0000A9BE2 /* OperationCreationConfigurator.swift in Sources */ = {isa = PBXBuildFile; fileRef = 395A7AB72A3E11F0000A9BE2 /* OperationCreationConfigurator.swift */; };
		395A7ABA2A3E11F6000A9BE2 /* OperationCreationInitializer.swift in Sources */ = {isa = PBXBuildFile; fileRef = 395A7AB92A3E11F6000A9BE2 /* OperationCreationInitializer.swift */; };
		395A7ABC2A3E11FD000A9BE2 /* OperationCreation.storyboard in Resources */ = {isa = PBXBuildFile; fileRef = 395A7ABB2A3E11FD000A9BE2 /* OperationCreation.storyboard */; };
		39A7D6782A6DB6570085E861 /* Operations.storyboard in Resources */ = {isa = PBXBuildFile; fileRef = 391FA0E22A2148D40096EB59 /* Operations.storyboard */; };
		39A7D67A2A6DB6C00085E861 /* SettingsViewController.swift in Sources */ = {isa = PBXBuildFile; fileRef = 39A7D6792A6DB6C00085E861 /* SettingsViewController.swift */; };
		39A7D67C2A6DB9830085E861 /* TabBarViewController.swift in Sources */ = {isa = PBXBuildFile; fileRef = 39A7D67B2A6DB9830085E861 /* TabBarViewController.swift */; };
		39A7D67F2A6DCDA50085E861 /* ApplicationRouter.swift in Sources */ = {isa = PBXBuildFile; fileRef = 39A7D67E2A6DCDA50085E861 /* ApplicationRouter.swift */; };
		39A7D6812A6DCDAB0085E861 /* Router.swift in Sources */ = {isa = PBXBuildFile; fileRef = 39A7D6802A6DCDAB0085E861 /* Router.swift */; };
		39A7D6842A6DCE940085E861 /* CategoryList.storyboard in Resources */ = {isa = PBXBuildFile; fileRef = 39A7D6832A6DCE940085E861 /* CategoryList.storyboard */; };
		39A7D6862A6DCEAD0085E861 /* CategoryListViewController.swift in Sources */ = {isa = PBXBuildFile; fileRef = 39A7D6852A6DCEAD0085E861 /* CategoryListViewController.swift */; };
		39A7D68C2A6E97D70085E861 /* CategoryListPresenter.swift in Sources */ = {isa = PBXBuildFile; fileRef = 39A7D68B2A6E97D70085E861 /* CategoryListPresenter.swift */; };
		39A7D68E2A6E97E90085E861 /* CategoryListIOProtocols.swift in Sources */ = {isa = PBXBuildFile; fileRef = 39A7D68D2A6E97E90085E861 /* CategoryListIOProtocols.swift */; };
		39A7D6902A6E98630085E861 /* CategoryListinteractor.swift in Sources */ = {isa = PBXBuildFile; fileRef = 39A7D68F2A6E98630085E861 /* CategoryListinteractor.swift */; };
		39A7D6922A6E987A0085E861 /* CategoryListinteractorIOProtocols.swift in Sources */ = {isa = PBXBuildFile; fileRef = 39A7D6912A6E987A0085E861 /* CategoryListinteractorIOProtocols.swift */; };
		39A7D6942A6E98B60085E861 /* CategoryListInitializer.swift in Sources */ = {isa = PBXBuildFile; fileRef = 39A7D6932A6E98B60085E861 /* CategoryListInitializer.swift */; };
		39A7D6962A6E98C60085E861 /* CategoryListConfigurator.swift in Sources */ = {isa = PBXBuildFile; fileRef = 39A7D6952A6E98C60085E861 /* CategoryListConfigurator.swift */; };
		39A7D6992A6E9B9E0085E861 /* CategoryListViewObject.swift in Sources */ = {isa = PBXBuildFile; fileRef = 39A7D6982A6E9B9E0085E861 /* CategoryListViewObject.swift */; };
		39A7D69C2A6E9C110085E861 /* CategoryListTableViewCell.swift in Sources */ = {isa = PBXBuildFile; fileRef = 39A7D69B2A6E9C110085E861 /* CategoryListTableViewCell.swift */; };
		39A7D6B92A6EBF490085E861 /* CategoryPO.swift in Sources */ = {isa = PBXBuildFile; fileRef = 39A7D6B82A6EBF490085E861 /* CategoryPO.swift */; };
		39AA927E2A3A23E600F2FF30 /* RealmManager.swift in Sources */ = {isa = PBXBuildFile; fileRef = 39AA927D2A3A23E600F2FF30 /* RealmManager.swift */; };
		39AA92802A3A240600F2FF30 /* RealmManagerProtocol.swift in Sources */ = {isa = PBXBuildFile; fileRef = 39AA927F2A3A240600F2FF30 /* RealmManagerProtocol.swift */; };
		39AA92832A3A2D8000F2FF30 /* OperationsRealmDAO.swift in Sources */ = {isa = PBXBuildFile; fileRef = 39AA92822A3A2D8000F2FF30 /* OperationsRealmDAO.swift */; };
		39AA92852A3A2D8C00F2FF30 /* OperationsDAO.swift in Sources */ = {isa = PBXBuildFile; fileRef = 39AA92842A3A2D8C00F2FF30 /* OperationsDAO.swift */; };
		39AA92882A3A2E0700F2FF30 /* OperationPO.swift in Sources */ = {isa = PBXBuildFile; fileRef = 39AA92872A3A2E0700F2FF30 /* OperationPO.swift */; };
		39AA928A2A3A2F8900F2FF30 /* Operation.swift in Sources */ = {isa = PBXBuildFile; fileRef = 39AA92892A3A2F8900F2FF30 /* Operation.swift */; };
		39AA928D2A3A3E1500F2FF30 /* OperationsToOperationsPOMapper.swift in Sources */ = {isa = PBXBuildFile; fileRef = 39AA928C2A3A3E1500F2FF30 /* OperationsToOperationsPOMapper.swift */; };
		39B1C9AA2A5094450065442C /* Expense.swift in Sources */ = {isa = PBXBuildFile; fileRef = 39B1C9A92A5094450065442C /* Expense.swift */; };
		39B1C9AC2A5094FA0065442C /* ExpensePO.swift in Sources */ = {isa = PBXBuildFile; fileRef = 39B1C9AB2A5094FA0065442C /* ExpensePO.swift */; };
		39EC46EA2B10C8E400C2BA0D /* Date + Extension.swift in Sources */ = {isa = PBXBuildFile; fileRef = 39EC46E92B10C8E400C2BA0D /* Date + Extension.swift */; };
		39EC46EE2B191E2A00C2BA0D /* Int + Extension.swift in Sources */ = {isa = PBXBuildFile; fileRef = 39EC46ED2B191E2A00C2BA0D /* Int + Extension.swift */; };
		39EC46F02B20953200C2BA0D /* OperationCreationDateViewObject.swift in Sources */ = {isa = PBXBuildFile; fileRef = 39EC46EF2B20953200C2BA0D /* OperationCreationDateViewObject.swift */; };
		39EC46F22B20968100C2BA0D /* DateTableViewCell.swift in Sources */ = {isa = PBXBuildFile; fileRef = 39EC46F12B20968100C2BA0D /* DateTableViewCell.swift */; };
		39EC46F42B20EFDA00C2BA0D /* OperationCreationDatePickerChangedHandler.swift in Sources */ = {isa = PBXBuildFile; fileRef = 39EC46F32B20EFDA00C2BA0D /* OperationCreationDatePickerChangedHandler.swift */; };
		39EC46F62B222B3000C2BA0D /* OperationCreationTemplateViewObject.swift in Sources */ = {isa = PBXBuildFile; fileRef = 39EC46F52B222B2F00C2BA0D /* OperationCreationTemplateViewObject.swift */; };
		39EC46F82B222C9800C2BA0D /* OperationCreationTemplateViewObjectToOperationViewObjetMapper.swift in Sources */ = {isa = PBXBuildFile; fileRef = 39EC46F72B222C9800C2BA0D /* OperationCreationTemplateViewObjectToOperationViewObjetMapper.swift */; };
		39EC46FD2B2370A600C2BA0D /* OperationCreationSegmentedControllHandler.swift in Sources */ = {isa = PBXBuildFile; fileRef = 39EC46FC2B2370A600C2BA0D /* OperationCreationSegmentedControllHandler.swift */; };
		39EC46FF2B23773400C2BA0D /* CommentTableViewCell.swift in Sources */ = {isa = PBXBuildFile; fileRef = 39EC46FE2B23773400C2BA0D /* CommentTableViewCell.swift */; };
		39EC47012B2378DF00C2BA0D /* OperationCreationCommentViewObject.swift in Sources */ = {isa = PBXBuildFile; fileRef = 39EC47002B2378DF00C2BA0D /* OperationCreationCommentViewObject.swift */; };
		39EC47032B27107A00C2BA0D /* OperationCreationCommentHandler.swift in Sources */ = {isa = PBXBuildFile; fileRef = 39EC47022B27107A00C2BA0D /* OperationCreationCommentHandler.swift */; };
/* End PBXBuildFile section */

/* Begin PBXContainerItemProxy section */
		391FA0B62A2135970096EB59 /* PBXContainerItemProxy */ = {
			isa = PBXContainerItemProxy;
			containerPortal = 391FA0972A2135950096EB59 /* Project object */;
			proxyType = 1;
			remoteGlobalIDString = 391FA09E2A2135950096EB59;
			remoteInfo = CashFlow;
		};
		391FA0C02A2135970096EB59 /* PBXContainerItemProxy */ = {
			isa = PBXContainerItemProxy;
			containerPortal = 391FA0972A2135950096EB59 /* Project object */;
			proxyType = 1;
			remoteGlobalIDString = 391FA09E2A2135950096EB59;
			remoteInfo = CashFlow;
		};
/* End PBXContainerItemProxy section */

/* Begin PBXFileReference section */
		3907A4D32A704A03007C6412 /* TotalAmountTableViewCell.swift */ = {isa = PBXFileReference; lastKnownFileType = sourcecode.swift; path = TotalAmountTableViewCell.swift; sourceTree = "<group>"; };
		3907A4D52A704B1A007C6412 /* OperationCreationTotalAmountViewObject.swift */ = {isa = PBXFileReference; lastKnownFileType = sourcecode.swift; path = OperationCreationTotalAmountViewObject.swift; sourceTree = "<group>"; };
		3907A4D92A7069C5007C6412 /* CategoryListSelectionHandler.swift */ = {isa = PBXFileReference; lastKnownFileType = sourcecode.swift; path = CategoryListSelectionHandler.swift; sourceTree = "<group>"; };
		3907A4DB2A71A613007C6412 /* Category.swift */ = {isa = PBXFileReference; lastKnownFileType = sourcecode.swift; path = Category.swift; sourceTree = "<group>"; };
		3907A4DF2A71B22A007C6412 /* CategoryPOToRealmCategoryMapper.swift */ = {isa = PBXFileReference; lastKnownFileType = sourcecode.swift; path = CategoryPOToRealmCategoryMapper.swift; sourceTree = "<group>"; };
		3907A4E32A71B5BD007C6412 /* OperationsPOToOperationViewObjectsMapper.swift */ = {isa = PBXFileReference; lastKnownFileType = sourcecode.swift; path = OperationsPOToOperationViewObjectsMapper.swift; sourceTree = "<group>"; };
		3907A4E52A71B6FB007C6412 /* OperationViewObject.swift */ = {isa = PBXFileReference; lastKnownFileType = sourcecode.swift; path = OperationViewObject.swift; sourceTree = "<group>"; };
		3907A4E72A71B8D0007C6412 /* OperationsTableViewCell.swift */ = {isa = PBXFileReference; lastKnownFileType = sourcecode.swift; path = OperationsTableViewCell.swift; sourceTree = "<group>"; };
		3907A4E92A75950C007C6412 /* OperationCreationFinishHandler.swift */ = {isa = PBXFileReference; lastKnownFileType = sourcecode.swift; path = OperationCreationFinishHandler.swift; sourceTree = "<group>"; };
		391FA09F2A2135950096EB59 /* CashFlow.app */ = {isa = PBXFileReference; explicitFileType = wrapper.application; includeInIndex = 0; path = CashFlow.app; sourceTree = BUILT_PRODUCTS_DIR; };
		391FA0A22A2135950096EB59 /* AppDelegate.swift */ = {isa = PBXFileReference; lastKnownFileType = sourcecode.swift; path = AppDelegate.swift; sourceTree = "<group>"; };
		391FA0A42A2135950096EB59 /* SceneDelegate.swift */ = {isa = PBXFileReference; lastKnownFileType = sourcecode.swift; path = SceneDelegate.swift; sourceTree = "<group>"; };
		391FA0AB2A2135970096EB59 /* Assets.xcassets */ = {isa = PBXFileReference; lastKnownFileType = folder.assetcatalog; path = Assets.xcassets; sourceTree = "<group>"; };
		391FA0AE2A2135970096EB59 /* Base */ = {isa = PBXFileReference; lastKnownFileType = file.storyboard; name = Base; path = Base.lproj/LaunchScreen.storyboard; sourceTree = "<group>"; };
		391FA0B02A2135970096EB59 /* Info.plist */ = {isa = PBXFileReference; lastKnownFileType = text.plist.xml; path = Info.plist; sourceTree = "<group>"; };
		391FA0B52A2135970096EB59 /* CashFlowTests.xctest */ = {isa = PBXFileReference; explicitFileType = wrapper.cfbundle; includeInIndex = 0; path = CashFlowTests.xctest; sourceTree = BUILT_PRODUCTS_DIR; };
		391FA0B92A2135970096EB59 /* CashFlowTests.swift */ = {isa = PBXFileReference; lastKnownFileType = sourcecode.swift; path = CashFlowTests.swift; sourceTree = "<group>"; };
		391FA0BF2A2135970096EB59 /* CashFlowUITests.xctest */ = {isa = PBXFileReference; explicitFileType = wrapper.cfbundle; includeInIndex = 0; path = CashFlowUITests.xctest; sourceTree = BUILT_PRODUCTS_DIR; };
		391FA0C32A2135970096EB59 /* CashFlowUITests.swift */ = {isa = PBXFileReference; lastKnownFileType = sourcecode.swift; path = CashFlowUITests.swift; sourceTree = "<group>"; };
		391FA0C52A2135970096EB59 /* CashFlowUITestsLaunchTests.swift */ = {isa = PBXFileReference; lastKnownFileType = sourcecode.swift; path = CashFlowUITestsLaunchTests.swift; sourceTree = "<group>"; };
		391FA0D82A2148560096EB59 /* OperationsConfigurator.swift */ = {isa = PBXFileReference; lastKnownFileType = sourcecode.swift; path = OperationsConfigurator.swift; sourceTree = "<group>"; };
		391FA0DA2A2148610096EB59 /* OperationsInitialier.swift */ = {isa = PBXFileReference; lastKnownFileType = sourcecode.swift; path = OperationsInitialier.swift; sourceTree = "<group>"; };
		391FA0DC2A2148700096EB59 /* OperationsInteractor.swift */ = {isa = PBXFileReference; lastKnownFileType = sourcecode.swift; path = OperationsInteractor.swift; sourceTree = "<group>"; };
		391FA0DE2A2148790096EB59 /* OperationsPresenter.swift */ = {isa = PBXFileReference; lastKnownFileType = sourcecode.swift; path = OperationsPresenter.swift; sourceTree = "<group>"; };
		391FA0E02A2148A20096EB59 /* OperationsViewController.swift */ = {isa = PBXFileReference; lastKnownFileType = sourcecode.swift; path = OperationsViewController.swift; sourceTree = "<group>"; };
		391FA0E22A2148D40096EB59 /* Operations.storyboard */ = {isa = PBXFileReference; lastKnownFileType = file.storyboard; path = Operations.storyboard; sourceTree = "<group>"; };
		391FA0E42A2149510096EB59 /* OperationsIOProtocols.swift */ = {isa = PBXFileReference; lastKnownFileType = sourcecode.swift; path = OperationsIOProtocols.swift; sourceTree = "<group>"; };
		391FA0E62A2149720096EB59 /* OperationsInteractorIOProtocols.swift */ = {isa = PBXFileReference; lastKnownFileType = sourcecode.swift; path = OperationsInteractorIOProtocols.swift; sourceTree = "<group>"; };
		3940343A2A5734CB00D45D24 /* ExpensesToExpensesPOMapper.swift */ = {isa = PBXFileReference; lastKnownFileType = sourcecode.swift; path = ExpensesToExpensesPOMapper.swift; sourceTree = "<group>"; };
		3940343F2A5F280800D45D24 /* HeaderTableViewCell.swift */ = {isa = PBXFileReference; lastKnownFileType = sourcecode.swift; path = HeaderTableViewCell.swift; sourceTree = "<group>"; };
		394034432A65B61600D45D24 /* SaveButtonTableViewCell.swift */ = {isa = PBXFileReference; lastKnownFileType = sourcecode.swift; path = SaveButtonTableViewCell.swift; sourceTree = "<group>"; };
		394034452A65B78B00D45D24 /* CategoryTableViewCell.swift */ = {isa = PBXFileReference; lastKnownFileType = sourcecode.swift; path = CategoryTableViewCell.swift; sourceTree = "<group>"; };
		394034492A685C3200D45D24 /* OperationCreationHeaderViewObject.swift */ = {isa = PBXFileReference; lastKnownFileType = sourcecode.swift; path = OperationCreationHeaderViewObject.swift; sourceTree = "<group>"; };
		3940344B2A685C7400D45D24 /* OperationCreationCategoryViewObject.swift */ = {isa = PBXFileReference; lastKnownFileType = sourcecode.swift; path = OperationCreationCategoryViewObject.swift; sourceTree = "<group>"; };
		3940344D2A685C8C00D45D24 /* OperationCreationSaveButtonViewObject.swift */ = {isa = PBXFileReference; lastKnownFileType = sourcecode.swift; path = OperationCreationSaveButtonViewObject.swift; sourceTree = "<group>"; };
		3940344F2A685D1300D45D24 /* CashFlowTableViewCellViewObject.swift */ = {isa = PBXFileReference; lastKnownFileType = sourcecode.swift; path = CashFlowTableViewCellViewObject.swift; sourceTree = "<group>"; };
		3940345C2A6C347E00D45D24 /* TabBar.storyboard */ = {isa = PBXFileReference; lastKnownFileType = file.storyboard; path = TabBar.storyboard; sourceTree = "<group>"; };
		3940345F2A6C34DA00D45D24 /* Settings.storyboard */ = {isa = PBXFileReference; lastKnownFileType = file.storyboard; path = Settings.storyboard; sourceTree = "<group>"; };
		3949D76F2B371E2B005B4904 /* CategoryListHeaderView.xib */ = {isa = PBXFileReference; lastKnownFileType = file.xib; path = CategoryListHeaderView.xib; sourceTree = "<group>"; };
		3949D7712B371E69005B4904 /* CategoryListHeaderView.swift */ = {isa = PBXFileReference; lastKnownFileType = sourcecode.swift; path = CategoryListHeaderView.swift; sourceTree = "<group>"; };
		3949D7732B372BEF005B4904 /* CategoryListHeaderSelectionHandler.swift */ = {isa = PBXFileReference; lastKnownFileType = sourcecode.swift; path = CategoryListHeaderSelectionHandler.swift; sourceTree = "<group>"; };
		3949D7792B39B060005B4904 /* SettingsPresenter.swift */ = {isa = PBXFileReference; lastKnownFileType = sourcecode.swift; path = SettingsPresenter.swift; sourceTree = "<group>"; };
		3949D77F2B39B104005B4904 /* SettingsInteractor.swift */ = {isa = PBXFileReference; lastKnownFileType = sourcecode.swift; path = SettingsInteractor.swift; sourceTree = "<group>"; };
		3949D7812B39B120005B4904 /* SettingsInteractorIOProtocols.swift */ = {isa = PBXFileReference; lastKnownFileType = sourcecode.swift; path = SettingsInteractorIOProtocols.swift; sourceTree = "<group>"; };
		3949D7832B39B13F005B4904 /* SettingsIOProtocols.swift */ = {isa = PBXFileReference; lastKnownFileType = sourcecode.swift; path = SettingsIOProtocols.swift; sourceTree = "<group>"; };
		3949D7852B39B151005B4904 /* SettingsInitializer.swift */ = {isa = PBXFileReference; lastKnownFileType = sourcecode.swift; path = SettingsInitializer.swift; sourceTree = "<group>"; };
		3949D7872B39B15A005B4904 /* SettingsConfigurator.swift */ = {isa = PBXFileReference; lastKnownFileType = sourcecode.swift; path = SettingsConfigurator.swift; sourceTree = "<group>"; };
		3949D7892B39B51C005B4904 /* SettingsTableViewCell.swift */ = {isa = PBXFileReference; lastKnownFileType = sourcecode.swift; path = SettingsTableViewCell.swift; sourceTree = "<group>"; };
		3949D78C2B39B99F005B4904 /* SettingsCategoryViewObject.swift */ = {isa = PBXFileReference; lastKnownFileType = sourcecode.swift; path = SettingsCategoryViewObject.swift; sourceTree = "<group>"; };
		3949D78F2B39F40C005B4904 /* CategoryCreationViewController.swift */ = {isa = PBXFileReference; lastKnownFileType = sourcecode.swift; path = CategoryCreationViewController.swift; sourceTree = "<group>"; };
		3949D7912B39F415005B4904 /* CategoryCreation.storyboard */ = {isa = PBXFileReference; lastKnownFileType = file.storyboard; path = CategoryCreation.storyboard; sourceTree = "<group>"; };
		3949D7972B3C3C53005B4904 /* CategoryCreationIOProtocols.swift */ = {isa = PBXFileReference; lastKnownFileType = sourcecode.swift; path = CategoryCreationIOProtocols.swift; sourceTree = "<group>"; };
		3949D7992B3C3C6D005B4904 /* CategoryCreationPresenter.swift */ = {isa = PBXFileReference; lastKnownFileType = sourcecode.swift; path = CategoryCreationPresenter.swift; sourceTree = "<group>"; };
		3949D79B2B3C3D2E005B4904 /* CategoryCreationInteractorIOProtocols.swift */ = {isa = PBXFileReference; lastKnownFileType = sourcecode.swift; path = CategoryCreationInteractorIOProtocols.swift; sourceTree = "<group>"; };
		3949D79D2B3C3D4A005B4904 /* CategoryCreationInteractor.swift */ = {isa = PBXFileReference; lastKnownFileType = sourcecode.swift; path = CategoryCreationInteractor.swift; sourceTree = "<group>"; };
		3949D79F2B3C3D94005B4904 /* CategoryCreationInitializer.swift */ = {isa = PBXFileReference; lastKnownFileType = sourcecode.swift; path = CategoryCreationInitializer.swift; sourceTree = "<group>"; };
		3949D7A12B3C3DE3005B4904 /* CategoryCreationConfigurator.swift */ = {isa = PBXFileReference; lastKnownFileType = sourcecode.swift; path = CategoryCreationConfigurator.swift; sourceTree = "<group>"; };
		3949D7A32B3C3F82005B4904 /* CategoryCreationParentCategoryViewObject.swift */ = {isa = PBXFileReference; lastKnownFileType = sourcecode.swift; path = CategoryCreationParentCategoryViewObject.swift; sourceTree = "<group>"; };
		3949D7A62B3C4080005B4904 /* CategoryCreationSetTitleNameViewObject.swift */ = {isa = PBXFileReference; lastKnownFileType = sourcecode.swift; path = CategoryCreationSetTitleNameViewObject.swift; sourceTree = "<group>"; };
		3949D7A82B3C4202005B4904 /* CategoryCreationParentCategoryTableViewCell.swift */ = {isa = PBXFileReference; lastKnownFileType = sourcecode.swift; path = CategoryCreationParentCategoryTableViewCell.swift; sourceTree = "<group>"; };
		3949D7AA2B3C4227005B4904 /* CategoryCreationSetTitleNameTableViewCell.swift */ = {isa = PBXFileReference; lastKnownFileType = sourcecode.swift; path = CategoryCreationSetTitleNameTableViewCell.swift; sourceTree = "<group>"; };
		3949D7AE2B3C5F57005B4904 /* CategoryParentListViewController.swift */ = {isa = PBXFileReference; lastKnownFileType = sourcecode.swift; path = CategoryParentListViewController.swift; sourceTree = "<group>"; };
		3949D7B02B3C5F63005B4904 /* CategoryParentList.storyboard */ = {isa = PBXFileReference; lastKnownFileType = file.storyboard; path = CategoryParentList.storyboard; sourceTree = "<group>"; };
		3949D7B22B3C5FCB005B4904 /* CategoryParentListTableViewCell.swift */ = {isa = PBXFileReference; lastKnownFileType = sourcecode.swift; path = CategoryParentListTableViewCell.swift; sourceTree = "<group>"; };
		3949D7BA2B3C606B005B4904 /* CategoryParentListPresenter.swift */ = {isa = PBXFileReference; lastKnownFileType = sourcecode.swift; path = CategoryParentListPresenter.swift; sourceTree = "<group>"; };
		3949D7BC2B3C609A005B4904 /* CategoryParentListIOProtocols.swift */ = {isa = PBXFileReference; lastKnownFileType = sourcecode.swift; path = CategoryParentListIOProtocols.swift; sourceTree = "<group>"; };
		3949D7BE2B3C60F0005B4904 /* CategoryParentListInteractor.swift */ = {isa = PBXFileReference; lastKnownFileType = sourcecode.swift; path = CategoryParentListInteractor.swift; sourceTree = "<group>"; };
		3949D7C02B3C60F9005B4904 /* CategoryParentListInteractorIOProtocols.swift */ = {isa = PBXFileReference; lastKnownFileType = sourcecode.swift; path = CategoryParentListInteractorIOProtocols.swift; sourceTree = "<group>"; };
		3949D7C22B3C6187005B4904 /* CategoryParentListInitializer.swift */ = {isa = PBXFileReference; lastKnownFileType = sourcecode.swift; path = CategoryParentListInitializer.swift; sourceTree = "<group>"; };
		3949D7C42B3C61C0005B4904 /* CategoryParentListConfigurator.swift */ = {isa = PBXFileReference; lastKnownFileType = sourcecode.swift; path = CategoryParentListConfigurator.swift; sourceTree = "<group>"; };
		3949D7C62B3C692D005B4904 /* CategoryRealmDAO.swift */ = {isa = PBXFileReference; lastKnownFileType = sourcecode.swift; path = CategoryRealmDAO.swift; sourceTree = "<group>"; };
		3949D7C82B3C6945005B4904 /* CategoryDAO.swift */ = {isa = PBXFileReference; lastKnownFileType = sourcecode.swift; path = CategoryDAO.swift; sourceTree = "<group>"; };
		3949D7CA2B3C6B69005B4904 /* CategoryToCategoryParentViewObjectMapper.swift */ = {isa = PBXFileReference; lastKnownFileType = sourcecode.swift; path = CategoryToCategoryParentViewObjectMapper.swift; sourceTree = "<group>"; };
		3949D7CC2B3C6E17005B4904 /* CategoryParentListViewObject.swift */ = {isa = PBXFileReference; lastKnownFileType = sourcecode.swift; path = CategoryParentListViewObject.swift; sourceTree = "<group>"; };
		3949D7CE2B3DB8CA005B4904 /* CategoryToCategoryListViewObjectMapper.swift */ = {isa = PBXFileReference; lastKnownFileType = sourcecode.swift; path = CategoryToCategoryListViewObjectMapper.swift; sourceTree = "<group>"; };
		3949D7D12B3DF91A005B4904 /* CategoryCreationFinishHandler.swift */ = {isa = PBXFileReference; lastKnownFileType = sourcecode.swift; path = CategoryCreationFinishHandler.swift; sourceTree = "<group>"; };
		3949D7D32B3DFFF5005B4904 /* CategoryParentListSelectionHandler.swift */ = {isa = PBXFileReference; lastKnownFileType = sourcecode.swift; path = CategoryParentListSelectionHandler.swift; sourceTree = "<group>"; };
		3949D7D52B3E0AA6005B4904 /* CategoryToCategoryPOMapper.swift */ = {isa = PBXFileReference; lastKnownFileType = sourcecode.swift; path = CategoryToCategoryPOMapper.swift; sourceTree = "<group>"; };
		3949D7D82B3E0BDD005B4904 /* CategoryPOToCategoryViewObjectMapper.swift */ = {isa = PBXFileReference; lastKnownFileType = sourcecode.swift; path = CategoryPOToCategoryViewObjectMapper.swift; sourceTree = "<group>"; };
		3949D7DA2B4027E6005B4904 /* CategoryCreationTemplateViewObject.swift */ = {isa = PBXFileReference; lastKnownFileType = sourcecode.swift; path = CategoryCreationTemplateViewObject.swift; sourceTree = "<group>"; };
		3949D7DC2B4029C1005B4904 /* CategoryCreationToCategoryCreationTemplateViewObjectMapper.swift */ = {isa = PBXFileReference; lastKnownFileType = sourcecode.swift; path = CategoryCreationToCategoryCreationTemplateViewObjectMapper.swift; sourceTree = "<group>"; };
		3957CDCD2AF567A500834215 /* AnalyticsViewController.swift */ = {isa = PBXFileReference; lastKnownFileType = sourcecode.swift; path = AnalyticsViewController.swift; sourceTree = "<group>"; };
		3957CDCF2AF567AB00834215 /* Analytics.storyboard */ = {isa = PBXFileReference; lastKnownFileType = file.storyboard; path = Analytics.storyboard; sourceTree = "<group>"; };
		395A7AAD2A3E0E6D000A9BE2 /* OperationCreationViewController.swift */ = {isa = PBXFileReference; lastKnownFileType = sourcecode.swift; path = OperationCreationViewController.swift; sourceTree = "<group>"; };
		395A7AAF2A3E0E9D000A9BE2 /* OperationCreationPresenter.swift */ = {isa = PBXFileReference; lastKnownFileType = sourcecode.swift; path = OperationCreationPresenter.swift; sourceTree = "<group>"; };
		395A7AB12A3E11C7000A9BE2 /* OperationCreationIOProtocols.swift */ = {isa = PBXFileReference; lastKnownFileType = sourcecode.swift; path = OperationCreationIOProtocols.swift; sourceTree = "<group>"; };
		395A7AB32A3E11D3000A9BE2 /* OperationCreationInteractor.swift */ = {isa = PBXFileReference; lastKnownFileType = sourcecode.swift; path = OperationCreationInteractor.swift; sourceTree = "<group>"; };
		395A7AB52A3E11E3000A9BE2 /* OperationCreationInteractorIOProtocols.swift */ = {isa = PBXFileReference; lastKnownFileType = sourcecode.swift; path = OperationCreationInteractorIOProtocols.swift; sourceTree = "<group>"; };
		395A7AB72A3E11F0000A9BE2 /* OperationCreationConfigurator.swift */ = {isa = PBXFileReference; lastKnownFileType = sourcecode.swift; path = OperationCreationConfigurator.swift; sourceTree = "<group>"; };
		395A7AB92A3E11F6000A9BE2 /* OperationCreationInitializer.swift */ = {isa = PBXFileReference; lastKnownFileType = sourcecode.swift; path = OperationCreationInitializer.swift; sourceTree = "<group>"; };
		395A7ABB2A3E11FD000A9BE2 /* OperationCreation.storyboard */ = {isa = PBXFileReference; lastKnownFileType = file.storyboard; path = OperationCreation.storyboard; sourceTree = "<group>"; };
		39A7D6792A6DB6C00085E861 /* SettingsViewController.swift */ = {isa = PBXFileReference; lastKnownFileType = sourcecode.swift; path = SettingsViewController.swift; sourceTree = "<group>"; };
		39A7D67B2A6DB9830085E861 /* TabBarViewController.swift */ = {isa = PBXFileReference; lastKnownFileType = sourcecode.swift; path = TabBarViewController.swift; sourceTree = "<group>"; };
		39A7D67E2A6DCDA50085E861 /* ApplicationRouter.swift */ = {isa = PBXFileReference; lastKnownFileType = sourcecode.swift; path = ApplicationRouter.swift; sourceTree = "<group>"; };
		39A7D6802A6DCDAB0085E861 /* Router.swift */ = {isa = PBXFileReference; lastKnownFileType = sourcecode.swift; path = Router.swift; sourceTree = "<group>"; };
		39A7D6832A6DCE940085E861 /* CategoryList.storyboard */ = {isa = PBXFileReference; lastKnownFileType = file.storyboard; path = CategoryList.storyboard; sourceTree = "<group>"; };
		39A7D6852A6DCEAD0085E861 /* CategoryListViewController.swift */ = {isa = PBXFileReference; lastKnownFileType = sourcecode.swift; path = CategoryListViewController.swift; sourceTree = "<group>"; };
		39A7D68B2A6E97D70085E861 /* CategoryListPresenter.swift */ = {isa = PBXFileReference; lastKnownFileType = sourcecode.swift; path = CategoryListPresenter.swift; sourceTree = "<group>"; };
		39A7D68D2A6E97E90085E861 /* CategoryListIOProtocols.swift */ = {isa = PBXFileReference; lastKnownFileType = sourcecode.swift; path = CategoryListIOProtocols.swift; sourceTree = "<group>"; };
		39A7D68F2A6E98630085E861 /* CategoryListinteractor.swift */ = {isa = PBXFileReference; lastKnownFileType = sourcecode.swift; path = CategoryListinteractor.swift; sourceTree = "<group>"; };
		39A7D6912A6E987A0085E861 /* CategoryListinteractorIOProtocols.swift */ = {isa = PBXFileReference; lastKnownFileType = sourcecode.swift; path = CategoryListinteractorIOProtocols.swift; sourceTree = "<group>"; };
		39A7D6932A6E98B60085E861 /* CategoryListInitializer.swift */ = {isa = PBXFileReference; lastKnownFileType = sourcecode.swift; path = CategoryListInitializer.swift; sourceTree = "<group>"; };
		39A7D6952A6E98C60085E861 /* CategoryListConfigurator.swift */ = {isa = PBXFileReference; lastKnownFileType = sourcecode.swift; path = CategoryListConfigurator.swift; sourceTree = "<group>"; };
		39A7D6982A6E9B9E0085E861 /* CategoryListViewObject.swift */ = {isa = PBXFileReference; lastKnownFileType = sourcecode.swift; path = CategoryListViewObject.swift; sourceTree = "<group>"; };
		39A7D69B2A6E9C110085E861 /* CategoryListTableViewCell.swift */ = {isa = PBXFileReference; lastKnownFileType = sourcecode.swift; path = CategoryListTableViewCell.swift; sourceTree = "<group>"; };
		39A7D6B82A6EBF490085E861 /* CategoryPO.swift */ = {isa = PBXFileReference; lastKnownFileType = sourcecode.swift; path = CategoryPO.swift; sourceTree = "<group>"; };
		39AA927D2A3A23E600F2FF30 /* RealmManager.swift */ = {isa = PBXFileReference; lastKnownFileType = sourcecode.swift; path = RealmManager.swift; sourceTree = "<group>"; };
		39AA927F2A3A240600F2FF30 /* RealmManagerProtocol.swift */ = {isa = PBXFileReference; lastKnownFileType = sourcecode.swift; path = RealmManagerProtocol.swift; sourceTree = "<group>"; };
		39AA92822A3A2D8000F2FF30 /* OperationsRealmDAO.swift */ = {isa = PBXFileReference; lastKnownFileType = sourcecode.swift; path = OperationsRealmDAO.swift; sourceTree = "<group>"; };
		39AA92842A3A2D8C00F2FF30 /* OperationsDAO.swift */ = {isa = PBXFileReference; lastKnownFileType = sourcecode.swift; path = OperationsDAO.swift; sourceTree = "<group>"; };
		39AA92872A3A2E0700F2FF30 /* OperationPO.swift */ = {isa = PBXFileReference; lastKnownFileType = sourcecode.swift; path = OperationPO.swift; sourceTree = "<group>"; };
		39AA92892A3A2F8900F2FF30 /* Operation.swift */ = {isa = PBXFileReference; lastKnownFileType = sourcecode.swift; path = Operation.swift; sourceTree = "<group>"; };
		39AA928C2A3A3E1500F2FF30 /* OperationsToOperationsPOMapper.swift */ = {isa = PBXFileReference; lastKnownFileType = sourcecode.swift; path = OperationsToOperationsPOMapper.swift; sourceTree = "<group>"; };
		39B1C9A92A5094450065442C /* Expense.swift */ = {isa = PBXFileReference; lastKnownFileType = sourcecode.swift; path = Expense.swift; sourceTree = "<group>"; };
		39B1C9AB2A5094FA0065442C /* ExpensePO.swift */ = {isa = PBXFileReference; lastKnownFileType = sourcecode.swift; path = ExpensePO.swift; sourceTree = "<group>"; };
		39EC46E92B10C8E400C2BA0D /* Date + Extension.swift */ = {isa = PBXFileReference; lastKnownFileType = sourcecode.swift; path = "Date + Extension.swift"; sourceTree = "<group>"; };
		39EC46ED2B191E2A00C2BA0D /* Int + Extension.swift */ = {isa = PBXFileReference; lastKnownFileType = sourcecode.swift; path = "Int + Extension.swift"; sourceTree = "<group>"; };
		39EC46EF2B20953200C2BA0D /* OperationCreationDateViewObject.swift */ = {isa = PBXFileReference; lastKnownFileType = sourcecode.swift; path = OperationCreationDateViewObject.swift; sourceTree = "<group>"; };
		39EC46F12B20968100C2BA0D /* DateTableViewCell.swift */ = {isa = PBXFileReference; lastKnownFileType = sourcecode.swift; path = DateTableViewCell.swift; sourceTree = "<group>"; };
		39EC46F32B20EFDA00C2BA0D /* OperationCreationDatePickerChangedHandler.swift */ = {isa = PBXFileReference; lastKnownFileType = sourcecode.swift; path = OperationCreationDatePickerChangedHandler.swift; sourceTree = "<group>"; };
		39EC46F52B222B2F00C2BA0D /* OperationCreationTemplateViewObject.swift */ = {isa = PBXFileReference; lastKnownFileType = sourcecode.swift; path = OperationCreationTemplateViewObject.swift; sourceTree = "<group>"; };
		39EC46F72B222C9800C2BA0D /* OperationCreationTemplateViewObjectToOperationViewObjetMapper.swift */ = {isa = PBXFileReference; lastKnownFileType = sourcecode.swift; path = OperationCreationTemplateViewObjectToOperationViewObjetMapper.swift; sourceTree = "<group>"; };
		39EC46FC2B2370A600C2BA0D /* OperationCreationSegmentedControllHandler.swift */ = {isa = PBXFileReference; lastKnownFileType = sourcecode.swift; path = OperationCreationSegmentedControllHandler.swift; sourceTree = "<group>"; };
		39EC46FE2B23773400C2BA0D /* CommentTableViewCell.swift */ = {isa = PBXFileReference; lastKnownFileType = sourcecode.swift; path = CommentTableViewCell.swift; sourceTree = "<group>"; };
		39EC47002B2378DF00C2BA0D /* OperationCreationCommentViewObject.swift */ = {isa = PBXFileReference; lastKnownFileType = sourcecode.swift; path = OperationCreationCommentViewObject.swift; sourceTree = "<group>"; };
		39EC47022B27107A00C2BA0D /* OperationCreationCommentHandler.swift */ = {isa = PBXFileReference; lastKnownFileType = sourcecode.swift; path = OperationCreationCommentHandler.swift; sourceTree = "<group>"; };
/* End PBXFileReference section */

/* Begin PBXFrameworksBuildPhase section */
		391FA09C2A2135950096EB59 /* Frameworks */ = {
			isa = PBXFrameworksBuildPhase;
			buildActionMask = 2147483647;
			files = (
				392FECB82B2F637F00976128 /* RealmSwift in Frameworks */,
				392FECB62B2F637F00976128 /* Realm in Frameworks */,
			);
			runOnlyForDeploymentPostprocessing = 0;
		};
		391FA0B22A2135970096EB59 /* Frameworks */ = {
			isa = PBXFrameworksBuildPhase;
			buildActionMask = 2147483647;
			files = (
			);
			runOnlyForDeploymentPostprocessing = 0;
		};
		391FA0BC2A2135970096EB59 /* Frameworks */ = {
			isa = PBXFrameworksBuildPhase;
			buildActionMask = 2147483647;
			files = (
			);
			runOnlyForDeploymentPostprocessing = 0;
		};
/* End PBXFrameworksBuildPhase section */

/* Begin PBXGroup section */
		3907A4CE2A70486D007C6412 /* Frameworks */ = {
			isa = PBXGroup;
			children = (
			);
			name = Frameworks;
			sourceTree = "<group>";
		};
		391FA0962A2135950096EB59 = {
			isa = PBXGroup;
			children = (
				391FA0A12A2135950096EB59 /* CashFlow */,
				391FA0B82A2135970096EB59 /* CashFlowTests */,
				391FA0C22A2135970096EB59 /* CashFlowUITests */,
				391FA0A02A2135950096EB59 /* Products */,
				3907A4CE2A70486D007C6412 /* Frameworks */,
			);
			sourceTree = "<group>";
		};
		391FA0A02A2135950096EB59 /* Products */ = {
			isa = PBXGroup;
			children = (
				391FA09F2A2135950096EB59 /* CashFlow.app */,
				391FA0B52A2135970096EB59 /* CashFlowTests.xctest */,
				391FA0BF2A2135970096EB59 /* CashFlowUITests.xctest */,
			);
			name = Products;
			sourceTree = "<group>";
		};
		391FA0A12A2135950096EB59 /* CashFlow */ = {
			isa = PBXGroup;
			children = (
				39AA92862A3A2DFF00F2FF30 /* Models */,
				39AD17302A3A16B9002E9668 /* Utilities */,
				391FA0D22A2147AA0096EB59 /* Scenes */,
				391FA0A22A2135950096EB59 /* AppDelegate.swift */,
				391FA0A42A2135950096EB59 /* SceneDelegate.swift */,
				391FA0AB2A2135970096EB59 /* Assets.xcassets */,
				391FA0AD2A2135970096EB59 /* LaunchScreen.storyboard */,
				391FA0B02A2135970096EB59 /* Info.plist */,
			);
			path = CashFlow;
			sourceTree = "<group>";
		};
		391FA0B82A2135970096EB59 /* CashFlowTests */ = {
			isa = PBXGroup;
			children = (
				391FA0B92A2135970096EB59 /* CashFlowTests.swift */,
			);
			path = CashFlowTests;
			sourceTree = "<group>";
		};
		391FA0C22A2135970096EB59 /* CashFlowUITests */ = {
			isa = PBXGroup;
			children = (
				391FA0C32A2135970096EB59 /* CashFlowUITests.swift */,
				391FA0C52A2135970096EB59 /* CashFlowUITestsLaunchTests.swift */,
			);
			path = CashFlowUITests;
			sourceTree = "<group>";
		};
		391FA0D22A2147AA0096EB59 /* Scenes */ = {
			isa = PBXGroup;
			children = (
				391FA0D32A2147DB0096EB59 /* Operations */,
				395A7AA82A3E0E1C000A9BE2 /* OperationCreation */,
				39A7D6822A6DCE820085E861 /* CategoryList */,
				3949D78E2B39F3EB005B4904 /* CategoryCreation */,
				3949D7AD2B3C5F20005B4904 /* CategoryParentList */,
				3940345E2A6C34CB00D45D24 /* Settings */,
				3940345B2A6C347000D45D24 /* TabBar */,
				3957CDCC2AF5671F00834215 /* Analytics */,
			);
			path = Scenes;
			sourceTree = "<group>";
		};
		391FA0D32A2147DB0096EB59 /* Operations */ = {
			isa = PBXGroup;
			children = (
				394034552A688D0600D45D24 /* ViewObjects */,
				391FA0D72A21480C0096EB59 /* View */,
				391FA0D62A2148060096EB59 /* Presenter */,
				391FA0D52A2148000096EB59 /* Interactor */,
				391FA0D42A2147ED0096EB59 /* Configurator */,
			);
			path = Operations;
			sourceTree = "<group>";
		};
		391FA0D42A2147ED0096EB59 /* Configurator */ = {
			isa = PBXGroup;
			children = (
				391FA0D82A2148560096EB59 /* OperationsConfigurator.swift */,
				391FA0DA2A2148610096EB59 /* OperationsInitialier.swift */,
			);
			path = Configurator;
			sourceTree = "<group>";
		};
		391FA0D52A2148000096EB59 /* Interactor */ = {
			isa = PBXGroup;
			children = (
				391FA0DC2A2148700096EB59 /* OperationsInteractor.swift */,
				391FA0E62A2149720096EB59 /* OperationsInteractorIOProtocols.swift */,
			);
			path = Interactor;
			sourceTree = "<group>";
		};
		391FA0D62A2148060096EB59 /* Presenter */ = {
			isa = PBXGroup;
			children = (
				391FA0DE2A2148790096EB59 /* OperationsPresenter.swift */,
				391FA0E42A2149510096EB59 /* OperationsIOProtocols.swift */,
			);
			path = Presenter;
			sourceTree = "<group>";
		};
		391FA0D72A21480C0096EB59 /* View */ = {
			isa = PBXGroup;
			children = (
				394034582A688D5700D45D24 /* Cells */,
				391FA0E22A2148D40096EB59 /* Operations.storyboard */,
				391FA0E02A2148A20096EB59 /* OperationsViewController.swift */,
			);
			path = View;
			sourceTree = "<group>";
		};
		394034412A62C60B00D45D24 /* ViewObjects */ = {
			isa = PBXGroup;
			children = (
				3940344F2A685D1300D45D24 /* CashFlowTableViewCellViewObject.swift */,
				394034492A685C3200D45D24 /* OperationCreationHeaderViewObject.swift */,
				3940344B2A685C7400D45D24 /* OperationCreationCategoryViewObject.swift */,
				3940344D2A685C8C00D45D24 /* OperationCreationSaveButtonViewObject.swift */,
				3907A4D52A704B1A007C6412 /* OperationCreationTotalAmountViewObject.swift */,
				39EC46EF2B20953200C2BA0D /* OperationCreationDateViewObject.swift */,
				39EC46F52B222B2F00C2BA0D /* OperationCreationTemplateViewObject.swift */,
				39EC47002B2378DF00C2BA0D /* OperationCreationCommentViewObject.swift */,
			);
			path = ViewObjects;
			sourceTree = "<group>";
		};
		394034422A65B5F900D45D24 /* Cells */ = {
			isa = PBXGroup;
			children = (
				3940343F2A5F280800D45D24 /* HeaderTableViewCell.swift */,
				3907A4D32A704A03007C6412 /* TotalAmountTableViewCell.swift */,
				394034432A65B61600D45D24 /* SaveButtonTableViewCell.swift */,
				394034452A65B78B00D45D24 /* CategoryTableViewCell.swift */,
				39EC46F12B20968100C2BA0D /* DateTableViewCell.swift */,
				39EC46FE2B23773400C2BA0D /* CommentTableViewCell.swift */,
			);
			path = Cells;
			sourceTree = "<group>";
		};
		394034552A688D0600D45D24 /* ViewObjects */ = {
			isa = PBXGroup;
			children = (
				3907A4E52A71B6FB007C6412 /* OperationViewObject.swift */,
			);
			path = ViewObjects;
			sourceTree = "<group>";
		};
		394034582A688D5700D45D24 /* Cells */ = {
			isa = PBXGroup;
			children = (
				3907A4E72A71B8D0007C6412 /* OperationsTableViewCell.swift */,
			);
			path = Cells;
			sourceTree = "<group>";
		};
		3940345B2A6C347000D45D24 /* TabBar */ = {
			isa = PBXGroup;
			children = (
				3940345C2A6C347E00D45D24 /* TabBar.storyboard */,
				39A7D67B2A6DB9830085E861 /* TabBarViewController.swift */,
			);
			path = TabBar;
			sourceTree = "<group>";
		};
		3940345E2A6C34CB00D45D24 /* Settings */ = {
			isa = PBXGroup;
			children = (
				3949D7782B39B03C005B4904 /* View */,
				3949D7772B39B037005B4904 /* Presenter */,
				3949D7762B39B030005B4904 /* Interactor */,
				3949D7752B39B022005B4904 /* Configurator */,
			);
			path = Settings;
			sourceTree = "<group>";
		};
		3949D7752B39B022005B4904 /* Configurator */ = {
			isa = PBXGroup;
			children = (
				3949D7852B39B151005B4904 /* SettingsInitializer.swift */,
				3949D7872B39B15A005B4904 /* SettingsConfigurator.swift */,
			);
			path = Configurator;
			sourceTree = "<group>";
		};
		3949D7762B39B030005B4904 /* Interactor */ = {
			isa = PBXGroup;
			children = (
				3949D77F2B39B104005B4904 /* SettingsInteractor.swift */,
				3949D7812B39B120005B4904 /* SettingsInteractorIOProtocols.swift */,
			);
			path = Interactor;
			sourceTree = "<group>";
		};
		3949D7772B39B037005B4904 /* Presenter */ = {
			isa = PBXGroup;
			children = (
				3949D7792B39B060005B4904 /* SettingsPresenter.swift */,
				3949D7832B39B13F005B4904 /* SettingsIOProtocols.swift */,
			);
			path = Presenter;
			sourceTree = "<group>";
		};
		3949D7782B39B03C005B4904 /* View */ = {
			isa = PBXGroup;
			children = (
				3949D78B2B39B98E005B4904 /* ViewObjects */,
				3940345F2A6C34DA00D45D24 /* Settings.storyboard */,
				39A7D6792A6DB6C00085E861 /* SettingsViewController.swift */,
				3949D7892B39B51C005B4904 /* SettingsTableViewCell.swift */,
			);
			path = View;
			sourceTree = "<group>";
		};
		3949D78B2B39B98E005B4904 /* ViewObjects */ = {
			isa = PBXGroup;
			children = (
				3949D78C2B39B99F005B4904 /* SettingsCategoryViewObject.swift */,
			);
			path = ViewObjects;
			sourceTree = "<group>";
		};
		3949D78E2B39F3EB005B4904 /* CategoryCreation */ = {
			isa = PBXGroup;
			children = (
				3949D7D02B3DF905005B4904 /* Handler */,
				3949D7A52B3C4068005B4904 /* ViewObjects */,
				3949D7962B3C3C24005B4904 /* View */,
				3949D7952B3C3C1F005B4904 /* Presenter */,
				3949D7942B3C3C19005B4904 /* Interactor */,
				3949D7932B3C3C10005B4904 /* Configurator */,
			);
			path = CategoryCreation;
			sourceTree = "<group>";
		};
		3949D7932B3C3C10005B4904 /* Configurator */ = {
			isa = PBXGroup;
			children = (
				3949D79F2B3C3D94005B4904 /* CategoryCreationInitializer.swift */,
				3949D7A12B3C3DE3005B4904 /* CategoryCreationConfigurator.swift */,
			);
			path = Configurator;
			sourceTree = "<group>";
		};
		3949D7942B3C3C19005B4904 /* Interactor */ = {
			isa = PBXGroup;
			children = (
				3949D79B2B3C3D2E005B4904 /* CategoryCreationInteractorIOProtocols.swift */,
				3949D79D2B3C3D4A005B4904 /* CategoryCreationInteractor.swift */,
			);
			path = Interactor;
			sourceTree = "<group>";
		};
		3949D7952B3C3C1F005B4904 /* Presenter */ = {
			isa = PBXGroup;
			children = (
				3949D7992B3C3C6D005B4904 /* CategoryCreationPresenter.swift */,
				3949D7972B3C3C53005B4904 /* CategoryCreationIOProtocols.swift */,
			);
			path = Presenter;
			sourceTree = "<group>";
		};
		3949D7962B3C3C24005B4904 /* View */ = {
			isa = PBXGroup;
			children = (
				3949D7AC2B3C5B05005B4904 /* Cells */,
				3949D78F2B39F40C005B4904 /* CategoryCreationViewController.swift */,
				3949D7912B39F415005B4904 /* CategoryCreation.storyboard */,
			);
			path = View;
			sourceTree = "<group>";
		};
		3949D7A52B3C4068005B4904 /* ViewObjects */ = {
			isa = PBXGroup;
			children = (
				3949D7A32B3C3F82005B4904 /* CategoryCreationParentCategoryViewObject.swift */,
				3949D7A62B3C4080005B4904 /* CategoryCreationSetTitleNameViewObject.swift */,
				3949D7DA2B4027E6005B4904 /* CategoryCreationTemplateViewObject.swift */,
			);
			path = ViewObjects;
			sourceTree = "<group>";
		};
		3949D7AC2B3C5B05005B4904 /* Cells */ = {
			isa = PBXGroup;
			children = (
				3949D7A82B3C4202005B4904 /* CategoryCreationParentCategoryTableViewCell.swift */,
				3949D7AA2B3C4227005B4904 /* CategoryCreationSetTitleNameTableViewCell.swift */,
			);
			path = Cells;
			sourceTree = "<group>";
		};
		3949D7AD2B3C5F20005B4904 /* CategoryParentList */ = {
			isa = PBXGroup;
			children = (
				3949D7D32B3DFFF5005B4904 /* CategoryParentListSelectionHandler.swift */,
				3949D7B42B3C6024005B4904 /* View */,
				3949D7B82B3C6041005B4904 /* Presenter */,
				3949D7B72B3C603B005B4904 /* Interactor */,
				3949D7B62B3C6035005B4904 /* Configurator */,
			);
			path = CategoryParentList;
			sourceTree = "<group>";
		};
		3949D7B42B3C6024005B4904 /* View */ = {
			isa = PBXGroup;
			children = (
				3949D7B52B3C602C005B4904 /* Cells */,
				3949D7AE2B3C5F57005B4904 /* CategoryParentListViewController.swift */,
				3949D7B02B3C5F63005B4904 /* CategoryParentList.storyboard */,
				3949D7CC2B3C6E17005B4904 /* CategoryParentListViewObject.swift */,
			);
			path = View;
			sourceTree = "<group>";
		};
		3949D7B52B3C602C005B4904 /* Cells */ = {
			isa = PBXGroup;
			children = (
				3949D7B22B3C5FCB005B4904 /* CategoryParentListTableViewCell.swift */,
			);
			path = Cells;
			sourceTree = "<group>";
		};
		3949D7B62B3C6035005B4904 /* Configurator */ = {
			isa = PBXGroup;
			children = (
				3949D7C22B3C6187005B4904 /* CategoryParentListInitializer.swift */,
				3949D7C42B3C61C0005B4904 /* CategoryParentListConfigurator.swift */,
			);
			path = Configurator;
			sourceTree = "<group>";
		};
		3949D7B72B3C603B005B4904 /* Interactor */ = {
			isa = PBXGroup;
			children = (
				3949D7BE2B3C60F0005B4904 /* CategoryParentListInteractor.swift */,
				3949D7C02B3C60F9005B4904 /* CategoryParentListInteractorIOProtocols.swift */,
			);
			path = Interactor;
			sourceTree = "<group>";
		};
		3949D7B82B3C6041005B4904 /* Presenter */ = {
			isa = PBXGroup;
			children = (
				3949D7BA2B3C606B005B4904 /* CategoryParentListPresenter.swift */,
				3949D7BC2B3C609A005B4904 /* CategoryParentListIOProtocols.swift */,
			);
			path = Presenter;
			sourceTree = "<group>";
		};
		3949D7D02B3DF905005B4904 /* Handler */ = {
			isa = PBXGroup;
			children = (
				3949D7D12B3DF91A005B4904 /* CategoryCreationFinishHandler.swift */,
			);
			path = Handler;
			sourceTree = "<group>";
		};
		3949D7D72B3E0B7B005B4904 /* v2 */ = {
			isa = PBXGroup;
			children = (
				39AA928C2A3A3E1500F2FF30 /* OperationsToOperationsPOMapper.swift */,
				3949D7D52B3E0AA6005B4904 /* CategoryToCategoryPOMapper.swift */,
			);
			path = v2;
			sourceTree = "<group>";
		};
		3957CDCC2AF5671F00834215 /* Analytics */ = {
			isa = PBXGroup;
			children = (
				3957CDCD2AF567A500834215 /* AnalyticsViewController.swift */,
				3957CDCF2AF567AB00834215 /* Analytics.storyboard */,
			);
			path = Analytics;
			sourceTree = "<group>";
		};
		395A7AA82A3E0E1C000A9BE2 /* OperationCreation */ = {
			isa = PBXGroup;
			children = (
				394034412A62C60B00D45D24 /* ViewObjects */,
				395A7AAC2A3E0E51000A9BE2 /* View */,
				395A7AAB2A3E0E4A000A9BE2 /* Presenter */,
				395A7AAA2A3E0E41000A9BE2 /* Interactor */,
				395A7AA92A3E0E30000A9BE2 /* Configurator */,
			);
			path = OperationCreation;
			sourceTree = "<group>";
		};
		395A7AA92A3E0E30000A9BE2 /* Configurator */ = {
			isa = PBXGroup;
			children = (
				395A7AB72A3E11F0000A9BE2 /* OperationCreationConfigurator.swift */,
				395A7AB92A3E11F6000A9BE2 /* OperationCreationInitializer.swift */,
			);
			path = Configurator;
			sourceTree = "<group>";
		};
		395A7AAA2A3E0E41000A9BE2 /* Interactor */ = {
			isa = PBXGroup;
			children = (
				395A7AB32A3E11D3000A9BE2 /* OperationCreationInteractor.swift */,
				395A7AB52A3E11E3000A9BE2 /* OperationCreationInteractorIOProtocols.swift */,
			);
			path = Interactor;
			sourceTree = "<group>";
		};
		395A7AAB2A3E0E4A000A9BE2 /* Presenter */ = {
			isa = PBXGroup;
			children = (
				395A7AAF2A3E0E9D000A9BE2 /* OperationCreationPresenter.swift */,
				395A7AB12A3E11C7000A9BE2 /* OperationCreationIOProtocols.swift */,
			);
			path = Presenter;
			sourceTree = "<group>";
		};
		395A7AAC2A3E0E51000A9BE2 /* View */ = {
			isa = PBXGroup;
			children = (
				39EC46F92B236F4100C2BA0D /* Handlers */,
				394034422A65B5F900D45D24 /* Cells */,
				395A7AAD2A3E0E6D000A9BE2 /* OperationCreationViewController.swift */,
				395A7ABB2A3E11FD000A9BE2 /* OperationCreation.storyboard */,
			);
			path = View;
			sourceTree = "<group>";
		};
		39A7D67D2A6DCD8A0085E861 /* Router */ = {
			isa = PBXGroup;
			children = (
				39A7D67E2A6DCDA50085E861 /* ApplicationRouter.swift */,
				39A7D6802A6DCDAB0085E861 /* Router.swift */,
			);
			path = Router;
			sourceTree = "<group>";
		};
		39A7D6822A6DCE820085E861 /* CategoryList */ = {
			isa = PBXGroup;
			children = (
				39A7D6872A6E976B0085E861 /* View */,
				39A7D6882A6E97790085E861 /* Presenter */,
				39A7D6892A6E977E0085E861 /* Interactor */,
				39A7D68A2A6E97850085E861 /* Configurator */,
			);
			path = CategoryList;
			sourceTree = "<group>";
		};
		39A7D6872A6E976B0085E861 /* View */ = {
			isa = PBXGroup;
			children = (
				39EC46FA2B23703B00C2BA0D /* Handlers */,
				39A7D69A2A6E9C000085E861 /* Cells */,
				39A7D6972A6E9B8A0085E861 /* ViewObjects */,
				39A7D6832A6DCE940085E861 /* CategoryList.storyboard */,
				3949D76F2B371E2B005B4904 /* CategoryListHeaderView.xib */,
				39A7D6852A6DCEAD0085E861 /* CategoryListViewController.swift */,
			);
			path = View;
			sourceTree = "<group>";
		};
		39A7D6882A6E97790085E861 /* Presenter */ = {
			isa = PBXGroup;
			children = (
				39A7D68B2A6E97D70085E861 /* CategoryListPresenter.swift */,
				39A7D68D2A6E97E90085E861 /* CategoryListIOProtocols.swift */,
			);
			path = Presenter;
			sourceTree = "<group>";
		};
		39A7D6892A6E977E0085E861 /* Interactor */ = {
			isa = PBXGroup;
			children = (
				39A7D68F2A6E98630085E861 /* CategoryListinteractor.swift */,
				39A7D6912A6E987A0085E861 /* CategoryListinteractorIOProtocols.swift */,
			);
			path = Interactor;
			sourceTree = "<group>";
		};
		39A7D68A2A6E97850085E861 /* Configurator */ = {
			isa = PBXGroup;
			children = (
				39A7D6932A6E98B60085E861 /* CategoryListInitializer.swift */,
				39A7D6952A6E98C60085E861 /* CategoryListConfigurator.swift */,
			);
			path = Configurator;
			sourceTree = "<group>";
		};
		39A7D6972A6E9B8A0085E861 /* ViewObjects */ = {
			isa = PBXGroup;
			children = (
				39A7D6982A6E9B9E0085E861 /* CategoryListViewObject.swift */,
			);
			path = ViewObjects;
			sourceTree = "<group>";
		};
		39A7D69A2A6E9C000085E861 /* Cells */ = {
			isa = PBXGroup;
			children = (
				39A7D69B2A6E9C110085E861 /* CategoryListTableViewCell.swift */,
				3949D7712B371E69005B4904 /* CategoryListHeaderView.swift */,
			);
			path = Cells;
			sourceTree = "<group>";
		};
		39AA927C2A3A200B00F2FF30 /* Realm */ = {
			isa = PBXGroup;
			children = (
				39AA927D2A3A23E600F2FF30 /* RealmManager.swift */,
				39AA927F2A3A240600F2FF30 /* RealmManagerProtocol.swift */,
			);
			path = Realm;
			sourceTree = "<group>";
		};
		39AA92812A3A2D6F00F2FF30 /* DAO */ = {
			isa = PBXGroup;
			children = (
				39AA92822A3A2D8000F2FF30 /* OperationsRealmDAO.swift */,
				39AA92842A3A2D8C00F2FF30 /* OperationsDAO.swift */,
				3949D7C62B3C692D005B4904 /* CategoryRealmDAO.swift */,
				3949D7C82B3C6945005B4904 /* CategoryDAO.swift */,
			);
			path = DAO;
			sourceTree = "<group>";
		};
		39AA92862A3A2DFF00F2FF30 /* Models */ = {
			isa = PBXGroup;
			children = (
				39B1C9A82A5094240065442C /* PlainObjects */,
				39B1C9A72A50941C0065442C /* RealmObjects */,
			);
			path = Models;
			sourceTree = "<group>";
		};
		39AA928B2A3A3DEA00F2FF30 /* Mappers */ = {
			isa = PBXGroup;
			children = (
				3949D7D72B3E0B7B005B4904 /* v2 */,
				3940343A2A5734CB00D45D24 /* ExpensesToExpensesPOMapper.swift */,
				3907A4DF2A71B22A007C6412 /* CategoryPOToRealmCategoryMapper.swift */,
				3907A4E32A71B5BD007C6412 /* OperationsPOToOperationViewObjectsMapper.swift */,
				3949D7D82B3E0BDD005B4904 /* CategoryPOToCategoryViewObjectMapper.swift */,
				39EC46F72B222C9800C2BA0D /* OperationCreationTemplateViewObjectToOperationViewObjetMapper.swift */,
				3949D7CA2B3C6B69005B4904 /* CategoryToCategoryParentViewObjectMapper.swift */,
				3949D7CE2B3DB8CA005B4904 /* CategoryToCategoryListViewObjectMapper.swift */,
				3949D7DC2B4029C1005B4904 /* CategoryCreationToCategoryCreationTemplateViewObjectMapper.swift */,
			);
			path = Mappers;
			sourceTree = "<group>";
		};
		39AD17302A3A16B9002E9668 /* Utilities */ = {
			isa = PBXGroup;
			children = (
				39EC46E82B10C8D400C2BA0D /* Extensions */,
				39A7D67D2A6DCD8A0085E861 /* Router */,
				39AA928B2A3A3DEA00F2FF30 /* Mappers */,
				39AA92812A3A2D6F00F2FF30 /* DAO */,
				39AA927C2A3A200B00F2FF30 /* Realm */,
			);
			path = Utilities;
			sourceTree = "<group>";
		};
		39B1C9A72A50941C0065442C /* RealmObjects */ = {
			isa = PBXGroup;
			children = (
				39AA92892A3A2F8900F2FF30 /* Operation.swift */,
				39B1C9A92A5094450065442C /* Expense.swift */,
				3907A4DB2A71A613007C6412 /* Category.swift */,
			);
			path = RealmObjects;
			sourceTree = "<group>";
		};
		39B1C9A82A5094240065442C /* PlainObjects */ = {
			isa = PBXGroup;
			children = (
				39AA92872A3A2E0700F2FF30 /* OperationPO.swift */,
				39B1C9AB2A5094FA0065442C /* ExpensePO.swift */,
				39A7D6B82A6EBF490085E861 /* CategoryPO.swift */,
			);
			path = PlainObjects;
			sourceTree = "<group>";
		};
		39EC46E82B10C8D400C2BA0D /* Extensions */ = {
			isa = PBXGroup;
			children = (
				39EC46E92B10C8E400C2BA0D /* Date + Extension.swift */,
				39EC46ED2B191E2A00C2BA0D /* Int + Extension.swift */,
			);
			path = Extensions;
			sourceTree = "<group>";
		};
		39EC46F92B236F4100C2BA0D /* Handlers */ = {
			isa = PBXGroup;
			children = (
				3907A4E92A75950C007C6412 /* OperationCreationFinishHandler.swift */,
				39EC46F32B20EFDA00C2BA0D /* OperationCreationDatePickerChangedHandler.swift */,
				39EC46FC2B2370A600C2BA0D /* OperationCreationSegmentedControllHandler.swift */,
				39EC47022B27107A00C2BA0D /* OperationCreationCommentHandler.swift */,
			);
			path = Handlers;
			sourceTree = "<group>";
		};
		39EC46FA2B23703B00C2BA0D /* Handlers */ = {
			isa = PBXGroup;
			children = (
				3907A4D92A7069C5007C6412 /* CategoryListSelectionHandler.swift */,
				3949D7732B372BEF005B4904 /* CategoryListHeaderSelectionHandler.swift */,
			);
			path = Handlers;
			sourceTree = "<group>";
		};
/* End PBXGroup section */

/* Begin PBXNativeTarget section */
		391FA09E2A2135950096EB59 /* CashFlow */ = {
			isa = PBXNativeTarget;
			buildConfigurationList = 391FA0C92A2135970096EB59 /* Build configuration list for PBXNativeTarget "CashFlow" */;
			buildPhases = (
				391FA09B2A2135950096EB59 /* Sources */,
				391FA09C2A2135950096EB59 /* Frameworks */,
				391FA09D2A2135950096EB59 /* Resources */,
			);
			buildRules = (
			);
			dependencies = (
			);
			name = CashFlow;
			packageProductDependencies = (
				392FECB52B2F637F00976128 /* Realm */,
				392FECB72B2F637F00976128 /* RealmSwift */,
			);
			productName = CashFlow;
			productReference = 391FA09F2A2135950096EB59 /* CashFlow.app */;
			productType = "com.apple.product-type.application";
		};
		391FA0B42A2135970096EB59 /* CashFlowTests */ = {
			isa = PBXNativeTarget;
			buildConfigurationList = 391FA0CC2A2135970096EB59 /* Build configuration list for PBXNativeTarget "CashFlowTests" */;
			buildPhases = (
				391FA0B12A2135970096EB59 /* Sources */,
				391FA0B22A2135970096EB59 /* Frameworks */,
				391FA0B32A2135970096EB59 /* Resources */,
			);
			buildRules = (
			);
			dependencies = (
				391FA0B72A2135970096EB59 /* PBXTargetDependency */,
			);
			name = CashFlowTests;
			productName = CashFlowTests;
			productReference = 391FA0B52A2135970096EB59 /* CashFlowTests.xctest */;
			productType = "com.apple.product-type.bundle.unit-test";
		};
		391FA0BE2A2135970096EB59 /* CashFlowUITests */ = {
			isa = PBXNativeTarget;
			buildConfigurationList = 391FA0CF2A2135970096EB59 /* Build configuration list for PBXNativeTarget "CashFlowUITests" */;
			buildPhases = (
				391FA0BB2A2135970096EB59 /* Sources */,
				391FA0BC2A2135970096EB59 /* Frameworks */,
				391FA0BD2A2135970096EB59 /* Resources */,
			);
			buildRules = (
			);
			dependencies = (
				391FA0C12A2135970096EB59 /* PBXTargetDependency */,
			);
			name = CashFlowUITests;
			productName = CashFlowUITests;
			productReference = 391FA0BF2A2135970096EB59 /* CashFlowUITests.xctest */;
			productType = "com.apple.product-type.bundle.ui-testing";
		};
/* End PBXNativeTarget section */

/* Begin PBXProject section */
		391FA0972A2135950096EB59 /* Project object */ = {
			isa = PBXProject;
			attributes = {
				BuildIndependentTargetsInParallel = 1;
				LastSwiftUpdateCheck = 1430;
				LastUpgradeCheck = 1510;
				TargetAttributes = {
					391FA09E2A2135950096EB59 = {
						CreatedOnToolsVersion = 14.3;
					};
					391FA0B42A2135970096EB59 = {
						CreatedOnToolsVersion = 14.3;
						TestTargetID = 391FA09E2A2135950096EB59;
					};
					391FA0BE2A2135970096EB59 = {
						CreatedOnToolsVersion = 14.3;
						TestTargetID = 391FA09E2A2135950096EB59;
					};
				};
			};
			buildConfigurationList = 391FA09A2A2135950096EB59 /* Build configuration list for PBXProject "CashFlow" */;
			compatibilityVersion = "Xcode 14.0";
			developmentRegion = en;
			hasScannedForEncodings = 0;
			knownRegions = (
				en,
				Base,
			);
			mainGroup = 391FA0962A2135950096EB59;
			packageReferences = (
				392FECB42B2F637F00976128 /* XCRemoteSwiftPackageReference "realm-swift" */,
			);
			productRefGroup = 391FA0A02A2135950096EB59 /* Products */;
			projectDirPath = "";
			projectRoot = "";
			targets = (
				391FA09E2A2135950096EB59 /* CashFlow */,
				391FA0B42A2135970096EB59 /* CashFlowTests */,
				391FA0BE2A2135970096EB59 /* CashFlowUITests */,
			);
		};
/* End PBXProject section */

/* Begin PBXResourcesBuildPhase section */
		391FA09D2A2135950096EB59 /* Resources */ = {
			isa = PBXResourcesBuildPhase;
			buildActionMask = 2147483647;
			files = (
				39A7D6842A6DCE940085E861 /* CategoryList.storyboard in Resources */,
				3957CDD02AF567AB00834215 /* Analytics.storyboard in Resources */,
				39A7D6782A6DB6570085E861 /* Operations.storyboard in Resources */,
				3940345D2A6C347E00D45D24 /* TabBar.storyboard in Resources */,
				3949D7B12B3C5F63005B4904 /* CategoryParentList.storyboard in Resources */,
				395A7ABC2A3E11FD000A9BE2 /* OperationCreation.storyboard in Resources */,
				3949D7922B39F415005B4904 /* CategoryCreation.storyboard in Resources */,
				3949D7702B371E2B005B4904 /* CategoryListHeaderView.xib in Resources */,
				394034602A6C34DA00D45D24 /* Settings.storyboard in Resources */,
				391FA0AF2A2135970096EB59 /* LaunchScreen.storyboard in Resources */,
				391FA0AC2A2135970096EB59 /* Assets.xcassets in Resources */,
			);
			runOnlyForDeploymentPostprocessing = 0;
		};
		391FA0B32A2135970096EB59 /* Resources */ = {
			isa = PBXResourcesBuildPhase;
			buildActionMask = 2147483647;
			files = (
			);
			runOnlyForDeploymentPostprocessing = 0;
		};
		391FA0BD2A2135970096EB59 /* Resources */ = {
			isa = PBXResourcesBuildPhase;
			buildActionMask = 2147483647;
			files = (
			);
			runOnlyForDeploymentPostprocessing = 0;
		};
/* End PBXResourcesBuildPhase section */

/* Begin PBXSourcesBuildPhase section */
		391FA09B2A2135950096EB59 /* Sources */ = {
			isa = PBXSourcesBuildPhase;
			buildActionMask = 2147483647;
			files = (
				3949D7D22B3DF91A005B4904 /* CategoryCreationFinishHandler.swift in Sources */,
				39A7D6812A6DCDAB0085E861 /* Router.swift in Sources */,
				3949D7902B39F40C005B4904 /* CategoryCreationViewController.swift in Sources */,
				39B1C9AA2A5094450065442C /* Expense.swift in Sources */,
				3907A4E62A71B6FB007C6412 /* OperationViewObject.swift in Sources */,
				3949D7C12B3C60F9005B4904 /* CategoryParentListInteractorIOProtocols.swift in Sources */,
				39A7D67F2A6DCDA50085E861 /* ApplicationRouter.swift in Sources */,
				39AA927E2A3A23E600F2FF30 /* RealmManager.swift in Sources */,
				39AA92832A3A2D8000F2FF30 /* OperationsRealmDAO.swift in Sources */,
				3949D7C92B3C6945005B4904 /* CategoryDAO.swift in Sources */,
				3949D7BB2B3C606B005B4904 /* CategoryParentListPresenter.swift in Sources */,
				39A7D6962A6E98C60085E861 /* CategoryListConfigurator.swift in Sources */,
				3949D7DD2B4029C1005B4904 /* CategoryCreationToCategoryCreationTemplateViewObjectMapper.swift in Sources */,
				39EC46FD2B2370A600C2BA0D /* OperationCreationSegmentedControllHandler.swift in Sources */,
				3949D7AB2B3C4227005B4904 /* CategoryCreationSetTitleNameTableViewCell.swift in Sources */,
				3949D7CF2B3DB8CA005B4904 /* CategoryToCategoryListViewObjectMapper.swift in Sources */,
				3940344E2A685C8C00D45D24 /* OperationCreationSaveButtonViewObject.swift in Sources */,
				39EC46F42B20EFDA00C2BA0D /* OperationCreationDatePickerChangedHandler.swift in Sources */,
				39EC47012B2378DF00C2BA0D /* OperationCreationCommentViewObject.swift in Sources */,
				3949D7882B39B15A005B4904 /* SettingsConfigurator.swift in Sources */,
				39A7D67A2A6DB6C00085E861 /* SettingsViewController.swift in Sources */,
				39A7D6862A6DCEAD0085E861 /* CategoryListViewController.swift in Sources */,
				3949D7982B3C3C53005B4904 /* CategoryCreationIOProtocols.swift in Sources */,
				39EC46F62B222B3000C2BA0D /* OperationCreationTemplateViewObject.swift in Sources */,
				3907A4EA2A75950C007C6412 /* OperationCreationFinishHandler.swift in Sources */,
				3949D79E2B3C3D4A005B4904 /* CategoryCreationInteractor.swift in Sources */,
				39AA92802A3A240600F2FF30 /* RealmManagerProtocol.swift in Sources */,
				3957CDCE2AF567A500834215 /* AnalyticsViewController.swift in Sources */,
				395A7AB42A3E11D4000A9BE2 /* OperationCreationInteractor.swift in Sources */,
				39A7D68E2A6E97E90085E861 /* CategoryListIOProtocols.swift in Sources */,
				3949D7CD2B3C6E17005B4904 /* CategoryParentListViewObject.swift in Sources */,
				395A7AB02A3E0E9D000A9BE2 /* OperationCreationPresenter.swift in Sources */,
				395A7ABA2A3E11F6000A9BE2 /* OperationCreationInitializer.swift in Sources */,
				3949D79C2B3C3D2E005B4904 /* CategoryCreationInteractorIOProtocols.swift in Sources */,
				39A7D67C2A6DB9830085E861 /* TabBarViewController.swift in Sources */,
				3949D7C72B3C692D005B4904 /* CategoryRealmDAO.swift in Sources */,
				3949D7CB2B3C6B69005B4904 /* CategoryToCategoryParentViewObjectMapper.swift in Sources */,
				3949D7A02B3C3D94005B4904 /* CategoryCreationInitializer.swift in Sources */,
				394034442A65B61600D45D24 /* SaveButtonTableViewCell.swift in Sources */,
				3949D7A22B3C3DE3005B4904 /* CategoryCreationConfigurator.swift in Sources */,
				3949D7822B39B120005B4904 /* SettingsInteractorIOProtocols.swift in Sources */,
				3907A4E02A71B22A007C6412 /* CategoryPOToRealmCategoryMapper.swift in Sources */,
				391FA0DB2A2148610096EB59 /* OperationsInitialier.swift in Sources */,
				395A7AB82A3E11F0000A9BE2 /* OperationCreationConfigurator.swift in Sources */,
				391FA0DD2A2148700096EB59 /* OperationsInteractor.swift in Sources */,
				3949D7802B39B104005B4904 /* SettingsInteractor.swift in Sources */,
				39A7D6B92A6EBF490085E861 /* CategoryPO.swift in Sources */,
				39EC46F22B20968100C2BA0D /* DateTableViewCell.swift in Sources */,
				3907A4D62A704B1A007C6412 /* OperationCreationTotalAmountViewObject.swift in Sources */,
				395A7AB22A3E11C7000A9BE2 /* OperationCreationIOProtocols.swift in Sources */,
				3949D7862B39B151005B4904 /* SettingsInitializer.swift in Sources */,
				39A7D68C2A6E97D70085E861 /* CategoryListPresenter.swift in Sources */,
				39AA928A2A3A2F8900F2FF30 /* Operation.swift in Sources */,
				391FA0DF2A2148790096EB59 /* OperationsPresenter.swift in Sources */,
				39AA928D2A3A3E1500F2FF30 /* OperationsToOperationsPOMapper.swift in Sources */,
				39EC47032B27107A00C2BA0D /* OperationCreationCommentHandler.swift in Sources */,
				39AA92852A3A2D8C00F2FF30 /* OperationsDAO.swift in Sources */,
				39EC46EE2B191E2A00C2BA0D /* Int + Extension.swift in Sources */,
				3907A4DA2A7069C5007C6412 /* CategoryListSelectionHandler.swift in Sources */,
				3907A4E42A71B5BD007C6412 /* OperationsPOToOperationViewObjectsMapper.swift in Sources */,
				3949D78A2B39B51C005B4904 /* SettingsTableViewCell.swift in Sources */,
				39EC46F02B20953200C2BA0D /* OperationCreationDateViewObject.swift in Sources */,
				39EC46EA2B10C8E400C2BA0D /* Date + Extension.swift in Sources */,
				3949D7D92B3E0BDD005B4904 /* CategoryPOToCategoryViewObjectMapper.swift in Sources */,
				39A7D6902A6E98630085E861 /* CategoryListinteractor.swift in Sources */,
				3949D7A42B3C3F82005B4904 /* CategoryCreationParentCategoryViewObject.swift in Sources */,
				3907A4D42A704A03007C6412 /* TotalAmountTableViewCell.swift in Sources */,
				3907A4E82A71B8D0007C6412 /* OperationsTableViewCell.swift in Sources */,
				3949D7A92B3C4202005B4904 /* CategoryCreationParentCategoryTableViewCell.swift in Sources */,
				39EC46F82B222C9800C2BA0D /* OperationCreationTemplateViewObjectToOperationViewObjetMapper.swift in Sources */,
				391FA0A32A2135950096EB59 /* AppDelegate.swift in Sources */,
				395A7AB62A3E11E3000A9BE2 /* OperationCreationInteractorIOProtocols.swift in Sources */,
				394034502A685D1300D45D24 /* CashFlowTableViewCellViewObject.swift in Sources */,
				3949D7DB2B4027E6005B4904 /* CategoryCreationTemplateViewObject.swift in Sources */,
				391FA0D92A2148560096EB59 /* OperationsConfigurator.swift in Sources */,
				3949D79A2B3C3C6D005B4904 /* CategoryCreationPresenter.swift in Sources */,
				39A7D6942A6E98B60085E861 /* CategoryListInitializer.swift in Sources */,
				391FA0E72A2149720096EB59 /* OperationsInteractorIOProtocols.swift in Sources */,
				395A7AAE2A3E0E6D000A9BE2 /* OperationCreationViewController.swift in Sources */,
				3949D7722B371E69005B4904 /* CategoryListHeaderView.swift in Sources */,
				3949D7A72B3C4080005B4904 /* CategoryCreationSetTitleNameViewObject.swift in Sources */,
				394034402A5F280800D45D24 /* HeaderTableViewCell.swift in Sources */,
				3949D7B32B3C5FCB005B4904 /* CategoryParentListTableViewCell.swift in Sources */,
				3949D7AF2B3C5F57005B4904 /* CategoryParentListViewController.swift in Sources */,
				39A7D69C2A6E9C110085E861 /* CategoryListTableViewCell.swift in Sources */,
				39A7D6922A6E987A0085E861 /* CategoryListinteractorIOProtocols.swift in Sources */,
				39AA92882A3A2E0700F2FF30 /* OperationPO.swift in Sources */,
				3949D7D62B3E0AA6005B4904 /* CategoryToCategoryPOMapper.swift in Sources */,
				39EC46FF2B23773400C2BA0D /* CommentTableViewCell.swift in Sources */,
				3949D7842B39B13F005B4904 /* SettingsIOProtocols.swift in Sources */,
				3949D77A2B39B060005B4904 /* SettingsPresenter.swift in Sources */,
				391FA0A52A2135950096EB59 /* SceneDelegate.swift in Sources */,
				3949D7C52B3C61C0005B4904 /* CategoryParentListConfigurator.swift in Sources */,
				3949D7C32B3C6187005B4904 /* CategoryParentListInitializer.swift in Sources */,
				3949D78D2B39B99F005B4904 /* SettingsCategoryViewObject.swift in Sources */,
				3940343B2A5734CB00D45D24 /* ExpensesToExpensesPOMapper.swift in Sources */,
				39B1C9AC2A5094FA0065442C /* ExpensePO.swift in Sources */,
				3940344C2A685C7400D45D24 /* OperationCreationCategoryViewObject.swift in Sources */,
				39A7D6992A6E9B9E0085E861 /* CategoryListViewObject.swift in Sources */,
				3940344A2A685C3200D45D24 /* OperationCreationHeaderViewObject.swift in Sources */,
				3949D7D42B3DFFF5005B4904 /* CategoryParentListSelectionHandler.swift in Sources */,
				391FA0E12A2148A20096EB59 /* OperationsViewController.swift in Sources */,
				3907A4DC2A71A613007C6412 /* Category.swift in Sources */,
				3949D7BD2B3C609A005B4904 /* CategoryParentListIOProtocols.swift in Sources */,
				3949D7BF2B3C60F0005B4904 /* CategoryParentListInteractor.swift in Sources */,
				3949D7742B372BEF005B4904 /* CategoryListHeaderSelectionHandler.swift in Sources */,
				391FA0E52A2149510096EB59 /* OperationsIOProtocols.swift in Sources */,
				394034462A65B78B00D45D24 /* CategoryTableViewCell.swift in Sources */,
			);
			runOnlyForDeploymentPostprocessing = 0;
		};
		391FA0B12A2135970096EB59 /* Sources */ = {
			isa = PBXSourcesBuildPhase;
			buildActionMask = 2147483647;
			files = (
				391FA0BA2A2135970096EB59 /* CashFlowTests.swift in Sources */,
			);
			runOnlyForDeploymentPostprocessing = 0;
		};
		391FA0BB2A2135970096EB59 /* Sources */ = {
			isa = PBXSourcesBuildPhase;
			buildActionMask = 2147483647;
			files = (
				391FA0C62A2135970096EB59 /* CashFlowUITestsLaunchTests.swift in Sources */,
				391FA0C42A2135970096EB59 /* CashFlowUITests.swift in Sources */,
			);
			runOnlyForDeploymentPostprocessing = 0;
		};
/* End PBXSourcesBuildPhase section */

/* Begin PBXTargetDependency section */
		391FA0B72A2135970096EB59 /* PBXTargetDependency */ = {
			isa = PBXTargetDependency;
			target = 391FA09E2A2135950096EB59 /* CashFlow */;
			targetProxy = 391FA0B62A2135970096EB59 /* PBXContainerItemProxy */;
		};
		391FA0C12A2135970096EB59 /* PBXTargetDependency */ = {
			isa = PBXTargetDependency;
			target = 391FA09E2A2135950096EB59 /* CashFlow */;
			targetProxy = 391FA0C02A2135970096EB59 /* PBXContainerItemProxy */;
		};
/* End PBXTargetDependency section */

/* Begin PBXVariantGroup section */
		391FA0AD2A2135970096EB59 /* LaunchScreen.storyboard */ = {
			isa = PBXVariantGroup;
			children = (
				391FA0AE2A2135970096EB59 /* Base */,
			);
			name = LaunchScreen.storyboard;
			sourceTree = "<group>";
		};
/* End PBXVariantGroup section */

/* Begin XCBuildConfiguration section */
		391FA0C72A2135970096EB59 /* Debug */ = {
			isa = XCBuildConfiguration;
			buildSettings = {
				ALWAYS_SEARCH_USER_PATHS = NO;
				CLANG_ANALYZER_NONNULL = YES;
				CLANG_ANALYZER_NUMBER_OBJECT_CONVERSION = YES_AGGRESSIVE;
				CLANG_CXX_LANGUAGE_STANDARD = "gnu++20";
				CLANG_ENABLE_MODULES = YES;
				CLANG_ENABLE_OBJC_ARC = YES;
				CLANG_ENABLE_OBJC_WEAK = YES;
				CLANG_WARN_BLOCK_CAPTURE_AUTORELEASING = YES;
				CLANG_WARN_BOOL_CONVERSION = YES;
				CLANG_WARN_COMMA = YES;
				CLANG_WARN_CONSTANT_CONVERSION = YES;
				CLANG_WARN_DEPRECATED_OBJC_IMPLEMENTATIONS = YES;
				CLANG_WARN_DIRECT_OBJC_ISA_USAGE = YES_ERROR;
				CLANG_WARN_DOCUMENTATION_COMMENTS = YES;
				CLANG_WARN_EMPTY_BODY = YES;
				CLANG_WARN_ENUM_CONVERSION = YES;
				CLANG_WARN_INFINITE_RECURSION = YES;
				CLANG_WARN_INT_CONVERSION = YES;
				CLANG_WARN_NON_LITERAL_NULL_CONVERSION = YES;
				CLANG_WARN_OBJC_IMPLICIT_RETAIN_SELF = YES;
				CLANG_WARN_OBJC_LITERAL_CONVERSION = YES;
				CLANG_WARN_OBJC_ROOT_CLASS = YES_ERROR;
				CLANG_WARN_QUOTED_INCLUDE_IN_FRAMEWORK_HEADER = YES;
				CLANG_WARN_RANGE_LOOP_ANALYSIS = YES;
				CLANG_WARN_STRICT_PROTOTYPES = YES;
				CLANG_WARN_SUSPICIOUS_MOVE = YES;
				CLANG_WARN_UNGUARDED_AVAILABILITY = YES_AGGRESSIVE;
				CLANG_WARN_UNREACHABLE_CODE = YES;
				CLANG_WARN__DUPLICATE_METHOD_MATCH = YES;
				COPY_PHASE_STRIP = NO;
				DEBUG_INFORMATION_FORMAT = dwarf;
				ENABLE_STRICT_OBJC_MSGSEND = YES;
				ENABLE_TESTABILITY = YES;
				ENABLE_USER_SCRIPT_SANDBOXING = YES;
				GCC_C_LANGUAGE_STANDARD = gnu11;
				GCC_DYNAMIC_NO_PIC = NO;
				GCC_NO_COMMON_BLOCKS = YES;
				GCC_OPTIMIZATION_LEVEL = 0;
				GCC_PREPROCESSOR_DEFINITIONS = (
					"DEBUG=1",
					"$(inherited)",
				);
				GCC_WARN_64_TO_32_BIT_CONVERSION = YES;
				GCC_WARN_ABOUT_RETURN_TYPE = YES_ERROR;
				GCC_WARN_UNDECLARED_SELECTOR = YES;
				GCC_WARN_UNINITIALIZED_AUTOS = YES_AGGRESSIVE;
				GCC_WARN_UNUSED_FUNCTION = YES;
				GCC_WARN_UNUSED_VARIABLE = YES;
				IPHONEOS_DEPLOYMENT_TARGET = 16.4;
				MTL_ENABLE_DEBUG_INFO = INCLUDE_SOURCE;
				MTL_FAST_MATH = YES;
				ONLY_ACTIVE_ARCH = YES;
				SDKROOT = iphoneos;
				SWIFT_ACTIVE_COMPILATION_CONDITIONS = DEBUG;
				SWIFT_OPTIMIZATION_LEVEL = "-Onone";
			};
			name = Debug;
		};
		391FA0C82A2135970096EB59 /* Release */ = {
			isa = XCBuildConfiguration;
			buildSettings = {
				ALWAYS_SEARCH_USER_PATHS = NO;
				CLANG_ANALYZER_NONNULL = YES;
				CLANG_ANALYZER_NUMBER_OBJECT_CONVERSION = YES_AGGRESSIVE;
				CLANG_CXX_LANGUAGE_STANDARD = "gnu++20";
				CLANG_ENABLE_MODULES = YES;
				CLANG_ENABLE_OBJC_ARC = YES;
				CLANG_ENABLE_OBJC_WEAK = YES;
				CLANG_WARN_BLOCK_CAPTURE_AUTORELEASING = YES;
				CLANG_WARN_BOOL_CONVERSION = YES;
				CLANG_WARN_COMMA = YES;
				CLANG_WARN_CONSTANT_CONVERSION = YES;
				CLANG_WARN_DEPRECATED_OBJC_IMPLEMENTATIONS = YES;
				CLANG_WARN_DIRECT_OBJC_ISA_USAGE = YES_ERROR;
				CLANG_WARN_DOCUMENTATION_COMMENTS = YES;
				CLANG_WARN_EMPTY_BODY = YES;
				CLANG_WARN_ENUM_CONVERSION = YES;
				CLANG_WARN_INFINITE_RECURSION = YES;
				CLANG_WARN_INT_CONVERSION = YES;
				CLANG_WARN_NON_LITERAL_NULL_CONVERSION = YES;
				CLANG_WARN_OBJC_IMPLICIT_RETAIN_SELF = YES;
				CLANG_WARN_OBJC_LITERAL_CONVERSION = YES;
				CLANG_WARN_OBJC_ROOT_CLASS = YES_ERROR;
				CLANG_WARN_QUOTED_INCLUDE_IN_FRAMEWORK_HEADER = YES;
				CLANG_WARN_RANGE_LOOP_ANALYSIS = YES;
				CLANG_WARN_STRICT_PROTOTYPES = YES;
				CLANG_WARN_SUSPICIOUS_MOVE = YES;
				CLANG_WARN_UNGUARDED_AVAILABILITY = YES_AGGRESSIVE;
				CLANG_WARN_UNREACHABLE_CODE = YES;
				CLANG_WARN__DUPLICATE_METHOD_MATCH = YES;
				COPY_PHASE_STRIP = NO;
				DEBUG_INFORMATION_FORMAT = "dwarf-with-dsym";
				ENABLE_NS_ASSERTIONS = NO;
				ENABLE_STRICT_OBJC_MSGSEND = YES;
				ENABLE_USER_SCRIPT_SANDBOXING = YES;
				GCC_C_LANGUAGE_STANDARD = gnu11;
				GCC_NO_COMMON_BLOCKS = YES;
				GCC_WARN_64_TO_32_BIT_CONVERSION = YES;
				GCC_WARN_ABOUT_RETURN_TYPE = YES_ERROR;
				GCC_WARN_UNDECLARED_SELECTOR = YES;
				GCC_WARN_UNINITIALIZED_AUTOS = YES_AGGRESSIVE;
				GCC_WARN_UNUSED_FUNCTION = YES;
				GCC_WARN_UNUSED_VARIABLE = YES;
				IPHONEOS_DEPLOYMENT_TARGET = 16.4;
				MTL_ENABLE_DEBUG_INFO = NO;
				MTL_FAST_MATH = YES;
				SDKROOT = iphoneos;
				SWIFT_COMPILATION_MODE = wholemodule;
				SWIFT_OPTIMIZATION_LEVEL = "-O";
				VALIDATE_PRODUCT = YES;
			};
			name = Release;
		};
		391FA0CA2A2135970096EB59 /* Debug */ = {
			isa = XCBuildConfiguration;
			buildSettings = {
				ASSETCATALOG_COMPILER_APPICON_NAME = AppIcon;
				ASSETCATALOG_COMPILER_GLOBAL_ACCENT_COLOR_NAME = AccentColor;
				CODE_SIGN_STYLE = Automatic;
				CURRENT_PROJECT_VERSION = 1;
				DEVELOPMENT_TEAM = MCTA3N85W6;
				GENERATE_INFOPLIST_FILE = YES;
				INFOPLIST_FILE = CashFlow/Info.plist;
				INFOPLIST_KEY_UIApplicationSupportsIndirectInputEvents = YES;
				INFOPLIST_KEY_UILaunchStoryboardName = LaunchScreen;
				INFOPLIST_KEY_UIMainStoryboardFile = TabBar;
				INFOPLIST_KEY_UIStatusBarStyle = "";
				INFOPLIST_KEY_UISupportedInterfaceOrientations = UIInterfaceOrientationPortrait;
				LD_RUNPATH_SEARCH_PATHS = (
					"$(inherited)",
					"@executable_path/Frameworks",
				);
				MARKETING_VERSION = 1.0;
				PRODUCT_BUNDLE_IDENTIFIER = smagomedkadiev.cashFlowEasy;
				PRODUCT_NAME = "$(TARGET_NAME)";
				SWIFT_EMIT_LOC_STRINGS = YES;
				SWIFT_VERSION = 5.0;
				TARGETED_DEVICE_FAMILY = "1,2";
			};
			name = Debug;
		};
		391FA0CB2A2135970096EB59 /* Release */ = {
			isa = XCBuildConfiguration;
			buildSettings = {
				ASSETCATALOG_COMPILER_APPICON_NAME = AppIcon;
				ASSETCATALOG_COMPILER_GLOBAL_ACCENT_COLOR_NAME = AccentColor;
				CODE_SIGN_STYLE = Automatic;
				CURRENT_PROJECT_VERSION = 1;
				DEVELOPMENT_TEAM = MCTA3N85W6;
				GENERATE_INFOPLIST_FILE = YES;
				INFOPLIST_FILE = CashFlow/Info.plist;
				INFOPLIST_KEY_UIApplicationSupportsIndirectInputEvents = YES;
				INFOPLIST_KEY_UILaunchStoryboardName = LaunchScreen;
				INFOPLIST_KEY_UIMainStoryboardFile = TabBar;
				INFOPLIST_KEY_UIStatusBarStyle = "";
				INFOPLIST_KEY_UISupportedInterfaceOrientations = UIInterfaceOrientationPortrait;
				LD_RUNPATH_SEARCH_PATHS = (
					"$(inherited)",
					"@executable_path/Frameworks",
				);
				MARKETING_VERSION = 1.0;
				PRODUCT_BUNDLE_IDENTIFIER = smagomedkadiev.cashFlowEasy;
				PRODUCT_NAME = "$(TARGET_NAME)";
				SWIFT_EMIT_LOC_STRINGS = YES;
				SWIFT_VERSION = 5.0;
				TARGETED_DEVICE_FAMILY = "1,2";
			};
			name = Release;
		};
		391FA0CD2A2135970096EB59 /* Debug */ = {
			isa = XCBuildConfiguration;
			buildSettings = {
				ALWAYS_EMBED_SWIFT_STANDARD_LIBRARIES = YES;
				BUNDLE_LOADER = "$(TEST_HOST)";
				CODE_SIGN_STYLE = Automatic;
				CURRENT_PROJECT_VERSION = 1;
				DEVELOPMENT_TEAM = MCTA3N85W6;
				GENERATE_INFOPLIST_FILE = YES;
				IPHONEOS_DEPLOYMENT_TARGET = 16.4;
				MARKETING_VERSION = 1.0;
				PRODUCT_BUNDLE_IDENTIFIER = smagomedkadiev.CashFlowTests;
				PRODUCT_NAME = "$(TARGET_NAME)";
				SWIFT_EMIT_LOC_STRINGS = NO;
				SWIFT_VERSION = 5.0;
				TARGETED_DEVICE_FAMILY = "1,2";
				TEST_HOST = "$(BUILT_PRODUCTS_DIR)/CashFlow.app/$(BUNDLE_EXECUTABLE_FOLDER_PATH)/CashFlow";
			};
			name = Debug;
		};
		391FA0CE2A2135970096EB59 /* Release */ = {
			isa = XCBuildConfiguration;
			buildSettings = {
				ALWAYS_EMBED_SWIFT_STANDARD_LIBRARIES = YES;
				BUNDLE_LOADER = "$(TEST_HOST)";
				CODE_SIGN_STYLE = Automatic;
				CURRENT_PROJECT_VERSION = 1;
				DEVELOPMENT_TEAM = MCTA3N85W6;
				GENERATE_INFOPLIST_FILE = YES;
				IPHONEOS_DEPLOYMENT_TARGET = 16.4;
				MARKETING_VERSION = 1.0;
				PRODUCT_BUNDLE_IDENTIFIER = smagomedkadiev.CashFlowTests;
				PRODUCT_NAME = "$(TARGET_NAME)";
				SWIFT_EMIT_LOC_STRINGS = NO;
				SWIFT_VERSION = 5.0;
				TARGETED_DEVICE_FAMILY = "1,2";
				TEST_HOST = "$(BUILT_PRODUCTS_DIR)/CashFlow.app/$(BUNDLE_EXECUTABLE_FOLDER_PATH)/CashFlow";
			};
			name = Release;
		};
		391FA0D02A2135970096EB59 /* Debug */ = {
			isa = XCBuildConfiguration;
			buildSettings = {
				ALWAYS_EMBED_SWIFT_STANDARD_LIBRARIES = YES;
				CODE_SIGN_STYLE = Automatic;
				CURRENT_PROJECT_VERSION = 1;
				DEVELOPMENT_TEAM = MCTA3N85W6;
				GENERATE_INFOPLIST_FILE = YES;
				MARKETING_VERSION = 1.0;
				PRODUCT_BUNDLE_IDENTIFIER = smagomedkadiev.CashFlowUITests;
				PRODUCT_NAME = "$(TARGET_NAME)";
				SWIFT_EMIT_LOC_STRINGS = NO;
				SWIFT_VERSION = 5.0;
				TARGETED_DEVICE_FAMILY = "1,2";
				TEST_TARGET_NAME = CashFlow;
			};
			name = Debug;
		};
		391FA0D12A2135970096EB59 /* Release */ = {
			isa = XCBuildConfiguration;
			buildSettings = {
				ALWAYS_EMBED_SWIFT_STANDARD_LIBRARIES = YES;
				CODE_SIGN_STYLE = Automatic;
				CURRENT_PROJECT_VERSION = 1;
				DEVELOPMENT_TEAM = MCTA3N85W6;
				GENERATE_INFOPLIST_FILE = YES;
				MARKETING_VERSION = 1.0;
				PRODUCT_BUNDLE_IDENTIFIER = smagomedkadiev.CashFlowUITests;
				PRODUCT_NAME = "$(TARGET_NAME)";
				SWIFT_EMIT_LOC_STRINGS = NO;
				SWIFT_VERSION = 5.0;
				TARGETED_DEVICE_FAMILY = "1,2";
				TEST_TARGET_NAME = CashFlow;
			};
			name = Release;
		};
/* End XCBuildConfiguration section */

/* Begin XCConfigurationList section */
		391FA09A2A2135950096EB59 /* Build configuration list for PBXProject "CashFlow" */ = {
			isa = XCConfigurationList;
			buildConfigurations = (
				391FA0C72A2135970096EB59 /* Debug */,
				391FA0C82A2135970096EB59 /* Release */,
			);
			defaultConfigurationIsVisible = 0;
			defaultConfigurationName = Release;
		};
		391FA0C92A2135970096EB59 /* Build configuration list for PBXNativeTarget "CashFlow" */ = {
			isa = XCConfigurationList;
			buildConfigurations = (
				391FA0CA2A2135970096EB59 /* Debug */,
				391FA0CB2A2135970096EB59 /* Release */,
			);
			defaultConfigurationIsVisible = 0;
			defaultConfigurationName = Release;
		};
		391FA0CC2A2135970096EB59 /* Build configuration list for PBXNativeTarget "CashFlowTests" */ = {
			isa = XCConfigurationList;
			buildConfigurations = (
				391FA0CD2A2135970096EB59 /* Debug */,
				391FA0CE2A2135970096EB59 /* Release */,
			);
			defaultConfigurationIsVisible = 0;
			defaultConfigurationName = Release;
		};
		391FA0CF2A2135970096EB59 /* Build configuration list for PBXNativeTarget "CashFlowUITests" */ = {
			isa = XCConfigurationList;
			buildConfigurations = (
				391FA0D02A2135970096EB59 /* Debug */,
				391FA0D12A2135970096EB59 /* Release */,
			);
			defaultConfigurationIsVisible = 0;
			defaultConfigurationName = Release;
		};
/* End XCConfigurationList section */

/* Begin XCRemoteSwiftPackageReference section */
		392FECB42B2F637F00976128 /* XCRemoteSwiftPackageReference "realm-swift" */ = {
			isa = XCRemoteSwiftPackageReference;
			repositoryURL = "https://github.com/realm/realm-swift";
			requirement = {
				branch = master;
				kind = branch;
			};
		};
/* End XCRemoteSwiftPackageReference section */

/* Begin XCSwiftPackageProductDependency section */
		392FECB52B2F637F00976128 /* Realm */ = {
			isa = XCSwiftPackageProductDependency;
			package = 392FECB42B2F637F00976128 /* XCRemoteSwiftPackageReference "realm-swift" */;
			productName = Realm;
		};
		392FECB72B2F637F00976128 /* RealmSwift */ = {
			isa = XCSwiftPackageProductDependency;
			package = 392FECB42B2F637F00976128 /* XCRemoteSwiftPackageReference "realm-swift" */;
			productName = RealmSwift;
		};
/* End XCSwiftPackageProductDependency section */
	};
	rootObject = 391FA0972A2135950096EB59 /* Project object */;
}
