// !$*UTF8*$!
{
	archiveVersion = 1;
	classes = {
	};
	objectVersion = 56;
	objects = {

/* Begin PBXBuildFile section */
		391FA0A32A2135950096EB59 /* AppDelegate.swift in Sources */ = {isa = PBXBuildFile; fileRef = 391FA0A22A2135950096EB59 /* AppDelegate.swift */; };
		391FA0A52A2135950096EB59 /* SceneDelegate.swift in Sources */ = {isa = PBXBuildFile; fileRef = 391FA0A42A2135950096EB59 /* SceneDelegate.swift */; };
		391FA0AC2A2135970096EB59 /* Assets.xcassets in Resources */ = {isa = PBXBuildFile; fileRef = 391FA0AB2A2135970096EB59 /* Assets.xcassets */; };
		391FA0AF2A2135970096EB59 /* LaunchScreen.storyboard in Resources */ = {isa = PBXBuildFile; fileRef = 391FA0AD2A2135970096EB59 /* LaunchScreen.storyboard */; };
		391FA0BA2A2135970096EB59 /* CashFlowTests.swift in Sources */ = {isa = PBXBuildFile; fileRef = 391FA0B92A2135970096EB59 /* CashFlowTests.swift */; };
		391FA0C42A2135970096EB59 /* CashFlowUITests.swift in Sources */ = {isa = PBXBuildFile; fileRef = 391FA0C32A2135970096EB59 /* CashFlowUITests.swift */; };
		391FA0C62A2135970096EB59 /* CashFlowUITestsLaunchTests.swift in Sources */ = {isa = PBXBuildFile; fileRef = 391FA0C52A2135970096EB59 /* CashFlowUITestsLaunchTests.swift */; };
		391FA0D92A2148560096EB59 /* OperationsConfigurator.swift in Sources */ = {isa = PBXBuildFile; fileRef = 391FA0D82A2148560096EB59 /* OperationsConfigurator.swift */; };
		391FA0DB2A2148610096EB59 /* OperationsInitialier.swift in Sources */ = {isa = PBXBuildFile; fileRef = 391FA0DA2A2148610096EB59 /* OperationsInitialier.swift */; };
		391FA0DD2A2148700096EB59 /* OperationsInteractor.swift in Sources */ = {isa = PBXBuildFile; fileRef = 391FA0DC2A2148700096EB59 /* OperationsInteractor.swift */; };
		391FA0DF2A2148790096EB59 /* OperationsPresenter.swift in Sources */ = {isa = PBXBuildFile; fileRef = 391FA0DE2A2148790096EB59 /* OperationsPresenter.swift */; };
		391FA0E12A2148A20096EB59 /* OperationsViewController.swift in Sources */ = {isa = PBXBuildFile; fileRef = 391FA0E02A2148A20096EB59 /* OperationsViewController.swift */; };
		391FA0E52A2149510096EB59 /* OperationsIOProtocols.swift in Sources */ = {isa = PBXBuildFile; fileRef = 391FA0E42A2149510096EB59 /* OperationsIOProtocols.swift */; };
		391FA0E72A2149720096EB59 /* OperationsInteractorIOProtocols.swift in Sources */ = {isa = PBXBuildFile; fileRef = 391FA0E62A2149720096EB59 /* OperationsInteractorIOProtocols.swift */; };
		3940343B2A5734CB00D45D24 /* ExpensesToExpensesPOMapper.swift in Sources */ = {isa = PBXBuildFile; fileRef = 3940343A2A5734CB00D45D24 /* ExpensesToExpensesPOMapper.swift */; };
		394034402A5F280800D45D24 /* HeaderTableViewCell.swift in Sources */ = {isa = PBXBuildFile; fileRef = 3940343F2A5F280800D45D24 /* HeaderTableViewCell.swift */; };
		394034442A65B61600D45D24 /* SaveButtonTableViewCell.swift in Sources */ = {isa = PBXBuildFile; fileRef = 394034432A65B61600D45D24 /* SaveButtonTableViewCell.swift */; };
		394034462A65B78B00D45D24 /* CategoryTableViewCell.swift in Sources */ = {isa = PBXBuildFile; fileRef = 394034452A65B78B00D45D24 /* CategoryTableViewCell.swift */; };
		3940344A2A685C3200D45D24 /* OperationCreationHeaderViewObject.swift in Sources */ = {isa = PBXBuildFile; fileRef = 394034492A685C3200D45D24 /* OperationCreationHeaderViewObject.swift */; };
		3940344C2A685C7400D45D24 /* OperationCreationCategoryViewObject.swift in Sources */ = {isa = PBXBuildFile; fileRef = 3940344B2A685C7400D45D24 /* OperationCreationCategoryViewObject.swift */; };
		3940344E2A685C8C00D45D24 /* OperationCreationSaveButtonViewObject.swift in Sources */ = {isa = PBXBuildFile; fileRef = 3940344D2A685C8C00D45D24 /* OperationCreationSaveButtonViewObject.swift */; };
		394034502A685D1300D45D24 /* CashFlowTableViewCellViewObject.swift in Sources */ = {isa = PBXBuildFile; fileRef = 3940344F2A685D1300D45D24 /* CashFlowTableViewCellViewObject.swift */; };
		394034522A6865B000D45D24 /* OperationCreationWalletCategoryTableViewCell.swift in Sources */ = {isa = PBXBuildFile; fileRef = 394034512A6865B000D45D24 /* OperationCreationWalletCategoryTableViewCell.swift */; };
		394034542A6865F100D45D24 /* OperationCreationWalletCategoryViewObject.swift in Sources */ = {isa = PBXBuildFile; fileRef = 394034532A6865F100D45D24 /* OperationCreationWalletCategoryViewObject.swift */; };
		394034572A688D2800D45D24 /* OperationsWalletsViewObject.swift in Sources */ = {isa = PBXBuildFile; fileRef = 394034562A688D2800D45D24 /* OperationsWalletsViewObject.swift */; };
		3940345A2A688D6600D45D24 /* OperationsWalletsTableViewCell.swift in Sources */ = {isa = PBXBuildFile; fileRef = 394034592A688D6600D45D24 /* OperationsWalletsTableViewCell.swift */; };
		3940345D2A6C347E00D45D24 /* TabBar.storyboard in Resources */ = {isa = PBXBuildFile; fileRef = 3940345C2A6C347E00D45D24 /* TabBar.storyboard */; };
		394034602A6C34DA00D45D24 /* Settings.storyboard in Resources */ = {isa = PBXBuildFile; fileRef = 3940345F2A6C34DA00D45D24 /* Settings.storyboard */; };
		395A7AAE2A3E0E6D000A9BE2 /* OperationCreationViewController.swift in Sources */ = {isa = PBXBuildFile; fileRef = 395A7AAD2A3E0E6D000A9BE2 /* OperationCreationViewController.swift */; };
		395A7AB02A3E0E9D000A9BE2 /* OperationCreationPresenter.swift in Sources */ = {isa = PBXBuildFile; fileRef = 395A7AAF2A3E0E9D000A9BE2 /* OperationCreationPresenter.swift */; };
		395A7AB22A3E11C7000A9BE2 /* OperationCreationIOProtocols.swift in Sources */ = {isa = PBXBuildFile; fileRef = 395A7AB12A3E11C7000A9BE2 /* OperationCreationIOProtocols.swift */; };
		395A7AB42A3E11D4000A9BE2 /* OperationCreationInteractor.swift in Sources */ = {isa = PBXBuildFile; fileRef = 395A7AB32A3E11D3000A9BE2 /* OperationCreationInteractor.swift */; };
		395A7AB62A3E11E3000A9BE2 /* OperationCreationInteractorIOProtocols.swift in Sources */ = {isa = PBXBuildFile; fileRef = 395A7AB52A3E11E3000A9BE2 /* OperationCreationInteractorIOProtocols.swift */; };
		395A7AB82A3E11F0000A9BE2 /* OperationCreationConfigurator.swift in Sources */ = {isa = PBXBuildFile; fileRef = 395A7AB72A3E11F0000A9BE2 /* OperationCreationConfigurator.swift */; };
		395A7ABA2A3E11F6000A9BE2 /* OperationCreationInitializer.swift in Sources */ = {isa = PBXBuildFile; fileRef = 395A7AB92A3E11F6000A9BE2 /* OperationCreationInitializer.swift */; };
		395A7ABC2A3E11FD000A9BE2 /* OperationCreation.storyboard in Resources */ = {isa = PBXBuildFile; fileRef = 395A7ABB2A3E11FD000A9BE2 /* OperationCreation.storyboard */; };
		39A7D6782A6DB6570085E861 /* Operations.storyboard in Resources */ = {isa = PBXBuildFile; fileRef = 391FA0E22A2148D40096EB59 /* Operations.storyboard */; };
		39A7D67A2A6DB6C00085E861 /* SettingsViewController.swift in Sources */ = {isa = PBXBuildFile; fileRef = 39A7D6792A6DB6C00085E861 /* SettingsViewController.swift */; };
		39A7D67C2A6DB9830085E861 /* TabBarViewController.swift in Sources */ = {isa = PBXBuildFile; fileRef = 39A7D67B2A6DB9830085E861 /* TabBarViewController.swift */; };
		39A7D67F2A6DCDA50085E861 /* ApplicationRouter.swift in Sources */ = {isa = PBXBuildFile; fileRef = 39A7D67E2A6DCDA50085E861 /* ApplicationRouter.swift */; };
		39A7D6812A6DCDAB0085E861 /* Router.swift in Sources */ = {isa = PBXBuildFile; fileRef = 39A7D6802A6DCDAB0085E861 /* Router.swift */; };
		39A7D6842A6DCE940085E861 /* CategoryList.storyboard in Resources */ = {isa = PBXBuildFile; fileRef = 39A7D6832A6DCE940085E861 /* CategoryList.storyboard */; };
		39A7D6862A6DCEAD0085E861 /* CategoryListViewController.swift in Sources */ = {isa = PBXBuildFile; fileRef = 39A7D6852A6DCEAD0085E861 /* CategoryListViewController.swift */; };
		39A7D68C2A6E97D70085E861 /* CategoryListPresenter.swift in Sources */ = {isa = PBXBuildFile; fileRef = 39A7D68B2A6E97D70085E861 /* CategoryListPresenter.swift */; };
		39A7D68E2A6E97E90085E861 /* CategoryListIOProtocols.swift in Sources */ = {isa = PBXBuildFile; fileRef = 39A7D68D2A6E97E90085E861 /* CategoryListIOProtocols.swift */; };
		39A7D6902A6E98630085E861 /* CategoryListinteractor.swift in Sources */ = {isa = PBXBuildFile; fileRef = 39A7D68F2A6E98630085E861 /* CategoryListinteractor.swift */; };
		39A7D6922A6E987A0085E861 /* CategoryListinteractorIOProtocols.swift in Sources */ = {isa = PBXBuildFile; fileRef = 39A7D6912A6E987A0085E861 /* CategoryListinteractorIOProtocols.swift */; };
		39A7D6942A6E98B60085E861 /* CategoryListInitializer.swift in Sources */ = {isa = PBXBuildFile; fileRef = 39A7D6932A6E98B60085E861 /* CategoryListInitializer.swift */; };
		39A7D6962A6E98C60085E861 /* CategoryListConfigurator.swift in Sources */ = {isa = PBXBuildFile; fileRef = 39A7D6952A6E98C60085E861 /* CategoryListConfigurator.swift */; };
		39A7D6992A6E9B9E0085E861 /* CategoryListViewObject.swift in Sources */ = {isa = PBXBuildFile; fileRef = 39A7D6982A6E9B9E0085E861 /* CategoryListViewObject.swift */; };
		39A7D69C2A6E9C110085E861 /* CategoryListTableViewCell.swift in Sources */ = {isa = PBXBuildFile; fileRef = 39A7D69B2A6E9C110085E861 /* CategoryListTableViewCell.swift */; };
		39A7D69F2A6EAEEB0085E861 /* WalletListViewController.swift in Sources */ = {isa = PBXBuildFile; fileRef = 39A7D69E2A6EAEEB0085E861 /* WalletListViewController.swift */; };
		39A7D6A12A6EAF1C0085E861 /* WalletList.storyboard in Resources */ = {isa = PBXBuildFile; fileRef = 39A7D6A02A6EAF1C0085E861 /* WalletList.storyboard */; };
		39A7D6A42A6EAF830085E861 /* WalletListTableViewCell.swift in Sources */ = {isa = PBXBuildFile; fileRef = 39A7D6A32A6EAF830085E861 /* WalletListTableViewCell.swift */; };
		39A7D6A72A6EB0C30085E861 /* WalletListViewObject.swift in Sources */ = {isa = PBXBuildFile; fileRef = 39A7D6A62A6EB0C30085E861 /* WalletListViewObject.swift */; };
		39A7D6AD2A6EB12B0085E861 /* WalletListPresenter.swift in Sources */ = {isa = PBXBuildFile; fileRef = 39A7D6AC2A6EB12B0085E861 /* WalletListPresenter.swift */; };
		39A7D6AF2A6EB14A0085E861 /* WalletListIOProtocols.swift in Sources */ = {isa = PBXBuildFile; fileRef = 39A7D6AE2A6EB14A0085E861 /* WalletListIOProtocols.swift */; };
		39A7D6B12A6EB16F0085E861 /* WalletListInteractor.swift in Sources */ = {isa = PBXBuildFile; fileRef = 39A7D6B02A6EB16F0085E861 /* WalletListInteractor.swift */; };
		39A7D6B32A6EB17D0085E861 /* WalletListInteractorIOProtocols.swift in Sources */ = {isa = PBXBuildFile; fileRef = 39A7D6B22A6EB17D0085E861 /* WalletListInteractorIOProtocols.swift */; };
		39A7D6B52A6EB19A0085E861 /* WalletListInitializer.swift in Sources */ = {isa = PBXBuildFile; fileRef = 39A7D6B42A6EB19A0085E861 /* WalletListInitializer.swift */; };
		39A7D6B72A6EB1B30085E861 /* WalletListConfigurator.swift in Sources */ = {isa = PBXBuildFile; fileRef = 39A7D6B62A6EB1B30085E861 /* WalletListConfigurator.swift */; };
		39AA92792A3A1AA000F2FF30 /* Realm in Frameworks */ = {isa = PBXBuildFile; productRef = 39AA92782A3A1AA000F2FF30 /* Realm */; };
		39AA927B2A3A1AA000F2FF30 /* RealmSwift in Frameworks */ = {isa = PBXBuildFile; productRef = 39AA927A2A3A1AA000F2FF30 /* RealmSwift */; };
		39AA927E2A3A23E600F2FF30 /* RealmManager.swift in Sources */ = {isa = PBXBuildFile; fileRef = 39AA927D2A3A23E600F2FF30 /* RealmManager.swift */; };
		39AA92802A3A240600F2FF30 /* RealmManagerProtocol.swift in Sources */ = {isa = PBXBuildFile; fileRef = 39AA927F2A3A240600F2FF30 /* RealmManagerProtocol.swift */; };
		39AA92832A3A2D8000F2FF30 /* OperationsRealmDAO.swift in Sources */ = {isa = PBXBuildFile; fileRef = 39AA92822A3A2D8000F2FF30 /* OperationsRealmDAO.swift */; };
		39AA92852A3A2D8C00F2FF30 /* OperationsDAO.swift in Sources */ = {isa = PBXBuildFile; fileRef = 39AA92842A3A2D8C00F2FF30 /* OperationsDAO.swift */; };
		39AA92882A3A2E0700F2FF30 /* OperationPO.swift in Sources */ = {isa = PBXBuildFile; fileRef = 39AA92872A3A2E0700F2FF30 /* OperationPO.swift */; };
		39AA928A2A3A2F8900F2FF30 /* Operation.swift in Sources */ = {isa = PBXBuildFile; fileRef = 39AA92892A3A2F8900F2FF30 /* Operation.swift */; };
		39AA928D2A3A3E1500F2FF30 /* OperationsToOperationsPOMapper.swift in Sources */ = {isa = PBXBuildFile; fileRef = 39AA928C2A3A3E1500F2FF30 /* OperationsToOperationsPOMapper.swift */; };
		39B1C9AA2A5094450065442C /* Expense.swift in Sources */ = {isa = PBXBuildFile; fileRef = 39B1C9A92A5094450065442C /* Expense.swift */; };
		39B1C9AC2A5094FA0065442C /* ExpensePO.swift in Sources */ = {isa = PBXBuildFile; fileRef = 39B1C9AB2A5094FA0065442C /* ExpensePO.swift */; };
/* End PBXBuildFile section */

/* Begin PBXContainerItemProxy section */
		391FA0B62A2135970096EB59 /* PBXContainerItemProxy */ = {
			isa = PBXContainerItemProxy;
			containerPortal = 391FA0972A2135950096EB59 /* Project object */;
			proxyType = 1;
			remoteGlobalIDString = 391FA09E2A2135950096EB59;
			remoteInfo = CashFlow;
		};
		391FA0C02A2135970096EB59 /* PBXContainerItemProxy */ = {
			isa = PBXContainerItemProxy;
			containerPortal = 391FA0972A2135950096EB59 /* Project object */;
			proxyType = 1;
			remoteGlobalIDString = 391FA09E2A2135950096EB59;
			remoteInfo = CashFlow;
		};
/* End PBXContainerItemProxy section */

/* Begin PBXFileReference section */
		391FA09F2A2135950096EB59 /* CashFlow.app */ = {isa = PBXFileReference; explicitFileType = wrapper.application; includeInIndex = 0; path = CashFlow.app; sourceTree = BUILT_PRODUCTS_DIR; };
		391FA0A22A2135950096EB59 /* AppDelegate.swift */ = {isa = PBXFileReference; lastKnownFileType = sourcecode.swift; path = AppDelegate.swift; sourceTree = "<group>"; };
		391FA0A42A2135950096EB59 /* SceneDelegate.swift */ = {isa = PBXFileReference; lastKnownFileType = sourcecode.swift; path = SceneDelegate.swift; sourceTree = "<group>"; };
		391FA0AB2A2135970096EB59 /* Assets.xcassets */ = {isa = PBXFileReference; lastKnownFileType = folder.assetcatalog; path = Assets.xcassets; sourceTree = "<group>"; };
		391FA0AE2A2135970096EB59 /* Base */ = {isa = PBXFileReference; lastKnownFileType = file.storyboard; name = Base; path = Base.lproj/LaunchScreen.storyboard; sourceTree = "<group>"; };
		391FA0B02A2135970096EB59 /* Info.plist */ = {isa = PBXFileReference; lastKnownFileType = text.plist.xml; path = Info.plist; sourceTree = "<group>"; };
		391FA0B52A2135970096EB59 /* CashFlowTests.xctest */ = {isa = PBXFileReference; explicitFileType = wrapper.cfbundle; includeInIndex = 0; path = CashFlowTests.xctest; sourceTree = BUILT_PRODUCTS_DIR; };
		391FA0B92A2135970096EB59 /* CashFlowTests.swift */ = {isa = PBXFileReference; lastKnownFileType = sourcecode.swift; path = CashFlowTests.swift; sourceTree = "<group>"; };
		391FA0BF2A2135970096EB59 /* CashFlowUITests.xctest */ = {isa = PBXFileReference; explicitFileType = wrapper.cfbundle; includeInIndex = 0; path = CashFlowUITests.xctest; sourceTree = BUILT_PRODUCTS_DIR; };
		391FA0C32A2135970096EB59 /* CashFlowUITests.swift */ = {isa = PBXFileReference; lastKnownFileType = sourcecode.swift; path = CashFlowUITests.swift; sourceTree = "<group>"; };
		391FA0C52A2135970096EB59 /* CashFlowUITestsLaunchTests.swift */ = {isa = PBXFileReference; lastKnownFileType = sourcecode.swift; path = CashFlowUITestsLaunchTests.swift; sourceTree = "<group>"; };
		391FA0D82A2148560096EB59 /* OperationsConfigurator.swift */ = {isa = PBXFileReference; lastKnownFileType = sourcecode.swift; path = OperationsConfigurator.swift; sourceTree = "<group>"; };
		391FA0DA2A2148610096EB59 /* OperationsInitialier.swift */ = {isa = PBXFileReference; lastKnownFileType = sourcecode.swift; path = OperationsInitialier.swift; sourceTree = "<group>"; };
		391FA0DC2A2148700096EB59 /* OperationsInteractor.swift */ = {isa = PBXFileReference; lastKnownFileType = sourcecode.swift; path = OperationsInteractor.swift; sourceTree = "<group>"; };
		391FA0DE2A2148790096EB59 /* OperationsPresenter.swift */ = {isa = PBXFileReference; lastKnownFileType = sourcecode.swift; path = OperationsPresenter.swift; sourceTree = "<group>"; };
		391FA0E02A2148A20096EB59 /* OperationsViewController.swift */ = {isa = PBXFileReference; lastKnownFileType = sourcecode.swift; path = OperationsViewController.swift; sourceTree = "<group>"; };
		391FA0E22A2148D40096EB59 /* Operations.storyboard */ = {isa = PBXFileReference; lastKnownFileType = file.storyboard; path = Operations.storyboard; sourceTree = "<group>"; };
		391FA0E42A2149510096EB59 /* OperationsIOProtocols.swift */ = {isa = PBXFileReference; lastKnownFileType = sourcecode.swift; path = OperationsIOProtocols.swift; sourceTree = "<group>"; };
		391FA0E62A2149720096EB59 /* OperationsInteractorIOProtocols.swift */ = {isa = PBXFileReference; lastKnownFileType = sourcecode.swift; path = OperationsInteractorIOProtocols.swift; sourceTree = "<group>"; };
		3940343A2A5734CB00D45D24 /* ExpensesToExpensesPOMapper.swift */ = {isa = PBXFileReference; lastKnownFileType = sourcecode.swift; path = ExpensesToExpensesPOMapper.swift; sourceTree = "<group>"; };
		3940343F2A5F280800D45D24 /* HeaderTableViewCell.swift */ = {isa = PBXFileReference; lastKnownFileType = sourcecode.swift; path = HeaderTableViewCell.swift; sourceTree = "<group>"; };
		394034432A65B61600D45D24 /* SaveButtonTableViewCell.swift */ = {isa = PBXFileReference; lastKnownFileType = sourcecode.swift; path = SaveButtonTableViewCell.swift; sourceTree = "<group>"; };
		394034452A65B78B00D45D24 /* CategoryTableViewCell.swift */ = {isa = PBXFileReference; lastKnownFileType = sourcecode.swift; path = CategoryTableViewCell.swift; sourceTree = "<group>"; };
		394034492A685C3200D45D24 /* OperationCreationHeaderViewObject.swift */ = {isa = PBXFileReference; lastKnownFileType = sourcecode.swift; path = OperationCreationHeaderViewObject.swift; sourceTree = "<group>"; };
		3940344B2A685C7400D45D24 /* OperationCreationCategoryViewObject.swift */ = {isa = PBXFileReference; lastKnownFileType = sourcecode.swift; path = OperationCreationCategoryViewObject.swift; sourceTree = "<group>"; };
		3940344D2A685C8C00D45D24 /* OperationCreationSaveButtonViewObject.swift */ = {isa = PBXFileReference; lastKnownFileType = sourcecode.swift; path = OperationCreationSaveButtonViewObject.swift; sourceTree = "<group>"; };
		3940344F2A685D1300D45D24 /* CashFlowTableViewCellViewObject.swift */ = {isa = PBXFileReference; lastKnownFileType = sourcecode.swift; path = CashFlowTableViewCellViewObject.swift; sourceTree = "<group>"; };
		394034512A6865B000D45D24 /* OperationCreationWalletCategoryTableViewCell.swift */ = {isa = PBXFileReference; lastKnownFileType = sourcecode.swift; path = OperationCreationWalletCategoryTableViewCell.swift; sourceTree = "<group>"; };
		394034532A6865F100D45D24 /* OperationCreationWalletCategoryViewObject.swift */ = {isa = PBXFileReference; lastKnownFileType = sourcecode.swift; path = OperationCreationWalletCategoryViewObject.swift; sourceTree = "<group>"; };
		394034562A688D2800D45D24 /* OperationsWalletsViewObject.swift */ = {isa = PBXFileReference; lastKnownFileType = sourcecode.swift; path = OperationsWalletsViewObject.swift; sourceTree = "<group>"; };
		394034592A688D6600D45D24 /* OperationsWalletsTableViewCell.swift */ = {isa = PBXFileReference; lastKnownFileType = sourcecode.swift; path = OperationsWalletsTableViewCell.swift; sourceTree = "<group>"; };
		3940345C2A6C347E00D45D24 /* TabBar.storyboard */ = {isa = PBXFileReference; lastKnownFileType = file.storyboard; path = TabBar.storyboard; sourceTree = "<group>"; };
		3940345F2A6C34DA00D45D24 /* Settings.storyboard */ = {isa = PBXFileReference; lastKnownFileType = file.storyboard; path = Settings.storyboard; sourceTree = "<group>"; };
		395A7AAD2A3E0E6D000A9BE2 /* OperationCreationViewController.swift */ = {isa = PBXFileReference; lastKnownFileType = sourcecode.swift; path = OperationCreationViewController.swift; sourceTree = "<group>"; };
		395A7AAF2A3E0E9D000A9BE2 /* OperationCreationPresenter.swift */ = {isa = PBXFileReference; lastKnownFileType = sourcecode.swift; path = OperationCreationPresenter.swift; sourceTree = "<group>"; };
		395A7AB12A3E11C7000A9BE2 /* OperationCreationIOProtocols.swift */ = {isa = PBXFileReference; lastKnownFileType = sourcecode.swift; path = OperationCreationIOProtocols.swift; sourceTree = "<group>"; };
		395A7AB32A3E11D3000A9BE2 /* OperationCreationInteractor.swift */ = {isa = PBXFileReference; lastKnownFileType = sourcecode.swift; path = OperationCreationInteractor.swift; sourceTree = "<group>"; };
		395A7AB52A3E11E3000A9BE2 /* OperationCreationInteractorIOProtocols.swift */ = {isa = PBXFileReference; lastKnownFileType = sourcecode.swift; path = OperationCreationInteractorIOProtocols.swift; sourceTree = "<group>"; };
		395A7AB72A3E11F0000A9BE2 /* OperationCreationConfigurator.swift */ = {isa = PBXFileReference; lastKnownFileType = sourcecode.swift; path = OperationCreationConfigurator.swift; sourceTree = "<group>"; };
		395A7AB92A3E11F6000A9BE2 /* OperationCreationInitializer.swift */ = {isa = PBXFileReference; lastKnownFileType = sourcecode.swift; path = OperationCreationInitializer.swift; sourceTree = "<group>"; };
		395A7ABB2A3E11FD000A9BE2 /* OperationCreation.storyboard */ = {isa = PBXFileReference; lastKnownFileType = file.storyboard; path = OperationCreation.storyboard; sourceTree = "<group>"; };
		39A7D6792A6DB6C00085E861 /* SettingsViewController.swift */ = {isa = PBXFileReference; lastKnownFileType = sourcecode.swift; path = SettingsViewController.swift; sourceTree = "<group>"; };
		39A7D67B2A6DB9830085E861 /* TabBarViewController.swift */ = {isa = PBXFileReference; lastKnownFileType = sourcecode.swift; path = TabBarViewController.swift; sourceTree = "<group>"; };
		39A7D67E2A6DCDA50085E861 /* ApplicationRouter.swift */ = {isa = PBXFileReference; lastKnownFileType = sourcecode.swift; path = ApplicationRouter.swift; sourceTree = "<group>"; };
		39A7D6802A6DCDAB0085E861 /* Router.swift */ = {isa = PBXFileReference; lastKnownFileType = sourcecode.swift; path = Router.swift; sourceTree = "<group>"; };
		39A7D6832A6DCE940085E861 /* CategoryList.storyboard */ = {isa = PBXFileReference; lastKnownFileType = file.storyboard; path = CategoryList.storyboard; sourceTree = "<group>"; };
		39A7D6852A6DCEAD0085E861 /* CategoryListViewController.swift */ = {isa = PBXFileReference; lastKnownFileType = sourcecode.swift; path = CategoryListViewController.swift; sourceTree = "<group>"; };
		39A7D68B2A6E97D70085E861 /* CategoryListPresenter.swift */ = {isa = PBXFileReference; lastKnownFileType = sourcecode.swift; path = CategoryListPresenter.swift; sourceTree = "<group>"; };
		39A7D68D2A6E97E90085E861 /* CategoryListIOProtocols.swift */ = {isa = PBXFileReference; lastKnownFileType = sourcecode.swift; path = CategoryListIOProtocols.swift; sourceTree = "<group>"; };
		39A7D68F2A6E98630085E861 /* CategoryListinteractor.swift */ = {isa = PBXFileReference; lastKnownFileType = sourcecode.swift; path = CategoryListinteractor.swift; sourceTree = "<group>"; };
		39A7D6912A6E987A0085E861 /* CategoryListinteractorIOProtocols.swift */ = {isa = PBXFileReference; lastKnownFileType = sourcecode.swift; path = CategoryListinteractorIOProtocols.swift; sourceTree = "<group>"; };
		39A7D6932A6E98B60085E861 /* CategoryListInitializer.swift */ = {isa = PBXFileReference; lastKnownFileType = sourcecode.swift; path = CategoryListInitializer.swift; sourceTree = "<group>"; };
		39A7D6952A6E98C60085E861 /* CategoryListConfigurator.swift */ = {isa = PBXFileReference; lastKnownFileType = sourcecode.swift; path = CategoryListConfigurator.swift; sourceTree = "<group>"; };
		39A7D6982A6E9B9E0085E861 /* CategoryListViewObject.swift */ = {isa = PBXFileReference; lastKnownFileType = sourcecode.swift; path = CategoryListViewObject.swift; sourceTree = "<group>"; };
		39A7D69B2A6E9C110085E861 /* CategoryListTableViewCell.swift */ = {isa = PBXFileReference; lastKnownFileType = sourcecode.swift; path = CategoryListTableViewCell.swift; sourceTree = "<group>"; };
		39A7D69E2A6EAEEB0085E861 /* WalletListViewController.swift */ = {isa = PBXFileReference; lastKnownFileType = sourcecode.swift; path = WalletListViewController.swift; sourceTree = "<group>"; };
		39A7D6A02A6EAF1C0085E861 /* WalletList.storyboard */ = {isa = PBXFileReference; lastKnownFileType = file.storyboard; path = WalletList.storyboard; sourceTree = "<group>"; };
		39A7D6A32A6EAF830085E861 /* WalletListTableViewCell.swift */ = {isa = PBXFileReference; lastKnownFileType = sourcecode.swift; path = WalletListTableViewCell.swift; sourceTree = "<group>"; };
		39A7D6A62A6EB0C30085E861 /* WalletListViewObject.swift */ = {isa = PBXFileReference; lastKnownFileType = sourcecode.swift; path = WalletListViewObject.swift; sourceTree = "<group>"; };
		39A7D6AC2A6EB12B0085E861 /* WalletListPresenter.swift */ = {isa = PBXFileReference; lastKnownFileType = sourcecode.swift; path = WalletListPresenter.swift; sourceTree = "<group>"; };
		39A7D6AE2A6EB14A0085E861 /* WalletListIOProtocols.swift */ = {isa = PBXFileReference; lastKnownFileType = sourcecode.swift; path = WalletListIOProtocols.swift; sourceTree = "<group>"; };
		39A7D6B02A6EB16F0085E861 /* WalletListInteractor.swift */ = {isa = PBXFileReference; lastKnownFileType = sourcecode.swift; path = WalletListInteractor.swift; sourceTree = "<group>"; };
		39A7D6B22A6EB17D0085E861 /* WalletListInteractorIOProtocols.swift */ = {isa = PBXFileReference; lastKnownFileType = sourcecode.swift; path = WalletListInteractorIOProtocols.swift; sourceTree = "<group>"; };
		39A7D6B42A6EB19A0085E861 /* WalletListInitializer.swift */ = {isa = PBXFileReference; lastKnownFileType = sourcecode.swift; path = WalletListInitializer.swift; sourceTree = "<group>"; };
		39A7D6B62A6EB1B30085E861 /* WalletListConfigurator.swift */ = {isa = PBXFileReference; lastKnownFileType = sourcecode.swift; path = WalletListConfigurator.swift; sourceTree = "<group>"; };
		39AA927D2A3A23E600F2FF30 /* RealmManager.swift */ = {isa = PBXFileReference; lastKnownFileType = sourcecode.swift; path = RealmManager.swift; sourceTree = "<group>"; };
		39AA927F2A3A240600F2FF30 /* RealmManagerProtocol.swift */ = {isa = PBXFileReference; lastKnownFileType = sourcecode.swift; path = RealmManagerProtocol.swift; sourceTree = "<group>"; };
		39AA92822A3A2D8000F2FF30 /* OperationsRealmDAO.swift */ = {isa = PBXFileReference; lastKnownFileType = sourcecode.swift; path = OperationsRealmDAO.swift; sourceTree = "<group>"; };
		39AA92842A3A2D8C00F2FF30 /* OperationsDAO.swift */ = {isa = PBXFileReference; lastKnownFileType = sourcecode.swift; path = OperationsDAO.swift; sourceTree = "<group>"; };
		39AA92872A3A2E0700F2FF30 /* OperationPO.swift */ = {isa = PBXFileReference; lastKnownFileType = sourcecode.swift; path = OperationPO.swift; sourceTree = "<group>"; };
		39AA92892A3A2F8900F2FF30 /* Operation.swift */ = {isa = PBXFileReference; lastKnownFileType = sourcecode.swift; path = Operation.swift; sourceTree = "<group>"; };
		39AA928C2A3A3E1500F2FF30 /* OperationsToOperationsPOMapper.swift */ = {isa = PBXFileReference; lastKnownFileType = sourcecode.swift; path = OperationsToOperationsPOMapper.swift; sourceTree = "<group>"; };
		39B1C9A92A5094450065442C /* Expense.swift */ = {isa = PBXFileReference; lastKnownFileType = sourcecode.swift; path = Expense.swift; sourceTree = "<group>"; };
		39B1C9AB2A5094FA0065442C /* ExpensePO.swift */ = {isa = PBXFileReference; lastKnownFileType = sourcecode.swift; path = ExpensePO.swift; sourceTree = "<group>"; };
/* End PBXFileReference section */

/* Begin PBXFrameworksBuildPhase section */
		391FA09C2A2135950096EB59 /* Frameworks */ = {
			isa = PBXFrameworksBuildPhase;
			buildActionMask = 2147483647;
			files = (
				39AA927B2A3A1AA000F2FF30 /* RealmSwift in Frameworks */,
				39AA92792A3A1AA000F2FF30 /* Realm in Frameworks */,
			);
			runOnlyForDeploymentPostprocessing = 0;
		};
		391FA0B22A2135970096EB59 /* Frameworks */ = {
			isa = PBXFrameworksBuildPhase;
			buildActionMask = 2147483647;
			files = (
			);
			runOnlyForDeploymentPostprocessing = 0;
		};
		391FA0BC2A2135970096EB59 /* Frameworks */ = {
			isa = PBXFrameworksBuildPhase;
			buildActionMask = 2147483647;
			files = (
			);
			runOnlyForDeploymentPostprocessing = 0;
		};
/* End PBXFrameworksBuildPhase section */

/* Begin PBXGroup section */
		391FA0962A2135950096EB59 = {
			isa = PBXGroup;
			children = (
				391FA0A12A2135950096EB59 /* CashFlow */,
				391FA0B82A2135970096EB59 /* CashFlowTests */,
				391FA0C22A2135970096EB59 /* CashFlowUITests */,
				391FA0A02A2135950096EB59 /* Products */,
			);
			sourceTree = "<group>";
		};
		391FA0A02A2135950096EB59 /* Products */ = {
			isa = PBXGroup;
			children = (
				391FA09F2A2135950096EB59 /* CashFlow.app */,
				391FA0B52A2135970096EB59 /* CashFlowTests.xctest */,
				391FA0BF2A2135970096EB59 /* CashFlowUITests.xctest */,
			);
			name = Products;
			sourceTree = "<group>";
		};
		391FA0A12A2135950096EB59 /* CashFlow */ = {
			isa = PBXGroup;
			children = (
				39AA92862A3A2DFF00F2FF30 /* Models */,
				39AD17302A3A16B9002E9668 /* Utilities */,
				391FA0D22A2147AA0096EB59 /* Scenes */,
				391FA0A22A2135950096EB59 /* AppDelegate.swift */,
				391FA0A42A2135950096EB59 /* SceneDelegate.swift */,
				391FA0AB2A2135970096EB59 /* Assets.xcassets */,
				391FA0AD2A2135970096EB59 /* LaunchScreen.storyboard */,
				391FA0B02A2135970096EB59 /* Info.plist */,
			);
			path = CashFlow;
			sourceTree = "<group>";
		};
		391FA0B82A2135970096EB59 /* CashFlowTests */ = {
			isa = PBXGroup;
			children = (
				391FA0B92A2135970096EB59 /* CashFlowTests.swift */,
			);
			path = CashFlowTests;
			sourceTree = "<group>";
		};
		391FA0C22A2135970096EB59 /* CashFlowUITests */ = {
			isa = PBXGroup;
			children = (
				391FA0C32A2135970096EB59 /* CashFlowUITests.swift */,
				391FA0C52A2135970096EB59 /* CashFlowUITestsLaunchTests.swift */,
			);
			path = CashFlowUITests;
			sourceTree = "<group>";
		};
		391FA0D22A2147AA0096EB59 /* Scenes */ = {
			isa = PBXGroup;
			children = (
				39A7D69D2A6EAEC50085E861 /* Wallets */,
				39A7D6822A6DCE820085E861 /* Categories */,
				3940345E2A6C34CB00D45D24 /* Settings */,
				3940345B2A6C347000D45D24 /* TabBar */,
				395A7AA82A3E0E1C000A9BE2 /* OperationCreation */,
				391FA0D32A2147DB0096EB59 /* Operations */,
			);
			path = Scenes;
			sourceTree = "<group>";
		};
		391FA0D32A2147DB0096EB59 /* Operations */ = {
			isa = PBXGroup;
			children = (
				394034552A688D0600D45D24 /* ViewObjects */,
				391FA0D72A21480C0096EB59 /* View */,
				391FA0D62A2148060096EB59 /* Presenter */,
				391FA0D52A2148000096EB59 /* Interactor */,
				391FA0D42A2147ED0096EB59 /* Configurator */,
			);
			path = Operations;
			sourceTree = "<group>";
		};
		391FA0D42A2147ED0096EB59 /* Configurator */ = {
			isa = PBXGroup;
			children = (
				391FA0D82A2148560096EB59 /* OperationsConfigurator.swift */,
				391FA0DA2A2148610096EB59 /* OperationsInitialier.swift */,
			);
			path = Configurator;
			sourceTree = "<group>";
		};
		391FA0D52A2148000096EB59 /* Interactor */ = {
			isa = PBXGroup;
			children = (
				391FA0DC2A2148700096EB59 /* OperationsInteractor.swift */,
				391FA0E62A2149720096EB59 /* OperationsInteractorIOProtocols.swift */,
			);
			path = Interactor;
			sourceTree = "<group>";
		};
		391FA0D62A2148060096EB59 /* Presenter */ = {
			isa = PBXGroup;
			children = (
				391FA0DE2A2148790096EB59 /* OperationsPresenter.swift */,
				391FA0E42A2149510096EB59 /* OperationsIOProtocols.swift */,
			);
			path = Presenter;
			sourceTree = "<group>";
		};
		391FA0D72A21480C0096EB59 /* View */ = {
			isa = PBXGroup;
			children = (
				394034582A688D5700D45D24 /* Cells */,
				391FA0E22A2148D40096EB59 /* Operations.storyboard */,
				391FA0E02A2148A20096EB59 /* OperationsViewController.swift */,
			);
			path = View;
			sourceTree = "<group>";
		};
		394034412A62C60B00D45D24 /* ViewObjects */ = {
			isa = PBXGroup;
			children = (
				394034492A685C3200D45D24 /* OperationCreationHeaderViewObject.swift */,
				3940344B2A685C7400D45D24 /* OperationCreationCategoryViewObject.swift */,
				394034532A6865F100D45D24 /* OperationCreationWalletCategoryViewObject.swift */,
				3940344D2A685C8C00D45D24 /* OperationCreationSaveButtonViewObject.swift */,
				3940344F2A685D1300D45D24 /* CashFlowTableViewCellViewObject.swift */,
			);
			path = ViewObjects;
			sourceTree = "<group>";
		};
		394034422A65B5F900D45D24 /* Cells */ = {
			isa = PBXGroup;
			children = (
				3940343F2A5F280800D45D24 /* HeaderTableViewCell.swift */,
				394034432A65B61600D45D24 /* SaveButtonTableViewCell.swift */,
				394034452A65B78B00D45D24 /* CategoryTableViewCell.swift */,
				394034512A6865B000D45D24 /* OperationCreationWalletCategoryTableViewCell.swift */,
			);
			path = Cells;
			sourceTree = "<group>";
		};
		394034552A688D0600D45D24 /* ViewObjects */ = {
			isa = PBXGroup;
			children = (
				394034562A688D2800D45D24 /* OperationsWalletsViewObject.swift */,
			);
			path = ViewObjects;
			sourceTree = "<group>";
		};
		394034582A688D5700D45D24 /* Cells */ = {
			isa = PBXGroup;
			children = (
				394034592A688D6600D45D24 /* OperationsWalletsTableViewCell.swift */,
			);
			path = Cells;
			sourceTree = "<group>";
		};
		3940345B2A6C347000D45D24 /* TabBar */ = {
			isa = PBXGroup;
			children = (
				3940345C2A6C347E00D45D24 /* TabBar.storyboard */,
				39A7D67B2A6DB9830085E861 /* TabBarViewController.swift */,
			);
			path = TabBar;
			sourceTree = "<group>";
		};
		3940345E2A6C34CB00D45D24 /* Settings */ = {
			isa = PBXGroup;
			children = (
				3940345F2A6C34DA00D45D24 /* Settings.storyboard */,
				39A7D6792A6DB6C00085E861 /* SettingsViewController.swift */,
			);
			path = Settings;
			sourceTree = "<group>";
		};
		395A7AA82A3E0E1C000A9BE2 /* OperationCreation */ = {
			isa = PBXGroup;
			children = (
				394034412A62C60B00D45D24 /* ViewObjects */,
				395A7AAC2A3E0E51000A9BE2 /* View */,
				395A7AAB2A3E0E4A000A9BE2 /* Presenter */,
				395A7AAA2A3E0E41000A9BE2 /* Interactor */,
				395A7AA92A3E0E30000A9BE2 /* Configurator */,
			);
			path = OperationCreation;
			sourceTree = "<group>";
		};
		395A7AA92A3E0E30000A9BE2 /* Configurator */ = {
			isa = PBXGroup;
			children = (
				395A7AB72A3E11F0000A9BE2 /* OperationCreationConfigurator.swift */,
				395A7AB92A3E11F6000A9BE2 /* OperationCreationInitializer.swift */,
			);
			path = Configurator;
			sourceTree = "<group>";
		};
		395A7AAA2A3E0E41000A9BE2 /* Interactor */ = {
			isa = PBXGroup;
			children = (
				395A7AB32A3E11D3000A9BE2 /* OperationCreationInteractor.swift */,
				395A7AB52A3E11E3000A9BE2 /* OperationCreationInteractorIOProtocols.swift */,
			);
			path = Interactor;
			sourceTree = "<group>";
		};
		395A7AAB2A3E0E4A000A9BE2 /* Presenter */ = {
			isa = PBXGroup;
			children = (
				395A7AAF2A3E0E9D000A9BE2 /* OperationCreationPresenter.swift */,
				395A7AB12A3E11C7000A9BE2 /* OperationCreationIOProtocols.swift */,
			);
			path = Presenter;
			sourceTree = "<group>";
		};
		395A7AAC2A3E0E51000A9BE2 /* View */ = {
			isa = PBXGroup;
			children = (
				394034422A65B5F900D45D24 /* Cells */,
				395A7AAD2A3E0E6D000A9BE2 /* OperationCreationViewController.swift */,
				395A7ABB2A3E11FD000A9BE2 /* OperationCreation.storyboard */,
			);
			path = View;
			sourceTree = "<group>";
		};
		39A7D67D2A6DCD8A0085E861 /* Router */ = {
			isa = PBXGroup;
			children = (
				39A7D67E2A6DCDA50085E861 /* ApplicationRouter.swift */,
				39A7D6802A6DCDAB0085E861 /* Router.swift */,
			);
			path = Router;
			sourceTree = "<group>";
		};
		39A7D6822A6DCE820085E861 /* Categories */ = {
			isa = PBXGroup;
			children = (
				39A7D69A2A6E9C000085E861 /* Cells */,
				39A7D6972A6E9B8A0085E861 /* ViewObjects */,
				39A7D6872A6E976B0085E861 /* View */,
				39A7D6882A6E97790085E861 /* Presenter */,
				39A7D6892A6E977E0085E861 /* Interactor */,
				39A7D68A2A6E97850085E861 /* Configurator */,
			);
			path = Categories;
			sourceTree = "<group>";
		};
		39A7D6872A6E976B0085E861 /* View */ = {
			isa = PBXGroup;
			children = (
				39A7D6832A6DCE940085E861 /* CategoryList.storyboard */,
				39A7D6852A6DCEAD0085E861 /* CategoryListViewController.swift */,
			);
			path = View;
			sourceTree = "<group>";
		};
		39A7D6882A6E97790085E861 /* Presenter */ = {
			isa = PBXGroup;
			children = (
				39A7D68B2A6E97D70085E861 /* CategoryListPresenter.swift */,
				39A7D68D2A6E97E90085E861 /* CategoryListIOProtocols.swift */,
			);
			path = Presenter;
			sourceTree = "<group>";
		};
		39A7D6892A6E977E0085E861 /* Interactor */ = {
			isa = PBXGroup;
			children = (
				39A7D68F2A6E98630085E861 /* CategoryListinteractor.swift */,
				39A7D6912A6E987A0085E861 /* CategoryListinteractorIOProtocols.swift */,
			);
			path = Interactor;
			sourceTree = "<group>";
		};
		39A7D68A2A6E97850085E861 /* Configurator */ = {
			isa = PBXGroup;
			children = (
				39A7D6932A6E98B60085E861 /* CategoryListInitializer.swift */,
				39A7D6952A6E98C60085E861 /* CategoryListConfigurator.swift */,
			);
			path = Configurator;
			sourceTree = "<group>";
		};
		39A7D6972A6E9B8A0085E861 /* ViewObjects */ = {
			isa = PBXGroup;
			children = (
				39A7D6982A6E9B9E0085E861 /* CategoryListViewObject.swift */,
			);
			path = ViewObjects;
			sourceTree = "<group>";
		};
		39A7D69A2A6E9C000085E861 /* Cells */ = {
			isa = PBXGroup;
			children = (
				39A7D69B2A6E9C110085E861 /* CategoryListTableViewCell.swift */,
			);
			path = Cells;
			sourceTree = "<group>";
		};
		39A7D69D2A6EAEC50085E861 /* Wallets */ = {
			isa = PBXGroup;
			children = (
				39A7D6AB2A6EB1140085E861 /* View */,
				39A7D6A82A6EB1000085E861 /* Presenter */,
				39A7D6A92A6EB1060085E861 /* Interactor */,
				39A7D6AA2A6EB10B0085E861 /* Configurator */,
			);
			path = Wallets;
			sourceTree = "<group>";
		};
		39A7D6A22A6EAF760085E861 /* Cells */ = {
			isa = PBXGroup;
			children = (
				39A7D6A32A6EAF830085E861 /* WalletListTableViewCell.swift */,
			);
			path = Cells;
			sourceTree = "<group>";
		};
		39A7D6A52A6EB0A60085E861 /* ViewObjects */ = {
			isa = PBXGroup;
			children = (
				39A7D6A62A6EB0C30085E861 /* WalletListViewObject.swift */,
			);
			path = ViewObjects;
			sourceTree = "<group>";
		};
		39A7D6A82A6EB1000085E861 /* Presenter */ = {
			isa = PBXGroup;
			children = (
				39A7D6AC2A6EB12B0085E861 /* WalletListPresenter.swift */,
				39A7D6AE2A6EB14A0085E861 /* WalletListIOProtocols.swift */,
			);
			path = Presenter;
			sourceTree = "<group>";
		};
		39A7D6A92A6EB1060085E861 /* Interactor */ = {
			isa = PBXGroup;
			children = (
				39A7D6B02A6EB16F0085E861 /* WalletListInteractor.swift */,
				39A7D6B22A6EB17D0085E861 /* WalletListInteractorIOProtocols.swift */,
			);
			path = Interactor;
			sourceTree = "<group>";
		};
		39A7D6AA2A6EB10B0085E861 /* Configurator */ = {
			isa = PBXGroup;
			children = (
				39A7D6B42A6EB19A0085E861 /* WalletListInitializer.swift */,
				39A7D6B62A6EB1B30085E861 /* WalletListConfigurator.swift */,
			);
			path = Configurator;
			sourceTree = "<group>";
		};
		39A7D6AB2A6EB1140085E861 /* View */ = {
			isa = PBXGroup;
			children = (
				39A7D6A52A6EB0A60085E861 /* ViewObjects */,
				39A7D6A22A6EAF760085E861 /* Cells */,
				39A7D69E2A6EAEEB0085E861 /* WalletListViewController.swift */,
				39A7D6A02A6EAF1C0085E861 /* WalletList.storyboard */,
			);
			path = View;
			sourceTree = "<group>";
		};
		39AA927C2A3A200B00F2FF30 /* Realm */ = {
			isa = PBXGroup;
			children = (
				39AA927D2A3A23E600F2FF30 /* RealmManager.swift */,
				39AA927F2A3A240600F2FF30 /* RealmManagerProtocol.swift */,
			);
			path = Realm;
			sourceTree = "<group>";
		};
		39AA92812A3A2D6F00F2FF30 /* DAO */ = {
			isa = PBXGroup;
			children = (
				39AA92822A3A2D8000F2FF30 /* OperationsRealmDAO.swift */,
				39AA92842A3A2D8C00F2FF30 /* OperationsDAO.swift */,
			);
			path = DAO;
			sourceTree = "<group>";
		};
		39AA92862A3A2DFF00F2FF30 /* Models */ = {
			isa = PBXGroup;
			children = (
				39B1C9A82A5094240065442C /* PlainObjects */,
				39B1C9A72A50941C0065442C /* RealmObjects */,
			);
			path = Models;
			sourceTree = "<group>";
		};
		39AA928B2A3A3DEA00F2FF30 /* Mappers */ = {
			isa = PBXGroup;
			children = (
				39AA928C2A3A3E1500F2FF30 /* OperationsToOperationsPOMapper.swift */,
				3940343A2A5734CB00D45D24 /* ExpensesToExpensesPOMapper.swift */,
			);
			path = Mappers;
			sourceTree = "<group>";
		};
		39AD17302A3A16B9002E9668 /* Utilities */ = {
			isa = PBXGroup;
			children = (
				39A7D67D2A6DCD8A0085E861 /* Router */,
				39AA928B2A3A3DEA00F2FF30 /* Mappers */,
				39AA92812A3A2D6F00F2FF30 /* DAO */,
				39AA927C2A3A200B00F2FF30 /* Realm */,
			);
			path = Utilities;
			sourceTree = "<group>";
		};
		39B1C9A72A50941C0065442C /* RealmObjects */ = {
			isa = PBXGroup;
			children = (
				39AA92892A3A2F8900F2FF30 /* Operation.swift */,
				39B1C9A92A5094450065442C /* Expense.swift */,
			);
			path = RealmObjects;
			sourceTree = "<group>";
		};
		39B1C9A82A5094240065442C /* PlainObjects */ = {
			isa = PBXGroup;
			children = (
				39AA92872A3A2E0700F2FF30 /* OperationPO.swift */,
				39B1C9AB2A5094FA0065442C /* ExpensePO.swift */,
			);
			path = PlainObjects;
			sourceTree = "<group>";
		};
/* End PBXGroup section */

/* Begin PBXNativeTarget section */
		391FA09E2A2135950096EB59 /* CashFlow */ = {
			isa = PBXNativeTarget;
			buildConfigurationList = 391FA0C92A2135970096EB59 /* Build configuration list for PBXNativeTarget "CashFlow" */;
			buildPhases = (
				391FA09B2A2135950096EB59 /* Sources */,
				391FA09C2A2135950096EB59 /* Frameworks */,
				391FA09D2A2135950096EB59 /* Resources */,
			);
			buildRules = (
			);
			dependencies = (
			);
			name = CashFlow;
			packageProductDependencies = (
				39AA92782A3A1AA000F2FF30 /* Realm */,
				39AA927A2A3A1AA000F2FF30 /* RealmSwift */,
			);
			productName = CashFlow;
			productReference = 391FA09F2A2135950096EB59 /* CashFlow.app */;
			productType = "com.apple.product-type.application";
		};
		391FA0B42A2135970096EB59 /* CashFlowTests */ = {
			isa = PBXNativeTarget;
			buildConfigurationList = 391FA0CC2A2135970096EB59 /* Build configuration list for PBXNativeTarget "CashFlowTests" */;
			buildPhases = (
				391FA0B12A2135970096EB59 /* Sources */,
				391FA0B22A2135970096EB59 /* Frameworks */,
				391FA0B32A2135970096EB59 /* Resources */,
			);
			buildRules = (
			);
			dependencies = (
				391FA0B72A2135970096EB59 /* PBXTargetDependency */,
			);
			name = CashFlowTests;
			productName = CashFlowTests;
			productReference = 391FA0B52A2135970096EB59 /* CashFlowTests.xctest */;
			productType = "com.apple.product-type.bundle.unit-test";
		};
		391FA0BE2A2135970096EB59 /* CashFlowUITests */ = {
			isa = PBXNativeTarget;
			buildConfigurationList = 391FA0CF2A2135970096EB59 /* Build configuration list for PBXNativeTarget "CashFlowUITests" */;
			buildPhases = (
				391FA0BB2A2135970096EB59 /* Sources */,
				391FA0BC2A2135970096EB59 /* Frameworks */,
				391FA0BD2A2135970096EB59 /* Resources */,
			);
			buildRules = (
			);
			dependencies = (
				391FA0C12A2135970096EB59 /* PBXTargetDependency */,
			);
			name = CashFlowUITests;
			productName = CashFlowUITests;
			productReference = 391FA0BF2A2135970096EB59 /* CashFlowUITests.xctest */;
			productType = "com.apple.product-type.bundle.ui-testing";
		};
/* End PBXNativeTarget section */

/* Begin PBXProject section */
		391FA0972A2135950096EB59 /* Project object */ = {
			isa = PBXProject;
			attributes = {
				BuildIndependentTargetsInParallel = 1;
				LastSwiftUpdateCheck = 1430;
				LastUpgradeCheck = 1430;
				TargetAttributes = {
					391FA09E2A2135950096EB59 = {
						CreatedOnToolsVersion = 14.3;
					};
					391FA0B42A2135970096EB59 = {
						CreatedOnToolsVersion = 14.3;
						TestTargetID = 391FA09E2A2135950096EB59;
					};
					391FA0BE2A2135970096EB59 = {
						CreatedOnToolsVersion = 14.3;
						TestTargetID = 391FA09E2A2135950096EB59;
					};
				};
			};
			buildConfigurationList = 391FA09A2A2135950096EB59 /* Build configuration list for PBXProject "CashFlow" */;
			compatibilityVersion = "Xcode 14.0";
			developmentRegion = en;
			hasScannedForEncodings = 0;
			knownRegions = (
				en,
				Base,
			);
			mainGroup = 391FA0962A2135950096EB59;
			packageReferences = (
				39AA92772A3A1AA000F2FF30 /* XCRemoteSwiftPackageReference "realm-swift" */,
			);
			productRefGroup = 391FA0A02A2135950096EB59 /* Products */;
			projectDirPath = "";
			projectRoot = "";
			targets = (
				391FA09E2A2135950096EB59 /* CashFlow */,
				391FA0B42A2135970096EB59 /* CashFlowTests */,
				391FA0BE2A2135970096EB59 /* CashFlowUITests */,
			);
		};
/* End PBXProject section */

/* Begin PBXResourcesBuildPhase section */
		391FA09D2A2135950096EB59 /* Resources */ = {
			isa = PBXResourcesBuildPhase;
			buildActionMask = 2147483647;
			files = (
				39A7D6842A6DCE940085E861 /* CategoryList.storyboard in Resources */,
				39A7D6A12A6EAF1C0085E861 /* WalletList.storyboard in Resources */,
				39A7D6782A6DB6570085E861 /* Operations.storyboard in Resources */,
				3940345D2A6C347E00D45D24 /* TabBar.storyboard in Resources */,
				395A7ABC2A3E11FD000A9BE2 /* OperationCreation.storyboard in Resources */,
				394034602A6C34DA00D45D24 /* Settings.storyboard in Resources */,
				391FA0AF2A2135970096EB59 /* LaunchScreen.storyboard in Resources */,
				391FA0AC2A2135970096EB59 /* Assets.xcassets in Resources */,
			);
			runOnlyForDeploymentPostprocessing = 0;
		};
		391FA0B32A2135970096EB59 /* Resources */ = {
			isa = PBXResourcesBuildPhase;
			buildActionMask = 2147483647;
			files = (
			);
			runOnlyForDeploymentPostprocessing = 0;
		};
		391FA0BD2A2135970096EB59 /* Resources */ = {
			isa = PBXResourcesBuildPhase;
			buildActionMask = 2147483647;
			files = (
			);
			runOnlyForDeploymentPostprocessing = 0;
		};
/* End PBXResourcesBuildPhase section */

/* Begin PBXSourcesBuildPhase section */
		391FA09B2A2135950096EB59 /* Sources */ = {
			isa = PBXSourcesBuildPhase;
			buildActionMask = 2147483647;
			files = (
				39A7D6812A6DCDAB0085E861 /* Router.swift in Sources */,
				39B1C9AA2A5094450065442C /* Expense.swift in Sources */,
				394034522A6865B000D45D24 /* OperationCreationWalletCategoryTableViewCell.swift in Sources */,
				39A7D67F2A6DCDA50085E861 /* ApplicationRouter.swift in Sources */,
				39AA927E2A3A23E600F2FF30 /* RealmManager.swift in Sources */,
				39AA92832A3A2D8000F2FF30 /* OperationsRealmDAO.swift in Sources */,
				39A7D6962A6E98C60085E861 /* CategoryListConfigurator.swift in Sources */,
				39A7D6B52A6EB19A0085E861 /* WalletListInitializer.swift in Sources */,
				3940344E2A685C8C00D45D24 /* OperationCreationSaveButtonViewObject.swift in Sources */,
				39A7D67A2A6DB6C00085E861 /* SettingsViewController.swift in Sources */,
				39A7D69F2A6EAEEB0085E861 /* WalletListViewController.swift in Sources */,
				39A7D6862A6DCEAD0085E861 /* CategoryListViewController.swift in Sources */,
				39AA92802A3A240600F2FF30 /* RealmManagerProtocol.swift in Sources */,
				395A7AB42A3E11D4000A9BE2 /* OperationCreationInteractor.swift in Sources */,
				39A7D68E2A6E97E90085E861 /* CategoryListIOProtocols.swift in Sources */,
				395A7AB02A3E0E9D000A9BE2 /* OperationCreationPresenter.swift in Sources */,
				39A7D6AF2A6EB14A0085E861 /* WalletListIOProtocols.swift in Sources */,
				395A7ABA2A3E11F6000A9BE2 /* OperationCreationInitializer.swift in Sources */,
				39A7D67C2A6DB9830085E861 /* TabBarViewController.swift in Sources */,
				394034442A65B61600D45D24 /* SaveButtonTableViewCell.swift in Sources */,
				391FA0DB2A2148610096EB59 /* OperationsInitialier.swift in Sources */,
				395A7AB82A3E11F0000A9BE2 /* OperationCreationConfigurator.swift in Sources */,
				39A7D6B12A6EB16F0085E861 /* WalletListInteractor.swift in Sources */,
				391FA0DD2A2148700096EB59 /* OperationsInteractor.swift in Sources */,
				395A7AB22A3E11C7000A9BE2 /* OperationCreationIOProtocols.swift in Sources */,
				394034542A6865F100D45D24 /* OperationCreationWalletCategoryViewObject.swift in Sources */,
				39A7D68C2A6E97D70085E861 /* CategoryListPresenter.swift in Sources */,
				39AA928A2A3A2F8900F2FF30 /* Operation.swift in Sources */,
				391FA0DF2A2148790096EB59 /* OperationsPresenter.swift in Sources */,
				39A7D6B72A6EB1B30085E861 /* WalletListConfigurator.swift in Sources */,
				39AA928D2A3A3E1500F2FF30 /* OperationsToOperationsPOMapper.swift in Sources */,
				39AA92852A3A2D8C00F2FF30 /* OperationsDAO.swift in Sources */,
				39A7D6A42A6EAF830085E861 /* WalletListTableViewCell.swift in Sources */,
				39A7D6902A6E98630085E861 /* CategoryListinteractor.swift in Sources */,
				391FA0A32A2135950096EB59 /* AppDelegate.swift in Sources */,
				395A7AB62A3E11E3000A9BE2 /* OperationCreationInteractorIOProtocols.swift in Sources */,
				39A7D6B32A6EB17D0085E861 /* WalletListInteractorIOProtocols.swift in Sources */,
				394034502A685D1300D45D24 /* CashFlowTableViewCellViewObject.swift in Sources */,
				391FA0D92A2148560096EB59 /* OperationsConfigurator.swift in Sources */,
				39A7D6942A6E98B60085E861 /* CategoryListInitializer.swift in Sources */,
				3940345A2A688D6600D45D24 /* OperationsWalletsTableViewCell.swift in Sources */,
				391FA0E72A2149720096EB59 /* OperationsInteractorIOProtocols.swift in Sources */,
				395A7AAE2A3E0E6D000A9BE2 /* OperationCreationViewController.swift in Sources */,
				394034402A5F280800D45D24 /* HeaderTableViewCell.swift in Sources */,
				39A7D69C2A6E9C110085E861 /* CategoryListTableViewCell.swift in Sources */,
				394034572A688D2800D45D24 /* OperationsWalletsViewObject.swift in Sources */,
				39A7D6A72A6EB0C30085E861 /* WalletListViewObject.swift in Sources */,
				39A7D6922A6E987A0085E861 /* CategoryListinteractorIOProtocols.swift in Sources */,
				39AA92882A3A2E0700F2FF30 /* OperationPO.swift in Sources */,
				391FA0A52A2135950096EB59 /* SceneDelegate.swift in Sources */,
				3940343B2A5734CB00D45D24 /* ExpensesToExpensesPOMapper.swift in Sources */,
				39B1C9AC2A5094FA0065442C /* ExpensePO.swift in Sources */,
				3940344C2A685C7400D45D24 /* OperationCreationCategoryViewObject.swift in Sources */,
				39A7D6992A6E9B9E0085E861 /* CategoryListViewObject.swift in Sources */,
				3940344A2A685C3200D45D24 /* OperationCreationHeaderViewObject.swift in Sources */,
				391FA0E12A2148A20096EB59 /* OperationsViewController.swift in Sources */,
				391FA0E52A2149510096EB59 /* OperationsIOProtocols.swift in Sources */,
				394034462A65B78B00D45D24 /* CategoryTableViewCell.swift in Sources */,
				39A7D6AD2A6EB12B0085E861 /* WalletListPresenter.swift in Sources */,
			);
			runOnlyForDeploymentPostprocessing = 0;
		};
		391FA0B12A2135970096EB59 /* Sources */ = {
			isa = PBXSourcesBuildPhase;
			buildActionMask = 2147483647;
			files = (
				391FA0BA2A2135970096EB59 /* CashFlowTests.swift in Sources */,
			);
			runOnlyForDeploymentPostprocessing = 0;
		};
		391FA0BB2A2135970096EB59 /* Sources */ = {
			isa = PBXSourcesBuildPhase;
			buildActionMask = 2147483647;
			files = (
				391FA0C62A2135970096EB59 /* CashFlowUITestsLaunchTests.swift in Sources */,
				391FA0C42A2135970096EB59 /* CashFlowUITests.swift in Sources */,
			);
			runOnlyForDeploymentPostprocessing = 0;
		};
/* End PBXSourcesBuildPhase section */

/* Begin PBXTargetDependency section */
		391FA0B72A2135970096EB59 /* PBXTargetDependency */ = {
			isa = PBXTargetDependency;
			target = 391FA09E2A2135950096EB59 /* CashFlow */;
			targetProxy = 391FA0B62A2135970096EB59 /* PBXContainerItemProxy */;
		};
		391FA0C12A2135970096EB59 /* PBXTargetDependency */ = {
			isa = PBXTargetDependency;
			target = 391FA09E2A2135950096EB59 /* CashFlow */;
			targetProxy = 391FA0C02A2135970096EB59 /* PBXContainerItemProxy */;
		};
/* End PBXTargetDependency section */

/* Begin PBXVariantGroup section */
		391FA0AD2A2135970096EB59 /* LaunchScreen.storyboard */ = {
			isa = PBXVariantGroup;
			children = (
				391FA0AE2A2135970096EB59 /* Base */,
			);
			name = LaunchScreen.storyboard;
			sourceTree = "<group>";
		};
/* End PBXVariantGroup section */

/* Begin XCBuildConfiguration section */
		391FA0C72A2135970096EB59 /* Debug */ = {
			isa = XCBuildConfiguration;
			buildSettings = {
				ALWAYS_SEARCH_USER_PATHS = NO;
				CLANG_ANALYZER_NONNULL = YES;
				CLANG_ANALYZER_NUMBER_OBJECT_CONVERSION = YES_AGGRESSIVE;
				CLANG_CXX_LANGUAGE_STANDARD = "gnu++20";
				CLANG_ENABLE_MODULES = YES;
				CLANG_ENABLE_OBJC_ARC = YES;
				CLANG_ENABLE_OBJC_WEAK = YES;
				CLANG_WARN_BLOCK_CAPTURE_AUTORELEASING = YES;
				CLANG_WARN_BOOL_CONVERSION = YES;
				CLANG_WARN_COMMA = YES;
				CLANG_WARN_CONSTANT_CONVERSION = YES;
				CLANG_WARN_DEPRECATED_OBJC_IMPLEMENTATIONS = YES;
				CLANG_WARN_DIRECT_OBJC_ISA_USAGE = YES_ERROR;
				CLANG_WARN_DOCUMENTATION_COMMENTS = YES;
				CLANG_WARN_EMPTY_BODY = YES;
				CLANG_WARN_ENUM_CONVERSION = YES;
				CLANG_WARN_INFINITE_RECURSION = YES;
				CLANG_WARN_INT_CONVERSION = YES;
				CLANG_WARN_NON_LITERAL_NULL_CONVERSION = YES;
				CLANG_WARN_OBJC_IMPLICIT_RETAIN_SELF = YES;
				CLANG_WARN_OBJC_LITERAL_CONVERSION = YES;
				CLANG_WARN_OBJC_ROOT_CLASS = YES_ERROR;
				CLANG_WARN_QUOTED_INCLUDE_IN_FRAMEWORK_HEADER = YES;
				CLANG_WARN_RANGE_LOOP_ANALYSIS = YES;
				CLANG_WARN_STRICT_PROTOTYPES = YES;
				CLANG_WARN_SUSPICIOUS_MOVE = YES;
				CLANG_WARN_UNGUARDED_AVAILABILITY = YES_AGGRESSIVE;
				CLANG_WARN_UNREACHABLE_CODE = YES;
				CLANG_WARN__DUPLICATE_METHOD_MATCH = YES;
				COPY_PHASE_STRIP = NO;
				DEBUG_INFORMATION_FORMAT = dwarf;
				ENABLE_STRICT_OBJC_MSGSEND = YES;
				ENABLE_TESTABILITY = YES;
				GCC_C_LANGUAGE_STANDARD = gnu11;
				GCC_DYNAMIC_NO_PIC = NO;
				GCC_NO_COMMON_BLOCKS = YES;
				GCC_OPTIMIZATION_LEVEL = 0;
				GCC_PREPROCESSOR_DEFINITIONS = (
					"DEBUG=1",
					"$(inherited)",
				);
				GCC_WARN_64_TO_32_BIT_CONVERSION = YES;
				GCC_WARN_ABOUT_RETURN_TYPE = YES_ERROR;
				GCC_WARN_UNDECLARED_SELECTOR = YES;
				GCC_WARN_UNINITIALIZED_AUTOS = YES_AGGRESSIVE;
				GCC_WARN_UNUSED_FUNCTION = YES;
				GCC_WARN_UNUSED_VARIABLE = YES;
				IPHONEOS_DEPLOYMENT_TARGET = 16.4;
				MTL_ENABLE_DEBUG_INFO = INCLUDE_SOURCE;
				MTL_FAST_MATH = YES;
				ONLY_ACTIVE_ARCH = YES;
				SDKROOT = iphoneos;
				SWIFT_ACTIVE_COMPILATION_CONDITIONS = DEBUG;
				SWIFT_OPTIMIZATION_LEVEL = "-Onone";
			};
			name = Debug;
		};
		391FA0C82A2135970096EB59 /* Release */ = {
			isa = XCBuildConfiguration;
			buildSettings = {
				ALWAYS_SEARCH_USER_PATHS = NO;
				CLANG_ANALYZER_NONNULL = YES;
				CLANG_ANALYZER_NUMBER_OBJECT_CONVERSION = YES_AGGRESSIVE;
				CLANG_CXX_LANGUAGE_STANDARD = "gnu++20";
				CLANG_ENABLE_MODULES = YES;
				CLANG_ENABLE_OBJC_ARC = YES;
				CLANG_ENABLE_OBJC_WEAK = YES;
				CLANG_WARN_BLOCK_CAPTURE_AUTORELEASING = YES;
				CLANG_WARN_BOOL_CONVERSION = YES;
				CLANG_WARN_COMMA = YES;
				CLANG_WARN_CONSTANT_CONVERSION = YES;
				CLANG_WARN_DEPRECATED_OBJC_IMPLEMENTATIONS = YES;
				CLANG_WARN_DIRECT_OBJC_ISA_USAGE = YES_ERROR;
				CLANG_WARN_DOCUMENTATION_COMMENTS = YES;
				CLANG_WARN_EMPTY_BODY = YES;
				CLANG_WARN_ENUM_CONVERSION = YES;
				CLANG_WARN_INFINITE_RECURSION = YES;
				CLANG_WARN_INT_CONVERSION = YES;
				CLANG_WARN_NON_LITERAL_NULL_CONVERSION = YES;
				CLANG_WARN_OBJC_IMPLICIT_RETAIN_SELF = YES;
				CLANG_WARN_OBJC_LITERAL_CONVERSION = YES;
				CLANG_WARN_OBJC_ROOT_CLASS = YES_ERROR;
				CLANG_WARN_QUOTED_INCLUDE_IN_FRAMEWORK_HEADER = YES;
				CLANG_WARN_RANGE_LOOP_ANALYSIS = YES;
				CLANG_WARN_STRICT_PROTOTYPES = YES;
				CLANG_WARN_SUSPICIOUS_MOVE = YES;
				CLANG_WARN_UNGUARDED_AVAILABILITY = YES_AGGRESSIVE;
				CLANG_WARN_UNREACHABLE_CODE = YES;
				CLANG_WARN__DUPLICATE_METHOD_MATCH = YES;
				COPY_PHASE_STRIP = NO;
				DEBUG_INFORMATION_FORMAT = "dwarf-with-dsym";
				ENABLE_NS_ASSERTIONS = NO;
				ENABLE_STRICT_OBJC_MSGSEND = YES;
				GCC_C_LANGUAGE_STANDARD = gnu11;
				GCC_NO_COMMON_BLOCKS = YES;
				GCC_WARN_64_TO_32_BIT_CONVERSION = YES;
				GCC_WARN_ABOUT_RETURN_TYPE = YES_ERROR;
				GCC_WARN_UNDECLARED_SELECTOR = YES;
				GCC_WARN_UNINITIALIZED_AUTOS = YES_AGGRESSIVE;
				GCC_WARN_UNUSED_FUNCTION = YES;
				GCC_WARN_UNUSED_VARIABLE = YES;
				IPHONEOS_DEPLOYMENT_TARGET = 16.4;
				MTL_ENABLE_DEBUG_INFO = NO;
				MTL_FAST_MATH = YES;
				SDKROOT = iphoneos;
				SWIFT_COMPILATION_MODE = wholemodule;
				SWIFT_OPTIMIZATION_LEVEL = "-O";
				VALIDATE_PRODUCT = YES;
			};
			name = Release;
		};
		391FA0CA2A2135970096EB59 /* Debug */ = {
			isa = XCBuildConfiguration;
			buildSettings = {
				ASSETCATALOG_COMPILER_APPICON_NAME = AppIcon;
				ASSETCATALOG_COMPILER_GLOBAL_ACCENT_COLOR_NAME = AccentColor;
				CODE_SIGN_STYLE = Automatic;
				CURRENT_PROJECT_VERSION = 1;
				DEVELOPMENT_TEAM = MCTA3N85W6;
				GENERATE_INFOPLIST_FILE = YES;
				INFOPLIST_FILE = CashFlow/Info.plist;
				INFOPLIST_KEY_UIApplicationSupportsIndirectInputEvents = YES;
				INFOPLIST_KEY_UILaunchStoryboardName = LaunchScreen;
				INFOPLIST_KEY_UIMainStoryboardFile = TabBar;
				INFOPLIST_KEY_UIStatusBarStyle = "";
				INFOPLIST_KEY_UISupportedInterfaceOrientations = UIInterfaceOrientationPortrait;
				LD_RUNPATH_SEARCH_PATHS = (
					"$(inherited)",
					"@executable_path/Frameworks",
				);
				MARKETING_VERSION = 1.0;
				PRODUCT_BUNDLE_IDENTIFIER = smagomedkadiev.CashFlow;
				PRODUCT_NAME = "$(TARGET_NAME)";
				SWIFT_EMIT_LOC_STRINGS = YES;
				SWIFT_VERSION = 5.0;
				TARGETED_DEVICE_FAMILY = "1,2";
			};
			name = Debug;
		};
		391FA0CB2A2135970096EB59 /* Release */ = {
			isa = XCBuildConfiguration;
			buildSettings = {
				ASSETCATALOG_COMPILER_APPICON_NAME = AppIcon;
				ASSETCATALOG_COMPILER_GLOBAL_ACCENT_COLOR_NAME = AccentColor;
				CODE_SIGN_STYLE = Automatic;
				CURRENT_PROJECT_VERSION = 1;
				DEVELOPMENT_TEAM = MCTA3N85W6;
				GENERATE_INFOPLIST_FILE = YES;
				INFOPLIST_FILE = CashFlow/Info.plist;
				INFOPLIST_KEY_UIApplicationSupportsIndirectInputEvents = YES;
				INFOPLIST_KEY_UILaunchStoryboardName = LaunchScreen;
				INFOPLIST_KEY_UIMainStoryboardFile = TabBar;
				INFOPLIST_KEY_UIStatusBarStyle = "";
				INFOPLIST_KEY_UISupportedInterfaceOrientations = UIInterfaceOrientationPortrait;
				LD_RUNPATH_SEARCH_PATHS = (
					"$(inherited)",
					"@executable_path/Frameworks",
				);
				MARKETING_VERSION = 1.0;
				PRODUCT_BUNDLE_IDENTIFIER = smagomedkadiev.CashFlow;
				PRODUCT_NAME = "$(TARGET_NAME)";
				SWIFT_EMIT_LOC_STRINGS = YES;
				SWIFT_VERSION = 5.0;
				TARGETED_DEVICE_FAMILY = "1,2";
			};
			name = Release;
		};
		391FA0CD2A2135970096EB59 /* Debug */ = {
			isa = XCBuildConfiguration;
			buildSettings = {
				ALWAYS_EMBED_SWIFT_STANDARD_LIBRARIES = YES;
				BUNDLE_LOADER = "$(TEST_HOST)";
				CODE_SIGN_STYLE = Automatic;
				CURRENT_PROJECT_VERSION = 1;
				DEVELOPMENT_TEAM = MCTA3N85W6;
				GENERATE_INFOPLIST_FILE = YES;
				IPHONEOS_DEPLOYMENT_TARGET = 16.4;
				MARKETING_VERSION = 1.0;
				PRODUCT_BUNDLE_IDENTIFIER = smagomedkadiev.CashFlowTests;
				PRODUCT_NAME = "$(TARGET_NAME)";
				SWIFT_EMIT_LOC_STRINGS = NO;
				SWIFT_VERSION = 5.0;
				TARGETED_DEVICE_FAMILY = "1,2";
				TEST_HOST = "$(BUILT_PRODUCTS_DIR)/CashFlow.app/$(BUNDLE_EXECUTABLE_FOLDER_PATH)/CashFlow";
			};
			name = Debug;
		};
		391FA0CE2A2135970096EB59 /* Release */ = {
			isa = XCBuildConfiguration;
			buildSettings = {
				ALWAYS_EMBED_SWIFT_STANDARD_LIBRARIES = YES;
				BUNDLE_LOADER = "$(TEST_HOST)";
				CODE_SIGN_STYLE = Automatic;
				CURRENT_PROJECT_VERSION = 1;
				DEVELOPMENT_TEAM = MCTA3N85W6;
				GENERATE_INFOPLIST_FILE = YES;
				IPHONEOS_DEPLOYMENT_TARGET = 16.4;
				MARKETING_VERSION = 1.0;
				PRODUCT_BUNDLE_IDENTIFIER = smagomedkadiev.CashFlowTests;
				PRODUCT_NAME = "$(TARGET_NAME)";
				SWIFT_EMIT_LOC_STRINGS = NO;
				SWIFT_VERSION = 5.0;
				TARGETED_DEVICE_FAMILY = "1,2";
				TEST_HOST = "$(BUILT_PRODUCTS_DIR)/CashFlow.app/$(BUNDLE_EXECUTABLE_FOLDER_PATH)/CashFlow";
			};
			name = Release;
		};
		391FA0D02A2135970096EB59 /* Debug */ = {
			isa = XCBuildConfiguration;
			buildSettings = {
				ALWAYS_EMBED_SWIFT_STANDARD_LIBRARIES = YES;
				CODE_SIGN_STYLE = Automatic;
				CURRENT_PROJECT_VERSION = 1;
				DEVELOPMENT_TEAM = MCTA3N85W6;
				GENERATE_INFOPLIST_FILE = YES;
				MARKETING_VERSION = 1.0;
				PRODUCT_BUNDLE_IDENTIFIER = smagomedkadiev.CashFlowUITests;
				PRODUCT_NAME = "$(TARGET_NAME)";
				SWIFT_EMIT_LOC_STRINGS = NO;
				SWIFT_VERSION = 5.0;
				TARGETED_DEVICE_FAMILY = "1,2";
				TEST_TARGET_NAME = CashFlow;
			};
			name = Debug;
		};
		391FA0D12A2135970096EB59 /* Release */ = {
			isa = XCBuildConfiguration;
			buildSettings = {
				ALWAYS_EMBED_SWIFT_STANDARD_LIBRARIES = YES;
				CODE_SIGN_STYLE = Automatic;
				CURRENT_PROJECT_VERSION = 1;
				DEVELOPMENT_TEAM = MCTA3N85W6;
				GENERATE_INFOPLIST_FILE = YES;
				MARKETING_VERSION = 1.0;
				PRODUCT_BUNDLE_IDENTIFIER = smagomedkadiev.CashFlowUITests;
				PRODUCT_NAME = "$(TARGET_NAME)";
				SWIFT_EMIT_LOC_STRINGS = NO;
				SWIFT_VERSION = 5.0;
				TARGETED_DEVICE_FAMILY = "1,2";
				TEST_TARGET_NAME = CashFlow;
			};
			name = Release;
		};
/* End XCBuildConfiguration section */

/* Begin XCConfigurationList section */
		391FA09A2A2135950096EB59 /* Build configuration list for PBXProject "CashFlow" */ = {
			isa = XCConfigurationList;
			buildConfigurations = (
				391FA0C72A2135970096EB59 /* Debug */,
				391FA0C82A2135970096EB59 /* Release */,
			);
			defaultConfigurationIsVisible = 0;
			defaultConfigurationName = Release;
		};
		391FA0C92A2135970096EB59 /* Build configuration list for PBXNativeTarget "CashFlow" */ = {
			isa = XCConfigurationList;
			buildConfigurations = (
				391FA0CA2A2135970096EB59 /* Debug */,
				391FA0CB2A2135970096EB59 /* Release */,
			);
			defaultConfigurationIsVisible = 0;
			defaultConfigurationName = Release;
		};
		391FA0CC2A2135970096EB59 /* Build configuration list for PBXNativeTarget "CashFlowTests" */ = {
			isa = XCConfigurationList;
			buildConfigurations = (
				391FA0CD2A2135970096EB59 /* Debug */,
				391FA0CE2A2135970096EB59 /* Release */,
			);
			defaultConfigurationIsVisible = 0;
			defaultConfigurationName = Release;
		};
		391FA0CF2A2135970096EB59 /* Build configuration list for PBXNativeTarget "CashFlowUITests" */ = {
			isa = XCConfigurationList;
			buildConfigurations = (
				391FA0D02A2135970096EB59 /* Debug */,
				391FA0D12A2135970096EB59 /* Release */,
			);
			defaultConfigurationIsVisible = 0;
			defaultConfigurationName = Release;
		};
/* End XCConfigurationList section */

/* Begin XCRemoteSwiftPackageReference section */
		39AA92772A3A1AA000F2FF30 /* XCRemoteSwiftPackageReference "realm-swift" */ = {
			isa = XCRemoteSwiftPackageReference;
			repositoryURL = "https://github.com/realm/realm-swift";
			requirement = {
				branch = master;
				kind = branch;
			};
		};
/* End XCRemoteSwiftPackageReference section */

/* Begin XCSwiftPackageProductDependency section */
		39AA92782A3A1AA000F2FF30 /* Realm */ = {
			isa = XCSwiftPackageProductDependency;
			package = 39AA92772A3A1AA000F2FF30 /* XCRemoteSwiftPackageReference "realm-swift" */;
			productName = Realm;
		};
		39AA927A2A3A1AA000F2FF30 /* RealmSwift */ = {
			isa = XCSwiftPackageProductDependency;
			package = 39AA92772A3A1AA000F2FF30 /* XCRemoteSwiftPackageReference "realm-swift" */;
			productName = RealmSwift;
		};
/* End XCSwiftPackageProductDependency section */
	};
	rootObject = 391FA0972A2135950096EB59 /* Project object */;
}
