// !$*UTF8*$!
{
	archiveVersion = 1;
	classes = {
	};
	objectVersion = 56;
	objects = {

/* Begin PBXBuildFile section */
		391FA0A32A2135950096EB59 /* AppDelegate.swift in Sources */ = {isa = PBXBuildFile; fileRef = 391FA0A22A2135950096EB59 /* AppDelegate.swift */; };
		391FA0A52A2135950096EB59 /* SceneDelegate.swift in Sources */ = {isa = PBXBuildFile; fileRef = 391FA0A42A2135950096EB59 /* SceneDelegate.swift */; };
		391FA0AC2A2135970096EB59 /* Assets.xcassets in Resources */ = {isa = PBXBuildFile; fileRef = 391FA0AB2A2135970096EB59 /* Assets.xcassets */; };
		391FA0AF2A2135970096EB59 /* LaunchScreen.storyboard in Resources */ = {isa = PBXBuildFile; fileRef = 391FA0AD2A2135970096EB59 /* LaunchScreen.storyboard */; };
		391FA0BA2A2135970096EB59 /* CashFlowTests.swift in Sources */ = {isa = PBXBuildFile; fileRef = 391FA0B92A2135970096EB59 /* CashFlowTests.swift */; };
		391FA0C42A2135970096EB59 /* CashFlowUITests.swift in Sources */ = {isa = PBXBuildFile; fileRef = 391FA0C32A2135970096EB59 /* CashFlowUITests.swift */; };
		391FA0C62A2135970096EB59 /* CashFlowUITestsLaunchTests.swift in Sources */ = {isa = PBXBuildFile; fileRef = 391FA0C52A2135970096EB59 /* CashFlowUITestsLaunchTests.swift */; };
		391FA0D92A2148560096EB59 /* OperationsConfigurator.swift in Sources */ = {isa = PBXBuildFile; fileRef = 391FA0D82A2148560096EB59 /* OperationsConfigurator.swift */; };
		391FA0DB2A2148610096EB59 /* OperationsInitialier.swift in Sources */ = {isa = PBXBuildFile; fileRef = 391FA0DA2A2148610096EB59 /* OperationsInitialier.swift */; };
		391FA0DD2A2148700096EB59 /* OperationsInteractor.swift in Sources */ = {isa = PBXBuildFile; fileRef = 391FA0DC2A2148700096EB59 /* OperationsInteractor.swift */; };
		391FA0DF2A2148790096EB59 /* OperationsPresenter.swift in Sources */ = {isa = PBXBuildFile; fileRef = 391FA0DE2A2148790096EB59 /* OperationsPresenter.swift */; };
		391FA0E12A2148A20096EB59 /* OperationsViewController.swift in Sources */ = {isa = PBXBuildFile; fileRef = 391FA0E02A2148A20096EB59 /* OperationsViewController.swift */; };
		391FA0E32A2148D40096EB59 /* Operations.storyboard in Resources */ = {isa = PBXBuildFile; fileRef = 391FA0E22A2148D40096EB59 /* Operations.storyboard */; };
		391FA0E52A2149510096EB59 /* OperationsIOProtocols.swift in Sources */ = {isa = PBXBuildFile; fileRef = 391FA0E42A2149510096EB59 /* OperationsIOProtocols.swift */; };
		391FA0E72A2149720096EB59 /* OperationsInteractorIOProtocols.swift in Sources */ = {isa = PBXBuildFile; fileRef = 391FA0E62A2149720096EB59 /* OperationsInteractorIOProtocols.swift */; };
/* End PBXBuildFile section */

/* Begin PBXContainerItemProxy section */
		391FA0B62A2135970096EB59 /* PBXContainerItemProxy */ = {
			isa = PBXContainerItemProxy;
			containerPortal = 391FA0972A2135950096EB59 /* Project object */;
			proxyType = 1;
			remoteGlobalIDString = 391FA09E2A2135950096EB59;
			remoteInfo = CashFlow;
		};
		391FA0C02A2135970096EB59 /* PBXContainerItemProxy */ = {
			isa = PBXContainerItemProxy;
			containerPortal = 391FA0972A2135950096EB59 /* Project object */;
			proxyType = 1;
			remoteGlobalIDString = 391FA09E2A2135950096EB59;
			remoteInfo = CashFlow;
		};
/* End PBXContainerItemProxy section */

/* Begin PBXFileReference section */
		391FA09F2A2135950096EB59 /* CashFlow.app */ = {isa = PBXFileReference; explicitFileType = wrapper.application; includeInIndex = 0; path = CashFlow.app; sourceTree = BUILT_PRODUCTS_DIR; };
		391FA0A22A2135950096EB59 /* AppDelegate.swift */ = {isa = PBXFileReference; lastKnownFileType = sourcecode.swift; path = AppDelegate.swift; sourceTree = "<group>"; };
		391FA0A42A2135950096EB59 /* SceneDelegate.swift */ = {isa = PBXFileReference; lastKnownFileType = sourcecode.swift; path = SceneDelegate.swift; sourceTree = "<group>"; };
		391FA0AB2A2135970096EB59 /* Assets.xcassets */ = {isa = PBXFileReference; lastKnownFileType = folder.assetcatalog; path = Assets.xcassets; sourceTree = "<group>"; };
		391FA0AE2A2135970096EB59 /* Base */ = {isa = PBXFileReference; lastKnownFileType = file.storyboard; name = Base; path = Base.lproj/LaunchScreen.storyboard; sourceTree = "<group>"; };
		391FA0B02A2135970096EB59 /* Info.plist */ = {isa = PBXFileReference; lastKnownFileType = text.plist.xml; path = Info.plist; sourceTree = "<group>"; };
		391FA0B52A2135970096EB59 /* CashFlowTests.xctest */ = {isa = PBXFileReference; explicitFileType = wrapper.cfbundle; includeInIndex = 0; path = CashFlowTests.xctest; sourceTree = BUILT_PRODUCTS_DIR; };
		391FA0B92A2135970096EB59 /* CashFlowTests.swift */ = {isa = PBXFileReference; lastKnownFileType = sourcecode.swift; path = CashFlowTests.swift; sourceTree = "<group>"; };
		391FA0BF2A2135970096EB59 /* CashFlowUITests.xctest */ = {isa = PBXFileReference; explicitFileType = wrapper.cfbundle; includeInIndex = 0; path = CashFlowUITests.xctest; sourceTree = BUILT_PRODUCTS_DIR; };
		391FA0C32A2135970096EB59 /* CashFlowUITests.swift */ = {isa = PBXFileReference; lastKnownFileType = sourcecode.swift; path = CashFlowUITests.swift; sourceTree = "<group>"; };
		391FA0C52A2135970096EB59 /* CashFlowUITestsLaunchTests.swift */ = {isa = PBXFileReference; lastKnownFileType = sourcecode.swift; path = CashFlowUITestsLaunchTests.swift; sourceTree = "<group>"; };
		391FA0D82A2148560096EB59 /* OperationsConfigurator.swift */ = {isa = PBXFileReference; lastKnownFileType = sourcecode.swift; path = OperationsConfigurator.swift; sourceTree = "<group>"; };
		391FA0DA2A2148610096EB59 /* OperationsInitialier.swift */ = {isa = PBXFileReference; lastKnownFileType = sourcecode.swift; path = OperationsInitialier.swift; sourceTree = "<group>"; };
		391FA0DC2A2148700096EB59 /* OperationsInteractor.swift */ = {isa = PBXFileReference; lastKnownFileType = sourcecode.swift; path = OperationsInteractor.swift; sourceTree = "<group>"; };
		391FA0DE2A2148790096EB59 /* OperationsPresenter.swift */ = {isa = PBXFileReference; lastKnownFileType = sourcecode.swift; path = OperationsPresenter.swift; sourceTree = "<group>"; };
		391FA0E02A2148A20096EB59 /* OperationsViewController.swift */ = {isa = PBXFileReference; lastKnownFileType = sourcecode.swift; path = OperationsViewController.swift; sourceTree = "<group>"; };
		391FA0E22A2148D40096EB59 /* Operations.storyboard */ = {isa = PBXFileReference; lastKnownFileType = file.storyboard; path = Operations.storyboard; sourceTree = "<group>"; };
		391FA0E42A2149510096EB59 /* OperationsIOProtocols.swift */ = {isa = PBXFileReference; lastKnownFileType = sourcecode.swift; path = OperationsIOProtocols.swift; sourceTree = "<group>"; };
		391FA0E62A2149720096EB59 /* OperationsInteractorIOProtocols.swift */ = {isa = PBXFileReference; lastKnownFileType = sourcecode.swift; path = OperationsInteractorIOProtocols.swift; sourceTree = "<group>"; };
/* End PBXFileReference section */

/* Begin PBXFrameworksBuildPhase section */
		391FA09C2A2135950096EB59 /* Frameworks */ = {
			isa = PBXFrameworksBuildPhase;
			buildActionMask = 2147483647;
			files = (
			);
			runOnlyForDeploymentPostprocessing = 0;
		};
		391FA0B22A2135970096EB59 /* Frameworks */ = {
			isa = PBXFrameworksBuildPhase;
			buildActionMask = 2147483647;
			files = (
			);
			runOnlyForDeploymentPostprocessing = 0;
		};
		391FA0BC2A2135970096EB59 /* Frameworks */ = {
			isa = PBXFrameworksBuildPhase;
			buildActionMask = 2147483647;
			files = (
			);
			runOnlyForDeploymentPostprocessing = 0;
		};
/* End PBXFrameworksBuildPhase section */

/* Begin PBXGroup section */
		391FA0962A2135950096EB59 = {
			isa = PBXGroup;
			children = (
				391FA0A12A2135950096EB59 /* CashFlow */,
				391FA0B82A2135970096EB59 /* CashFlowTests */,
				391FA0C22A2135970096EB59 /* CashFlowUITests */,
				391FA0A02A2135950096EB59 /* Products */,
			);
			sourceTree = "<group>";
		};
		391FA0A02A2135950096EB59 /* Products */ = {
			isa = PBXGroup;
			children = (
				391FA09F2A2135950096EB59 /* CashFlow.app */,
				391FA0B52A2135970096EB59 /* CashFlowTests.xctest */,
				391FA0BF2A2135970096EB59 /* CashFlowUITests.xctest */,
			);
			name = Products;
			sourceTree = "<group>";
		};
		391FA0A12A2135950096EB59 /* CashFlow */ = {
			isa = PBXGroup;
			children = (
				391FA0D22A2147AA0096EB59 /* Screens */,
				391FA0A22A2135950096EB59 /* AppDelegate.swift */,
				391FA0A42A2135950096EB59 /* SceneDelegate.swift */,
				391FA0AB2A2135970096EB59 /* Assets.xcassets */,
				391FA0AD2A2135970096EB59 /* LaunchScreen.storyboard */,
				391FA0B02A2135970096EB59 /* Info.plist */,
			);
			path = CashFlow;
			sourceTree = "<group>";
		};
		391FA0B82A2135970096EB59 /* CashFlowTests */ = {
			isa = PBXGroup;
			children = (
				391FA0B92A2135970096EB59 /* CashFlowTests.swift */,
			);
			path = CashFlowTests;
			sourceTree = "<group>";
		};
		391FA0C22A2135970096EB59 /* CashFlowUITests */ = {
			isa = PBXGroup;
			children = (
				391FA0C32A2135970096EB59 /* CashFlowUITests.swift */,
				391FA0C52A2135970096EB59 /* CashFlowUITestsLaunchTests.swift */,
			);
			path = CashFlowUITests;
			sourceTree = "<group>";
		};
		391FA0D22A2147AA0096EB59 /* Screens */ = {
			isa = PBXGroup;
			children = (
				391FA0D32A2147DB0096EB59 /* Operations */,
			);
			path = Screens;
			sourceTree = "<group>";
		};
		391FA0D32A2147DB0096EB59 /* Operations */ = {
			isa = PBXGroup;
			children = (
				391FA0D72A21480C0096EB59 /* View */,
				391FA0D62A2148060096EB59 /* Presenter */,
				391FA0D52A2148000096EB59 /* Interactor */,
				391FA0D42A2147ED0096EB59 /* Configurator */,
			);
			path = Operations;
			sourceTree = "<group>";
		};
		391FA0D42A2147ED0096EB59 /* Configurator */ = {
			isa = PBXGroup;
			children = (
				391FA0D82A2148560096EB59 /* OperationsConfigurator.swift */,
				391FA0DA2A2148610096EB59 /* OperationsInitialier.swift */,
			);
			path = Configurator;
			sourceTree = "<group>";
		};
		391FA0D52A2148000096EB59 /* Interactor */ = {
			isa = PBXGroup;
			children = (
				391FA0DC2A2148700096EB59 /* OperationsInteractor.swift */,
				391FA0E62A2149720096EB59 /* OperationsInteractorIOProtocols.swift */,
			);
			path = Interactor;
			sourceTree = "<group>";
		};
		391FA0D62A2148060096EB59 /* Presenter */ = {
			isa = PBXGroup;
			children = (
				391FA0DE2A2148790096EB59 /* OperationsPresenter.swift */,
				391FA0E42A2149510096EB59 /* OperationsIOProtocols.swift */,
			);
			path = Presenter;
			sourceTree = "<group>";
		};
		391FA0D72A21480C0096EB59 /* View */ = {
			isa = PBXGroup;
			children = (
				391FA0E02A2148A20096EB59 /* OperationsViewController.swift */,
				391FA0E22A2148D40096EB59 /* Operations.storyboard */,
			);
			path = View;
			sourceTree = "<group>";
		};
/* End PBXGroup section */

/* Begin PBXNativeTarget section */
		391FA09E2A2135950096EB59 /* CashFlow */ = {
			isa = PBXNativeTarget;
			buildConfigurationList = 391FA0C92A2135970096EB59 /* Build configuration list for PBXNativeTarget "CashFlow" */;
			buildPhases = (
				391FA09B2A2135950096EB59 /* Sources */,
				391FA09C2A2135950096EB59 /* Frameworks */,
				391FA09D2A2135950096EB59 /* Resources */,
			);
			buildRules = (
			);
			dependencies = (
			);
			name = CashFlow;
			productName = CashFlow;
			productReference = 391FA09F2A2135950096EB59 /* CashFlow.app */;
			productType = "com.apple.product-type.application";
		};
		391FA0B42A2135970096EB59 /* CashFlowTests */ = {
			isa = PBXNativeTarget;
			buildConfigurationList = 391FA0CC2A2135970096EB59 /* Build configuration list for PBXNativeTarget "CashFlowTests" */;
			buildPhases = (
				391FA0B12A2135970096EB59 /* Sources */,
				391FA0B22A2135970096EB59 /* Frameworks */,
				391FA0B32A2135970096EB59 /* Resources */,
			);
			buildRules = (
			);
			dependencies = (
				391FA0B72A2135970096EB59 /* PBXTargetDependency */,
			);
			name = CashFlowTests;
			productName = CashFlowTests;
			productReference = 391FA0B52A2135970096EB59 /* CashFlowTests.xctest */;
			productType = "com.apple.product-type.bundle.unit-test";
		};
		391FA0BE2A2135970096EB59 /* CashFlowUITests */ = {
			isa = PBXNativeTarget;
			buildConfigurationList = 391FA0CF2A2135970096EB59 /* Build configuration list for PBXNativeTarget "CashFlowUITests" */;
			buildPhases = (
				391FA0BB2A2135970096EB59 /* Sources */,
				391FA0BC2A2135970096EB59 /* Frameworks */,
				391FA0BD2A2135970096EB59 /* Resources */,
			);
			buildRules = (
			);
			dependencies = (
				391FA0C12A2135970096EB59 /* PBXTargetDependency */,
			);
			name = CashFlowUITests;
			productName = CashFlowUITests;
			productReference = 391FA0BF2A2135970096EB59 /* CashFlowUITests.xctest */;
			productType = "com.apple.product-type.bundle.ui-testing";
		};
/* End PBXNativeTarget section */

/* Begin PBXProject section */
		391FA0972A2135950096EB59 /* Project object */ = {
			isa = PBXProject;
			attributes = {
				BuildIndependentTargetsInParallel = 1;
				LastSwiftUpdateCheck = 1430;
				LastUpgradeCheck = 1430;
				TargetAttributes = {
					391FA09E2A2135950096EB59 = {
						CreatedOnToolsVersion = 14.3;
					};
					391FA0B42A2135970096EB59 = {
						CreatedOnToolsVersion = 14.3;
						TestTargetID = 391FA09E2A2135950096EB59;
					};
					391FA0BE2A2135970096EB59 = {
						CreatedOnToolsVersion = 14.3;
						TestTargetID = 391FA09E2A2135950096EB59;
					};
				};
			};
			buildConfigurationList = 391FA09A2A2135950096EB59 /* Build configuration list for PBXProject "CashFlow" */;
			compatibilityVersion = "Xcode 14.0";
			developmentRegion = en;
			hasScannedForEncodings = 0;
			knownRegions = (
				en,
				Base,
			);
			mainGroup = 391FA0962A2135950096EB59;
			productRefGroup = 391FA0A02A2135950096EB59 /* Products */;
			projectDirPath = "";
			projectRoot = "";
			targets = (
				391FA09E2A2135950096EB59 /* CashFlow */,
				391FA0B42A2135970096EB59 /* CashFlowTests */,
				391FA0BE2A2135970096EB59 /* CashFlowUITests */,
			);
		};
/* End PBXProject section */

/* Begin PBXResourcesBuildPhase section */
		391FA09D2A2135950096EB59 /* Resources */ = {
			isa = PBXResourcesBuildPhase;
			buildActionMask = 2147483647;
			files = (
				391FA0E32A2148D40096EB59 /* Operations.storyboard in Resources */,
				391FA0AF2A2135970096EB59 /* LaunchScreen.storyboard in Resources */,
				391FA0AC2A2135970096EB59 /* Assets.xcassets in Resources */,
			);
			runOnlyForDeploymentPostprocessing = 0;
		};
		391FA0B32A2135970096EB59 /* Resources */ = {
			isa = PBXResourcesBuildPhase;
			buildActionMask = 2147483647;
			files = (
			);
			runOnlyForDeploymentPostprocessing = 0;
		};
		391FA0BD2A2135970096EB59 /* Resources */ = {
			isa = PBXResourcesBuildPhase;
			buildActionMask = 2147483647;
			files = (
			);
			runOnlyForDeploymentPostprocessing = 0;
		};
/* End PBXResourcesBuildPhase section */

/* Begin PBXSourcesBuildPhase section */
		391FA09B2A2135950096EB59 /* Sources */ = {
			isa = PBXSourcesBuildPhase;
			buildActionMask = 2147483647;
			files = (
				391FA0DB2A2148610096EB59 /* OperationsInitialier.swift in Sources */,
				391FA0DD2A2148700096EB59 /* OperationsInteractor.swift in Sources */,
				391FA0DF2A2148790096EB59 /* OperationsPresenter.swift in Sources */,
				391FA0A32A2135950096EB59 /* AppDelegate.swift in Sources */,
				391FA0D92A2148560096EB59 /* OperationsConfigurator.swift in Sources */,
				391FA0E72A2149720096EB59 /* OperationsInteractorIOProtocols.swift in Sources */,
				391FA0A52A2135950096EB59 /* SceneDelegate.swift in Sources */,
				391FA0E12A2148A20096EB59 /* OperationsViewController.swift in Sources */,
				391FA0E52A2149510096EB59 /* OperationsIOProtocols.swift in Sources */,
			);
			runOnlyForDeploymentPostprocessing = 0;
		};
		391FA0B12A2135970096EB59 /* Sources */ = {
			isa = PBXSourcesBuildPhase;
			buildActionMask = 2147483647;
			files = (
				391FA0BA2A2135970096EB59 /* CashFlowTests.swift in Sources */,
			);
			runOnlyForDeploymentPostprocessing = 0;
		};
		391FA0BB2A2135970096EB59 /* Sources */ = {
			isa = PBXSourcesBuildPhase;
			buildActionMask = 2147483647;
			files = (
				391FA0C62A2135970096EB59 /* CashFlowUITestsLaunchTests.swift in Sources */,
				391FA0C42A2135970096EB59 /* CashFlowUITests.swift in Sources */,
			);
			runOnlyForDeploymentPostprocessing = 0;
		};
/* End PBXSourcesBuildPhase section */

/* Begin PBXTargetDependency section */
		391FA0B72A2135970096EB59 /* PBXTargetDependency */ = {
			isa = PBXTargetDependency;
			target = 391FA09E2A2135950096EB59 /* CashFlow */;
			targetProxy = 391FA0B62A2135970096EB59 /* PBXContainerItemProxy */;
		};
		391FA0C12A2135970096EB59 /* PBXTargetDependency */ = {
			isa = PBXTargetDependency;
			target = 391FA09E2A2135950096EB59 /* CashFlow */;
			targetProxy = 391FA0C02A2135970096EB59 /* PBXContainerItemProxy */;
		};
/* End PBXTargetDependency section */

/* Begin PBXVariantGroup section */
		391FA0AD2A2135970096EB59 /* LaunchScreen.storyboard */ = {
			isa = PBXVariantGroup;
			children = (
				391FA0AE2A2135970096EB59 /* Base */,
			);
			name = LaunchScreen.storyboard;
			sourceTree = "<group>";
		};
/* End PBXVariantGroup section */

/* Begin XCBuildConfiguration section */
		391FA0C72A2135970096EB59 /* Debug */ = {
			isa = XCBuildConfiguration;
			buildSettings = {
				ALWAYS_SEARCH_USER_PATHS = NO;
				CLANG_ANALYZER_NONNULL = YES;
				CLANG_ANALYZER_NUMBER_OBJECT_CONVERSION = YES_AGGRESSIVE;
				CLANG_CXX_LANGUAGE_STANDARD = "gnu++20";
				CLANG_ENABLE_MODULES = YES;
				CLANG_ENABLE_OBJC_ARC = YES;
				CLANG_ENABLE_OBJC_WEAK = YES;
				CLANG_WARN_BLOCK_CAPTURE_AUTORELEASING = YES;
				CLANG_WARN_BOOL_CONVERSION = YES;
				CLANG_WARN_COMMA = YES;
				CLANG_WARN_CONSTANT_CONVERSION = YES;
				CLANG_WARN_DEPRECATED_OBJC_IMPLEMENTATIONS = YES;
				CLANG_WARN_DIRECT_OBJC_ISA_USAGE = YES_ERROR;
				CLANG_WARN_DOCUMENTATION_COMMENTS = YES;
				CLANG_WARN_EMPTY_BODY = YES;
				CLANG_WARN_ENUM_CONVERSION = YES;
				CLANG_WARN_INFINITE_RECURSION = YES;
				CLANG_WARN_INT_CONVERSION = YES;
				CLANG_WARN_NON_LITERAL_NULL_CONVERSION = YES;
				CLANG_WARN_OBJC_IMPLICIT_RETAIN_SELF = YES;
				CLANG_WARN_OBJC_LITERAL_CONVERSION = YES;
				CLANG_WARN_OBJC_ROOT_CLASS = YES_ERROR;
				CLANG_WARN_QUOTED_INCLUDE_IN_FRAMEWORK_HEADER = YES;
				CLANG_WARN_RANGE_LOOP_ANALYSIS = YES;
				CLANG_WARN_STRICT_PROTOTYPES = YES;
				CLANG_WARN_SUSPICIOUS_MOVE = YES;
				CLANG_WARN_UNGUARDED_AVAILABILITY = YES_AGGRESSIVE;
				CLANG_WARN_UNREACHABLE_CODE = YES;
				CLANG_WARN__DUPLICATE_METHOD_MATCH = YES;
				COPY_PHASE_STRIP = NO;
				DEBUG_INFORMATION_FORMAT = dwarf;
				ENABLE_STRICT_OBJC_MSGSEND = YES;
				ENABLE_TESTABILITY = YES;
				GCC_C_LANGUAGE_STANDARD = gnu11;
				GCC_DYNAMIC_NO_PIC = NO;
				GCC_NO_COMMON_BLOCKS = YES;
				GCC_OPTIMIZATION_LEVEL = 0;
				GCC_PREPROCESSOR_DEFINITIONS = (
					"DEBUG=1",
					"$(inherited)",
				);
				GCC_WARN_64_TO_32_BIT_CONVERSION = YES;
				GCC_WARN_ABOUT_RETURN_TYPE = YES_ERROR;
				GCC_WARN_UNDECLARED_SELECTOR = YES;
				GCC_WARN_UNINITIALIZED_AUTOS = YES_AGGRESSIVE;
				GCC_WARN_UNUSED_FUNCTION = YES;
				GCC_WARN_UNUSED_VARIABLE = YES;
				IPHONEOS_DEPLOYMENT_TARGET = 16.4;
				MTL_ENABLE_DEBUG_INFO = INCLUDE_SOURCE;
				MTL_FAST_MATH = YES;
				ONLY_ACTIVE_ARCH = YES;
				SDKROOT = iphoneos;
				SWIFT_ACTIVE_COMPILATION_CONDITIONS = DEBUG;
				SWIFT_OPTIMIZATION_LEVEL = "-Onone";
			};
			name = Debug;
		};
		391FA0C82A2135970096EB59 /* Release */ = {
			isa = XCBuildConfiguration;
			buildSettings = {
				ALWAYS_SEARCH_USER_PATHS = NO;
				CLANG_ANALYZER_NONNULL = YES;
				CLANG_ANALYZER_NUMBER_OBJECT_CONVERSION = YES_AGGRESSIVE;
				CLANG_CXX_LANGUAGE_STANDARD = "gnu++20";
				CLANG_ENABLE_MODULES = YES;
				CLANG_ENABLE_OBJC_ARC = YES;
				CLANG_ENABLE_OBJC_WEAK = YES;
				CLANG_WARN_BLOCK_CAPTURE_AUTORELEASING = YES;
				CLANG_WARN_BOOL_CONVERSION = YES;
				CLANG_WARN_COMMA = YES;
				CLANG_WARN_CONSTANT_CONVERSION = YES;
				CLANG_WARN_DEPRECATED_OBJC_IMPLEMENTATIONS = YES;
				CLANG_WARN_DIRECT_OBJC_ISA_USAGE = YES_ERROR;
				CLANG_WARN_DOCUMENTATION_COMMENTS = YES;
				CLANG_WARN_EMPTY_BODY = YES;
				CLANG_WARN_ENUM_CONVERSION = YES;
				CLANG_WARN_INFINITE_RECURSION = YES;
				CLANG_WARN_INT_CONVERSION = YES;
				CLANG_WARN_NON_LITERAL_NULL_CONVERSION = YES;
				CLANG_WARN_OBJC_IMPLICIT_RETAIN_SELF = YES;
				CLANG_WARN_OBJC_LITERAL_CONVERSION = YES;
				CLANG_WARN_OBJC_ROOT_CLASS = YES_ERROR;
				CLANG_WARN_QUOTED_INCLUDE_IN_FRAMEWORK_HEADER = YES;
				CLANG_WARN_RANGE_LOOP_ANALYSIS = YES;
				CLANG_WARN_STRICT_PROTOTYPES = YES;
				CLANG_WARN_SUSPICIOUS_MOVE = YES;
				CLANG_WARN_UNGUARDED_AVAILABILITY = YES_AGGRESSIVE;
				CLANG_WARN_UNREACHABLE_CODE = YES;
				CLANG_WARN__DUPLICATE_METHOD_MATCH = YES;
				COPY_PHASE_STRIP = NO;
				DEBUG_INFORMATION_FORMAT = "dwarf-with-dsym";
				ENABLE_NS_ASSERTIONS = NO;
				ENABLE_STRICT_OBJC_MSGSEND = YES;
				GCC_C_LANGUAGE_STANDARD = gnu11;
				GCC_NO_COMMON_BLOCKS = YES;
				GCC_WARN_64_TO_32_BIT_CONVERSION = YES;
				GCC_WARN_ABOUT_RETURN_TYPE = YES_ERROR;
				GCC_WARN_UNDECLARED_SELECTOR = YES;
				GCC_WARN_UNINITIALIZED_AUTOS = YES_AGGRESSIVE;
				GCC_WARN_UNUSED_FUNCTION = YES;
				GCC_WARN_UNUSED_VARIABLE = YES;
				IPHONEOS_DEPLOYMENT_TARGET = 16.4;
				MTL_ENABLE_DEBUG_INFO = NO;
				MTL_FAST_MATH = YES;
				SDKROOT = iphoneos;
				SWIFT_COMPILATION_MODE = wholemodule;
				SWIFT_OPTIMIZATION_LEVEL = "-O";
				VALIDATE_PRODUCT = YES;
			};
			name = Release;
		};
		391FA0CA2A2135970096EB59 /* Debug */ = {
			isa = XCBuildConfiguration;
			buildSettings = {
				ASSETCATALOG_COMPILER_APPICON_NAME = AppIcon;
				ASSETCATALOG_COMPILER_GLOBAL_ACCENT_COLOR_NAME = AccentColor;
				CODE_SIGN_STYLE = Automatic;
				CURRENT_PROJECT_VERSION = 1;
				DEVELOPMENT_TEAM = MCTA3N85W6;
				GENERATE_INFOPLIST_FILE = YES;
				INFOPLIST_FILE = CashFlow/Info.plist;
				INFOPLIST_KEY_UIApplicationSupportsIndirectInputEvents = YES;
				INFOPLIST_KEY_UILaunchStoryboardName = LaunchScreen;
				INFOPLIST_KEY_UIMainStoryboardFile = Operations;
				INFOPLIST_KEY_UISupportedInterfaceOrientations_iPad = "UIInterfaceOrientationPortrait UIInterfaceOrientationPortraitUpsideDown UIInterfaceOrientationLandscapeLeft UIInterfaceOrientationLandscapeRight";
				INFOPLIST_KEY_UISupportedInterfaceOrientations_iPhone = "UIInterfaceOrientationPortrait UIInterfaceOrientationLandscapeLeft UIInterfaceOrientationLandscapeRight";
				LD_RUNPATH_SEARCH_PATHS = (
					"$(inherited)",
					"@executable_path/Frameworks",
				);
				MARKETING_VERSION = 1.0;
				PRODUCT_BUNDLE_IDENTIFIER = smagomedkadiev.CashFlow;
				PRODUCT_NAME = "$(TARGET_NAME)";
				SWIFT_EMIT_LOC_STRINGS = YES;
				SWIFT_VERSION = 5.0;
				TARGETED_DEVICE_FAMILY = "1,2";
			};
			name = Debug;
		};
		391FA0CB2A2135970096EB59 /* Release */ = {
			isa = XCBuildConfiguration;
			buildSettings = {
				ASSETCATALOG_COMPILER_APPICON_NAME = AppIcon;
				ASSETCATALOG_COMPILER_GLOBAL_ACCENT_COLOR_NAME = AccentColor;
				CODE_SIGN_STYLE = Automatic;
				CURRENT_PROJECT_VERSION = 1;
				DEVELOPMENT_TEAM = MCTA3N85W6;
				GENERATE_INFOPLIST_FILE = YES;
				INFOPLIST_FILE = CashFlow/Info.plist;
				INFOPLIST_KEY_UIApplicationSupportsIndirectInputEvents = YES;
				INFOPLIST_KEY_UILaunchStoryboardName = LaunchScreen;
				INFOPLIST_KEY_UIMainStoryboardFile = Operations;
				INFOPLIST_KEY_UISupportedInterfaceOrientations_iPad = "UIInterfaceOrientationPortrait UIInterfaceOrientationPortraitUpsideDown UIInterfaceOrientationLandscapeLeft UIInterfaceOrientationLandscapeRight";
				INFOPLIST_KEY_UISupportedInterfaceOrientations_iPhone = "UIInterfaceOrientationPortrait UIInterfaceOrientationLandscapeLeft UIInterfaceOrientationLandscapeRight";
				LD_RUNPATH_SEARCH_PATHS = (
					"$(inherited)",
					"@executable_path/Frameworks",
				);
				MARKETING_VERSION = 1.0;
				PRODUCT_BUNDLE_IDENTIFIER = smagomedkadiev.CashFlow;
				PRODUCT_NAME = "$(TARGET_NAME)";
				SWIFT_EMIT_LOC_STRINGS = YES;
				SWIFT_VERSION = 5.0;
				TARGETED_DEVICE_FAMILY = "1,2";
			};
			name = Release;
		};
		391FA0CD2A2135970096EB59 /* Debug */ = {
			isa = XCBuildConfiguration;
			buildSettings = {
				ALWAYS_EMBED_SWIFT_STANDARD_LIBRARIES = YES;
				BUNDLE_LOADER = "$(TEST_HOST)";
				CODE_SIGN_STYLE = Automatic;
				CURRENT_PROJECT_VERSION = 1;
				DEVELOPMENT_TEAM = MCTA3N85W6;
				GENERATE_INFOPLIST_FILE = YES;
				IPHONEOS_DEPLOYMENT_TARGET = 16.4;
				MARKETING_VERSION = 1.0;
				PRODUCT_BUNDLE_IDENTIFIER = smagomedkadiev.CashFlowTests;
				PRODUCT_NAME = "$(TARGET_NAME)";
				SWIFT_EMIT_LOC_STRINGS = NO;
				SWIFT_VERSION = 5.0;
				TARGETED_DEVICE_FAMILY = "1,2";
				TEST_HOST = "$(BUILT_PRODUCTS_DIR)/CashFlow.app/$(BUNDLE_EXECUTABLE_FOLDER_PATH)/CashFlow";
			};
			name = Debug;
		};
		391FA0CE2A2135970096EB59 /* Release */ = {
			isa = XCBuildConfiguration;
			buildSettings = {
				ALWAYS_EMBED_SWIFT_STANDARD_LIBRARIES = YES;
				BUNDLE_LOADER = "$(TEST_HOST)";
				CODE_SIGN_STYLE = Automatic;
				CURRENT_PROJECT_VERSION = 1;
				DEVELOPMENT_TEAM = MCTA3N85W6;
				GENERATE_INFOPLIST_FILE = YES;
				IPHONEOS_DEPLOYMENT_TARGET = 16.4;
				MARKETING_VERSION = 1.0;
				PRODUCT_BUNDLE_IDENTIFIER = smagomedkadiev.CashFlowTests;
				PRODUCT_NAME = "$(TARGET_NAME)";
				SWIFT_EMIT_LOC_STRINGS = NO;
				SWIFT_VERSION = 5.0;
				TARGETED_DEVICE_FAMILY = "1,2";
				TEST_HOST = "$(BUILT_PRODUCTS_DIR)/CashFlow.app/$(BUNDLE_EXECUTABLE_FOLDER_PATH)/CashFlow";
			};
			name = Release;
		};
		391FA0D02A2135970096EB59 /* Debug */ = {
			isa = XCBuildConfiguration;
			buildSettings = {
				ALWAYS_EMBED_SWIFT_STANDARD_LIBRARIES = YES;
				CODE_SIGN_STYLE = Automatic;
				CURRENT_PROJECT_VERSION = 1;
				DEVELOPMENT_TEAM = MCTA3N85W6;
				GENERATE_INFOPLIST_FILE = YES;
				MARKETING_VERSION = 1.0;
				PRODUCT_BUNDLE_IDENTIFIER = smagomedkadiev.CashFlowUITests;
				PRODUCT_NAME = "$(TARGET_NAME)";
				SWIFT_EMIT_LOC_STRINGS = NO;
				SWIFT_VERSION = 5.0;
				TARGETED_DEVICE_FAMILY = "1,2";
				TEST_TARGET_NAME = CashFlow;
			};
			name = Debug;
		};
		391FA0D12A2135970096EB59 /* Release */ = {
			isa = XCBuildConfiguration;
			buildSettings = {
				ALWAYS_EMBED_SWIFT_STANDARD_LIBRARIES = YES;
				CODE_SIGN_STYLE = Automatic;
				CURRENT_PROJECT_VERSION = 1;
				DEVELOPMENT_TEAM = MCTA3N85W6;
				GENERATE_INFOPLIST_FILE = YES;
				MARKETING_VERSION = 1.0;
				PRODUCT_BUNDLE_IDENTIFIER = smagomedkadiev.CashFlowUITests;
				PRODUCT_NAME = "$(TARGET_NAME)";
				SWIFT_EMIT_LOC_STRINGS = NO;
				SWIFT_VERSION = 5.0;
				TARGETED_DEVICE_FAMILY = "1,2";
				TEST_TARGET_NAME = CashFlow;
			};
			name = Release;
		};
/* End XCBuildConfiguration section */

/* Begin XCConfigurationList section */
		391FA09A2A2135950096EB59 /* Build configuration list for PBXProject "CashFlow" */ = {
			isa = XCConfigurationList;
			buildConfigurations = (
				391FA0C72A2135970096EB59 /* Debug */,
				391FA0C82A2135970096EB59 /* Release */,
			);
			defaultConfigurationIsVisible = 0;
			defaultConfigurationName = Release;
		};
		391FA0C92A2135970096EB59 /* Build configuration list for PBXNativeTarget "CashFlow" */ = {
			isa = XCConfigurationList;
			buildConfigurations = (
				391FA0CA2A2135970096EB59 /* Debug */,
				391FA0CB2A2135970096EB59 /* Release */,
			);
			defaultConfigurationIsVisible = 0;
			defaultConfigurationName = Release;
		};
		391FA0CC2A2135970096EB59 /* Build configuration list for PBXNativeTarget "CashFlowTests" */ = {
			isa = XCConfigurationList;
			buildConfigurations = (
				391FA0CD2A2135970096EB59 /* Debug */,
				391FA0CE2A2135970096EB59 /* Release */,
			);
			defaultConfigurationIsVisible = 0;
			defaultConfigurationName = Release;
		};
		391FA0CF2A2135970096EB59 /* Build configuration list for PBXNativeTarget "CashFlowUITests" */ = {
			isa = XCConfigurationList;
			buildConfigurations = (
				391FA0D02A2135970096EB59 /* Debug */,
				391FA0D12A2135970096EB59 /* Release */,
			);
			defaultConfigurationIsVisible = 0;
			defaultConfigurationName = Release;
		};
/* End XCConfigurationList section */
	};
	rootObject = 391FA0972A2135950096EB59 /* Project object */;
}
